
Microsoft Visual Studio Solution File, Format Version 12.00
# Visual Studio 15
VisualStudioVersion = 15.0.28010.2050
MinimumVisualStudioVersion = 10.0.40219.1
Project("{FAE04EC0-301F-11D3-BF4B-00C04F79EFBC}") = "RealTimeFilteringDemos.Android", "RealTimeFilteringDemos\Android\RealTimeFilteringDemos.Android.csproj", "{47477D14-1758-41E4-B03A-C43A57B1A5FF}"
EndProject
Project("{FAE04EC0-301F-11D3-BF4B-00C04F79EFBC}") = "RealTimeFilteringDemos.iOS", "RealTimeFilteringDemos\iOS\RealTimeFilteringDemos.iOS.csproj", "{54C4987C-8539-4626-8C1B-CDD095B11B87}"
EndProject
Project("{FAE04EC0-301F-11D3-BF4B-00C04F79EFBC}") = "RealTimeFilteringDemos.UWP", "RealTimeFilteringDemos\UWP\RealTimeFilteringDemos.UWP.csproj", "{736FB192-70EC-4097-8C47-90A57A78801F}"
EndProject
Project("{FAE04EC0-301F-11D3-BF4B-00C04F79EFBC}") = "RealTimeFilteringDemos.Portable", "RealTimeFilteringDemos\Portable\RealTimeFilteringDemos.Portable.csproj", "{E7196EC9-C4D9-4E7D-B7EA-C205357B481F}"
EndProject
Global
	GlobalSection(SolutionConfigurationPlatforms) = preSolution
		Ad-Hoc|Any CPU = Ad-Hoc|Any CPU
		Ad-Hoc|ARM = Ad-Hoc|ARM
		Ad-Hoc|iPhone = Ad-Hoc|iPhone
		Ad-Hoc|iPhoneSimulator = Ad-Hoc|iPhoneSimulator
		Ad-Hoc|x64 = Ad-Hoc|x64
		Ad-Hoc|x86 = Ad-Hoc|x86
		AppStore|Any CPU = AppStore|Any CPU
		AppStore|ARM = AppStore|ARM
		AppStore|iPhone = AppStore|iPhone
		AppStore|iPhoneSimulator = AppStore|iPhoneSimulator
		AppStore|x64 = AppStore|x64
		AppStore|x86 = AppStore|x86
		Debug|Any CPU = Debug|Any CPU
		Debug|ARM = Debug|ARM
		Debug|iPhone = Debug|iPhone
		Debug|iPhoneSimulator = Debug|iPhoneSimulator
		Debug|x64 = Debug|x64
		Debug|x86 = Debug|x86
		Release|Any CPU = Release|Any CPU
		Release|ARM = Release|ARM
		Release|iPhone = Release|iPhone
		Release|iPhoneSimulator = Release|iPhoneSimulator
		Release|x64 = Release|x64
		Release|x86 = Release|x86
	EndGlobalSection
	GlobalSection(ProjectConfigurationPlatforms) = postSolution
		{47477D14-1758-41E4-B03A-C43A57B1A5FF}.Ad-Hoc|Any CPU.ActiveCfg = Release|Any CPU
		{47477D14-1758-41E4-B03A-C43A57B1A5FF}.Ad-Hoc|Any CPU.Build.0 = Release|Any CPU
		{47477D14-1758-41E4-B03A-C43A57B1A5FF}.Ad-Hoc|Any CPU.Deploy.0 = Release|Any CPU
		{47477D14-1758-41E4-B03A-C43A57B1A5FF}.Ad-Hoc|ARM.ActiveCfg = Release|Any CPU
		{47477D14-1758-41E4-B03A-C43A57B1A5FF}.Ad-Hoc|ARM.Build.0 = Release|Any CPU
		{47477D14-1758-41E4-B03A-C43A57B1A5FF}.Ad-Hoc|ARM.Deploy.0 = Release|Any CPU
		{47477D14-1758-41E4-B03A-C43A57B1A5FF}.Ad-Hoc|iPhone.ActiveCfg = Release|Any CPU
		{47477D14-1758-41E4-B03A-C43A57B1A5FF}.Ad-Hoc|iPhone.Build.0 = Release|Any CPU
		{47477D14-1758-41E4-B03A-C43A57B1A5FF}.Ad-Hoc|iPhone.Deploy.0 = Release|Any CPU
		{47477D14-1758-41E4-B03A-C43A57B1A5FF}.Ad-Hoc|iPhoneSimulator.ActiveCfg = Release|Any CPU
		{47477D14-1758-41E4-B03A-C43A57B1A5FF}.Ad-Hoc|iPhoneSimulator.Build.0 = Release|Any CPU
		{47477D14-1758-41E4-B03A-C43A57B1A5FF}.Ad-Hoc|iPhoneSimulator.Deploy.0 = Release|Any CPU
		{47477D14-1758-41E4-B03A-C43A57B1A5FF}.Ad-Hoc|x64.ActiveCfg = Release|Any CPU
		{47477D14-1758-41E4-B03A-C43A57B1A5FF}.Ad-Hoc|x64.Build.0 = Release|Any CPU
		{47477D14-1758-41E4-B03A-C43A57B1A5FF}.Ad-Hoc|x64.Deploy.0 = Release|Any CPU
		{47477D14-1758-41E4-B03A-C43A57B1A5FF}.Ad-Hoc|x86.ActiveCfg = Release|Any CPU
		{47477D14-1758-41E4-B03A-C43A57B1A5FF}.Ad-Hoc|x86.Build.0 = Release|Any CPU
		{47477D14-1758-41E4-B03A-C43A57B1A5FF}.Ad-Hoc|x86.Deploy.0 = Release|Any CPU
		{47477D14-1758-41E4-B03A-C43A57B1A5FF}.AppStore|Any CPU.ActiveCfg = Release|Any CPU
		{47477D14-1758-41E4-B03A-C43A57B1A5FF}.AppStore|Any CPU.Build.0 = Release|Any CPU
		{47477D14-1758-41E4-B03A-C43A57B1A5FF}.AppStore|Any CPU.Deploy.0 = Release|Any CPU
		{47477D14-1758-41E4-B03A-C43A57B1A5FF}.AppStore|ARM.ActiveCfg = Release|Any CPU
		{47477D14-1758-41E4-B03A-C43A57B1A5FF}.AppStore|ARM.Build.0 = Release|Any CPU
		{47477D14-1758-41E4-B03A-C43A57B1A5FF}.AppStore|ARM.Deploy.0 = Release|Any CPU
		{47477D14-1758-41E4-B03A-C43A57B1A5FF}.AppStore|iPhone.ActiveCfg = Release|Any CPU
		{47477D14-1758-41E4-B03A-C43A57B1A5FF}.AppStore|iPhone.Build.0 = Release|Any CPU
		{47477D14-1758-41E4-B03A-C43A57B1A5FF}.AppStore|iPhone.Deploy.0 = Release|Any CPU
		{47477D14-1758-41E4-B03A-C43A57B1A5FF}.AppStore|iPhoneSimulator.ActiveCfg = Release|Any CPU
		{47477D14-1758-41E4-B03A-C43A57B1A5FF}.AppStore|iPhoneSimulator.Build.0 = Release|Any CPU
		{47477D14-1758-41E4-B03A-C43A57B1A5FF}.AppStore|iPhoneSimulator.Deploy.0 = Release|Any CPU
		{47477D14-1758-41E4-B03A-C43A57B1A5FF}.AppStore|x64.ActiveCfg = Release|Any CPU
		{47477D14-1758-41E4-B03A-C43A57B1A5FF}.AppStore|x64.Build.0 = Release|Any CPU
		{47477D14-1758-41E4-B03A-C43A57B1A5FF}.AppStore|x64.Deploy.0 = Release|Any CPU
		{47477D14-1758-41E4-B03A-C43A57B1A5FF}.AppStore|x86.ActiveCfg = Release|Any CPU
		{47477D14-1758-41E4-B03A-C43A57B1A5FF}.AppStore|x86.Build.0 = Release|Any CPU
		{47477D14-1758-41E4-B03A-C43A57B1A5FF}.AppStore|x86.Deploy.0 = Release|Any CPU
		{47477D14-1758-41E4-B03A-C43A57B1A5FF}.Debug|Any CPU.ActiveCfg = Debug|Any CPU
		{47477D14-1758-41E4-B03A-C43A57B1A5FF}.Debug|Any CPU.Build.0 = Debug|Any CPU
		{47477D14-1758-41E4-B03A-C43A57B1A5FF}.Debug|Any CPU.Deploy.0 = Debug|Any CPU
		{47477D14-1758-41E4-B03A-C43A57B1A5FF}.Debug|ARM.ActiveCfg = Debug|Any CPU
		{47477D14-1758-41E4-B03A-C43A57B1A5FF}.Debug|ARM.Build.0 = Debug|Any CPU
		{47477D14-1758-41E4-B03A-C43A57B1A5FF}.Debug|ARM.Deploy.0 = Debug|Any CPU
		{47477D14-1758-41E4-B03A-C43A57B1A5FF}.Debug|iPhone.ActiveCfg = Debug|Any CPU
		{47477D14-1758-41E4-B03A-C43A57B1A5FF}.Debug|iPhone.Build.0 = Debug|Any CPU
		{47477D14-1758-41E4-B03A-C43A57B1A5FF}.Debug|iPhone.Deploy.0 = Debug|Any CPU
		{47477D14-1758-41E4-B03A-C43A57B1A5FF}.Debug|iPhoneSimulator.ActiveCfg = Debug|Any CPU
		{47477D14-1758-41E4-B03A-C43A57B1A5FF}.Debug|iPhoneSimulator.Build.0 = Debug|Any CPU
		{47477D14-1758-41E4-B03A-C43A57B1A5FF}.Debug|iPhoneSimulator.Deploy.0 = Debug|Any CPU
		{47477D14-1758-41E4-B03A-C43A57B1A5FF}.Debug|x64.ActiveCfg = Debug|Any CPU
		{47477D14-1758-41E4-B03A-C43A57B1A5FF}.Debug|x64.Build.0 = Debug|Any CPU
		{47477D14-1758-41E4-B03A-C43A57B1A5FF}.Debug|x64.Deploy.0 = Debug|Any CPU
		{47477D14-1758-41E4-B03A-C43A57B1A5FF}.Debug|x86.ActiveCfg = Debug|Any CPU
		{47477D14-1758-41E4-B03A-C43A57B1A5FF}.Debug|x86.Build.0 = Debug|Any CPU
		{47477D14-1758-41E4-B03A-C43A57B1A5FF}.Debug|x86.Deploy.0 = Debug|Any CPU
		{47477D14-1758-41E4-B03A-C43A57B1A5FF}.Release|Any CPU.ActiveCfg = Release|Any CPU
		{47477D14-1758-41E4-B03A-C43A57B1A5FF}.Release|Any CPU.Build.0 = Release|Any CPU
		{47477D14-1758-41E4-B03A-C43A57B1A5FF}.Release|Any CPU.Deploy.0 = Release|Any CPU
		{47477D14-1758-41E4-B03A-C43A57B1A5FF}.Release|ARM.ActiveCfg = Release|Any CPU
		{47477D14-1758-41E4-B03A-C43A57B1A5FF}.Release|ARM.Build.0 = Release|Any CPU
		{47477D14-1758-41E4-B03A-C43A57B1A5FF}.Release|ARM.Deploy.0 = Release|Any CPU
		{47477D14-1758-41E4-B03A-C43A57B1A5FF}.Release|iPhone.ActiveCfg = Release|Any CPU
		{47477D14-1758-41E4-B03A-C43A57B1A5FF}.Release|iPhone.Build.0 = Release|Any CPU
		{47477D14-1758-41E4-B03A-C43A57B1A5FF}.Release|iPhone.Deploy.0 = Release|Any CPU
		{47477D14-1758-41E4-B03A-C43A57B1A5FF}.Release|iPhoneSimulator.ActiveCfg = Release|Any CPU
		{47477D14-1758-41E4-B03A-C43A57B1A5FF}.Release|iPhoneSimulator.Build.0 = Release|Any CPU
		{47477D14-1758-41E4-B03A-C43A57B1A5FF}.Release|iPhoneSimulator.Deploy.0 = Release|Any CPU
		{47477D14-1758-41E4-B03A-C43A57B1A5FF}.Release|x64.ActiveCfg = Release|Any CPU
		{47477D14-1758-41E4-B03A-C43A57B1A5FF}.Release|x64.Build.0 = Release|Any CPU
		{47477D14-1758-41E4-B03A-C43A57B1A5FF}.Release|x64.Deploy.0 = Release|Any CPU
		{47477D14-1758-41E4-B03A-C43A57B1A5FF}.Release|x86.ActiveCfg = Release|Any CPU
		{47477D14-1758-41E4-B03A-C43A57B1A5FF}.Release|x86.Build.0 = Release|Any CPU
		{47477D14-1758-41E4-B03A-C43A57B1A5FF}.Release|x86.Deploy.0 = Release|Any CPU
		{54C4987C-8539-4626-8C1B-CDD095B11B87}.Ad-Hoc|Any CPU.ActiveCfg = Ad-Hoc|iPhone
		{54C4987C-8539-4626-8C1B-CDD095B11B87}.Ad-Hoc|ARM.ActiveCfg = Ad-Hoc|iPhone
		{54C4987C-8539-4626-8C1B-CDD095B11B87}.Ad-Hoc|iPhone.ActiveCfg = Ad-Hoc|iPhone
		{54C4987C-8539-4626-8C1B-CDD095B11B87}.Ad-Hoc|iPhone.Build.0 = Ad-Hoc|iPhone
		{54C4987C-8539-4626-8C1B-CDD095B11B87}.Ad-Hoc|iPhoneSimulator.ActiveCfg = Ad-Hoc|iPhoneSimulator
		{54C4987C-8539-4626-8C1B-CDD095B11B87}.Ad-Hoc|iPhoneSimulator.Build.0 = Ad-Hoc|iPhoneSimulator
		{54C4987C-8539-4626-8C1B-CDD095B11B87}.Ad-Hoc|x64.ActiveCfg = Ad-Hoc|iPhone
		{54C4987C-8539-4626-8C1B-CDD095B11B87}.Ad-Hoc|x86.ActiveCfg = Ad-Hoc|iPhone
		{54C4987C-8539-4626-8C1B-CDD095B11B87}.AppStore|Any CPU.ActiveCfg = AppStore|iPhone
		{54C4987C-8539-4626-8C1B-CDD095B11B87}.AppStore|ARM.ActiveCfg = AppStore|iPhone
		{54C4987C-8539-4626-8C1B-CDD095B11B87}.AppStore|iPhone.ActiveCfg = AppStore|iPhone
		{54C4987C-8539-4626-8C1B-CDD095B11B87}.AppStore|iPhone.Build.0 = AppStore|iPhone
		{54C4987C-8539-4626-8C1B-CDD095B11B87}.AppStore|iPhoneSimulator.ActiveCfg = AppStore|iPhoneSimulator
		{54C4987C-8539-4626-8C1B-CDD095B11B87}.AppStore|iPhoneSimulator.Build.0 = AppStore|iPhoneSimulator
		{54C4987C-8539-4626-8C1B-CDD095B11B87}.AppStore|x64.ActiveCfg = AppStore|iPhone
		{54C4987C-8539-4626-8C1B-CDD095B11B87}.AppStore|x86.ActiveCfg = AppStore|iPhone
		{54C4987C-8539-4626-8C1B-CDD095B11B87}.Debug|Any CPU.ActiveCfg = Debug|iPhone
		{54C4987C-8539-4626-8C1B-CDD095B11B87}.Debug|ARM.ActiveCfg = Debug|iPhone
		{54C4987C-8539-4626-8C1B-CDD095B11B87}.Debug|iPhone.ActiveCfg = Debug|iPhone
		{54C4987C-8539-4626-8C1B-CDD095B11B87}.Debug|iPhone.Build.0 = Debug|iPhone
		{54C4987C-8539-4626-8C1B-CDD095B11B87}.Debug|iPhoneSimulator.ActiveCfg = Debug|iPhoneSimulator
		{54C4987C-8539-4626-8C1B-CDD095B11B87}.Debug|iPhoneSimulator.Build.0 = Debug|iPhoneSimulator
		{54C4987C-8539-4626-8C1B-CDD095B11B87}.Debug|x64.ActiveCfg = Debug|iPhone
		{54C4987C-8539-4626-8C1B-CDD095B11B87}.Debug|x86.ActiveCfg = Debug|iPhone
		{54C4987C-8539-4626-8C1B-CDD095B11B87}.Release|Any CPU.ActiveCfg = Release|iPhone
		{54C4987C-8539-4626-8C1B-CDD095B11B87}.Release|ARM.ActiveCfg = Release|iPhone
		{54C4987C-8539-4626-8C1B-CDD095B11B87}.Release|iPhone.ActiveCfg = Release|iPhone
		{54C4987C-8539-4626-8C1B-CDD095B11B87}.Release|iPhone.Build.0 = Release|iPhone
		{54C4987C-8539-4626-8C1B-CDD095B11B87}.Release|iPhoneSimulator.ActiveCfg = Release|iPhoneSimulator
		{54C4987C-8539-4626-8C1B-CDD095B11B87}.Release|iPhoneSimulator.Build.0 = Release|iPhoneSimulator
		{54C4987C-8539-4626-8C1B-CDD095B11B87}.Release|x64.ActiveCfg = Release|iPhone
		{54C4987C-8539-4626-8C1B-CDD095B11B87}.Release|x86.ActiveCfg = Release|iPhone
		{736FB192-70EC-4097-8C47-90A57A78801F}.Ad-Hoc|Any CPU.ActiveCfg = Release|x86
		{736FB192-70EC-4097-8C47-90A57A78801F}.Ad-Hoc|Any CPU.Build.0 = Release|x86
		{736FB192-70EC-4097-8C47-90A57A78801F}.Ad-Hoc|Any CPU.Deploy.0 = Release|x86
		{736FB192-70EC-4097-8C47-90A57A78801F}.Ad-Hoc|ARM.ActiveCfg = Release|ARM
		{736FB192-70EC-4097-8C47-90A57A78801F}.Ad-Hoc|ARM.Build.0 = Release|ARM
		{736FB192-70EC-4097-8C47-90A57A78801F}.Ad-Hoc|ARM.Deploy.0 = Release|ARM
		{736FB192-70EC-4097-8C47-90A57A78801F}.Ad-Hoc|iPhone.ActiveCfg = Release|x86
		{736FB192-70EC-4097-8C47-90A57A78801F}.Ad-Hoc|iPhone.Build.0 = Release|x86
		{736FB192-70EC-4097-8C47-90A57A78801F}.Ad-Hoc|iPhone.Deploy.0 = Release|x86
		{736FB192-70EC-4097-8C47-90A57A78801F}.Ad-Hoc|iPhoneSimulator.ActiveCfg = Release|x86
		{736FB192-70EC-4097-8C47-90A57A78801F}.Ad-Hoc|iPhoneSimulator.Build.0 = Release|x86
		{736FB192-70EC-4097-8C47-90A57A78801F}.Ad-Hoc|iPhoneSimulator.Deploy.0 = Release|x86
		{736FB192-70EC-4097-8C47-90A57A78801F}.Ad-Hoc|x64.ActiveCfg = Release|x64
		{736FB192-70EC-4097-8C47-90A57A78801F}.Ad-Hoc|x64.Build.0 = Release|x64
		{736FB192-70EC-4097-8C47-90A57A78801F}.Ad-Hoc|x64.Deploy.0 = Release|x64
		{736FB192-70EC-4097-8C47-90A57A78801F}.Ad-Hoc|x86.ActiveCfg = Release|x86
		{736FB192-70EC-4097-8C47-90A57A78801F}.Ad-Hoc|x86.Build.0 = Release|x86
		{736FB192-70EC-4097-8C47-90A57A78801F}.Ad-Hoc|x86.Deploy.0 = Release|x86
		{736FB192-70EC-4097-8C47-90A57A78801F}.AppStore|Any CPU.ActiveCfg = Release|x86
		{736FB192-70EC-4097-8C47-90A57A78801F}.AppStore|Any CPU.Build.0 = Release|x86
		{736FB192-70EC-4097-8C47-90A57A78801F}.AppStore|Any CPU.Deploy.0 = Release|x86
		{736FB192-70EC-4097-8C47-90A57A78801F}.AppStore|ARM.ActiveCfg = Release|ARM
		{736FB192-70EC-4097-8C47-90A57A78801F}.AppStore|ARM.Build.0 = Release|ARM
		{736FB192-70EC-4097-8C47-90A57A78801F}.AppStore|ARM.Deploy.0 = Release|ARM
		{736FB192-70EC-4097-8C47-90A57A78801F}.AppStore|iPhone.ActiveCfg = Release|x86
		{736FB192-70EC-4097-8C47-90A57A78801F}.AppStore|iPhone.Build.0 = Release|x86
		{736FB192-70EC-4097-8C47-90A57A78801F}.AppStore|iPhone.Deploy.0 = Release|x86
		{736FB192-70EC-4097-8C47-90A57A78801F}.AppStore|iPhoneSimulator.ActiveCfg = Release|x86
		{736FB192-70EC-4097-8C47-90A57A78801F}.AppStore|iPhoneSimulator.Build.0 = Release|x86
		{736FB192-70EC-4097-8C47-90A57A78801F}.AppStore|iPhoneSimulator.Deploy.0 = Release|x86
		{736FB192-70EC-4097-8C47-90A57A78801F}.AppStore|x64.ActiveCfg = Release|x64
		{736FB192-70EC-4097-8C47-90A57A78801F}.AppStore|x64.Build.0 = Release|x64
		{736FB192-70EC-4097-8C47-90A57A78801F}.AppStore|x64.Deploy.0 = Release|x64
		{736FB192-70EC-4097-8C47-90A57A78801F}.AppStore|x86.ActiveCfg = Release|x86
		{736FB192-70EC-4097-8C47-90A57A78801F}.AppStore|x86.Build.0 = Release|x86
		{736FB192-70EC-4097-8C47-90A57A78801F}.AppStore|x86.Deploy.0 = Release|x86
		{736FB192-70EC-4097-8C47-90A57A78801F}.Debug|Any CPU.ActiveCfg = Debug|x86
		{736FB192-70EC-4097-8C47-90A57A78801F}.Debug|ARM.ActiveCfg = Debug|ARM
		{736FB192-70EC-4097-8C47-90A57A78801F}.Debug|ARM.Build.0 = Debug|ARM
		{736FB192-70EC-4097-8C47-90A57A78801F}.Debug|ARM.Deploy.0 = Debug|ARM
		{736FB192-70EC-4097-8C47-90A57A78801F}.Debug|iPhone.ActiveCfg = Debug|x86
		{736FB192-70EC-4097-8C47-90A57A78801F}.Debug|iPhoneSimulator.ActiveCfg = Debug|x86
		{736FB192-70EC-4097-8C47-90A57A78801F}.Debug|x64.ActiveCfg = Debug|x64
		{736FB192-70EC-4097-8C47-90A57A78801F}.Debug|x64.Build.0 = Debug|x64
		{736FB192-70EC-4097-8C47-90A57A78801F}.Debug|x64.Deploy.0 = Debug|x64
		{736FB192-70EC-4097-8C47-90A57A78801F}.Debug|x86.ActiveCfg = Debug|x86
		{736FB192-70EC-4097-8C47-90A57A78801F}.Debug|x86.Build.0 = Debug|x86
		{736FB192-70EC-4097-8C47-90A57A78801F}.Debug|x86.Deploy.0 = Debug|x86
		{736FB192-70EC-4097-8C47-90A57A78801F}.Release|Any CPU.ActiveCfg = Release|x86
		{736FB192-70EC-4097-8C47-90A57A78801F}.Release|ARM.ActiveCfg = Release|ARM
		{736FB192-70EC-4097-8C47-90A57A78801F}.Release|ARM.Build.0 = Release|ARM
		{736FB192-70EC-4097-8C47-90A57A78801F}.Release|ARM.Deploy.0 = Release|ARM
		{736FB192-70EC-4097-8C47-90A57A78801F}.Release|iPhone.ActiveCfg = Release|x86
		{736FB192-70EC-4097-8C47-90A57A78801F}.Release|iPhoneSimulator.ActiveCfg = Release|x86
		{736FB192-70EC-4097-8C47-90A57A78801F}.Release|x64.ActiveCfg = Release|x64
		{736FB192-70EC-4097-8C47-90A57A78801F}.Release|x64.Build.0 = Release|x64
		{736FB192-70EC-4097-8C47-90A57A78801F}.Release|x64.Deploy.0 = Release|x64
		{736FB192-70EC-4097-8C47-90A57A78801F}.Release|x86.ActiveCfg = Release|x86
		{736FB192-70EC-4097-8C47-90A57A78801F}.Release|x86.Build.0 = Release|x86
		{736FB192-70EC-4097-8C47-90A57A78801F}.Release|x86.Deploy.0 = Release|x86
		{E7196EC9-C4D9-4E7D-B7EA-C205357B481F}.Ad-Hoc|Any CPU.ActiveCfg = Debug|Any CPU
		{E7196EC9-C4D9-4E7D-B7EA-C205357B481F}.Ad-Hoc|Any CPU.Build.0 = Debug|Any CPU
		{E7196EC9-C4D9-4E7D-B7EA-C205357B481F}.Ad-Hoc|ARM.ActiveCfg = Debug|Any CPU
		{E7196EC9-C4D9-4E7D-B7EA-C205357B481F}.Ad-Hoc|ARM.Build.0 = Debug|Any CPU
		{E7196EC9-C4D9-4E7D-B7EA-C205357B481F}.Ad-Hoc|iPhone.ActiveCfg = Debug|Any CPU
		{E7196EC9-C4D9-4E7D-B7EA-C205357B481F}.Ad-Hoc|iPhone.Build.0 = Debug|Any CPU
		{E7196EC9-C4D9-4E7D-B7EA-C205357B481F}.Ad-Hoc|iPhoneSimulator.ActiveCfg = Debug|Any CPU
		{E7196EC9-C4D9-4E7D-B7EA-C205357B481F}.Ad-Hoc|iPhoneSimulator.Build.0 = Debug|Any CPU
		{E7196EC9-C4D9-4E7D-B7EA-C205357B481F}.Ad-Hoc|x64.ActiveCfg = Debug|Any CPU
		{E7196EC9-C4D9-4E7D-B7EA-C205357B481F}.Ad-Hoc|x64.Build.0 = Debug|Any CPU
		{E7196EC9-C4D9-4E7D-B7EA-C205357B481F}.Ad-Hoc|x86.ActiveCfg = Debug|Any CPU
		{E7196EC9-C4D9-4E7D-B7EA-C205357B481F}.Ad-Hoc|x86.Build.0 = Debug|Any CPU
		{E7196EC9-C4D9-4E7D-B7EA-C205357B481F}.AppStore|Any CPU.ActiveCfg = Debug|Any CPU
		{E7196EC9-C4D9-4E7D-B7EA-C205357B481F}.AppStore|Any CPU.Build.0 = Debug|Any CPU
		{E7196EC9-C4D9-4E7D-B7EA-C205357B481F}.AppStore|ARM.ActiveCfg = Debug|Any CPU
		{E7196EC9-C4D9-4E7D-B7EA-C205357B481F}.AppStore|ARM.Build.0 = Debug|Any CPU
		{E7196EC9-C4D9-4E7D-B7EA-C205357B481F}.AppStore|iPhone.ActiveCfg = Debug|Any CPU
		{E7196EC9-C4D9-4E7D-B7EA-C205357B481F}.AppStore|iPhone.Build.0 = Debug|Any CPU
		{E7196EC9-C4D9-4E7D-B7EA-C205357B481F}.AppStore|iPhoneSimulator.ActiveCfg = Debug|Any CPU
		{E7196EC9-C4D9-4E7D-B7EA-C205357B481F}.AppStore|iPhoneSimulator.Build.0 = Debug|Any CPU
		{E7196EC9-C4D9-4E7D-B7EA-C205357B481F}.AppStore|x64.ActiveCfg = Debug|Any CPU
		{E7196EC9-C4D9-4E7D-B7EA-C205357B481F}.AppStore|x64.Build.0 = Debug|Any CPU
		{E7196EC9-C4D9-4E7D-B7EA-C205357B481F}.AppStore|x86.ActiveCfg = Debug|Any CPU
		{E7196EC9-C4D9-4E7D-B7EA-C205357B481F}.AppStore|x86.Build.0 = Debug|Any CPU
		{E7196EC9-C4D9-4E7D-B7EA-C205357B481F}.Debug|Any CPU.ActiveCfg = Debug|Any CPU
		{E7196EC9-C4D9-4E7D-B7EA-C205357B481F}.Debug|Any CPU.Build.0 = Debug|Any CPU
		{E7196EC9-C4D9-4E7D-B7EA-C205357B481F}.Debug|ARM.ActiveCfg = Debug|Any CPU
		{E7196EC9-C4D9-4E7D-B7EA-C205357B481F}.Debug|ARM.Build.0 = Debug|Any CPU
		{E7196EC9-C4D9-4E7D-B7EA-C205357B481F}.Debug|iPhone.ActiveCfg = Debug|Any CPU
		{E7196EC9-C4D9-4E7D-B7EA-C205357B481F}.Debug|iPhone.Build.0 = Debug|Any CPU
		{E7196EC9-C4D9-4E7D-B7EA-C205357B481F}.Debug|iPhoneSimulator.ActiveCfg = Debug|Any CPU
		{E7196EC9-C4D9-4E7D-B7EA-C205357B481F}.Debug|iPhoneSimulator.Build.0 = Debug|Any CPU
		{E7196EC9-C4D9-4E7D-B7EA-C205357B481F}.Debug|x64.ActiveCfg = Debug|Any CPU
		{E7196EC9-C4D9-4E7D-B7EA-C205357B481F}.Debug|x64.Build.0 = Debug|Any CPU
		{E7196EC9-C4D9-4E7D-B7EA-C205357B481F}.Debug|x86.ActiveCfg = Debug|Any CPU
		{E7196EC9-C4D9-4E7D-B7EA-C205357B481F}.Debug|x86.Build.0 = Debug|Any CPU
		{E7196EC9-C4D9-4E7D-B7EA-C205357B481F}.Release|Any CPU.ActiveCfg = Release|Any CPU
		{E7196EC9-C4D9-4E7D-B7EA-C205357B481F}.Release|Any CPU.Build.0 = Release|Any CPU
		{E7196EC9-C4D9-4E7D-B7EA-C205357B481F}.Release|ARM.ActiveCfg = Release|Any CPU
		{E7196EC9-C4D9-4E7D-B7EA-C205357B481F}.Release|ARM.Build.0 = Release|Any CPU
		{E7196EC9-C4D9-4E7D-B7EA-C205357B481F}.Release|iPhone.ActiveCfg = Release|Any CPU
		{E7196EC9-C4D9-4E7D-B7EA-C205357B481F}.Release|iPhone.Build.0 = Release|Any CPU
		{E7196EC9-C4D9-4E7D-B7EA-C205357B481F}.Release|iPhoneSimulator.ActiveCfg = Release|Any CPU
		{E7196EC9-C4D9-4E7D-B7EA-C205357B481F}.Release|iPhoneSimulator.Build.0 = Release|Any CPU
		{E7196EC9-C4D9-4E7D-B7EA-C205357B481F}.Release|x64.ActiveCfg = Release|Any CPU
		{E7196EC9-C4D9-4E7D-B7EA-C205357B481F}.Release|x64.Build.0 = Release|Any CPU
		{E7196EC9-C4D9-4E7D-B7EA-C205357B481F}.Release|x86.ActiveCfg = Release|Any CPU
		{E7196EC9-C4D9-4E7D-B7EA-C205357B481F}.Release|x86.Build.0 = Release|Any CPU
	EndGlobalSection
	GlobalSection(SolutionProperties) = preSolution
		HideSolutionNode = FALSE
	EndGlobalSection
	GlobalSection(ExtensibilityGlobals) = postSolution
		SolutionGuid = {5EE97274-D621-4A8A-AE58-C5BD12FD1C48}
	EndGlobalSection
EndGlobal
