
Microsoft Visual Studio Solution File, Format Version 12.00
# Visual Studio Version 16
VisualStudioVersion = 16.0.29728.190
MinimumVisualStudioVersion = 10.0.40219.1
Project("{FAE04EC0-301F-11D3-BF4B-00C04F79EFBC}") = "SegmentedCustomControl.Android", "SegmentedCustomControl\Android\SegmentedCustomControl.Android.csproj", "{B8B4EAC7-98D7-4C50-B4AB-0201202EE4D7}"
EndProject
Project("{FAE04EC0-301F-11D3-BF4B-00C04F79EFBC}") = "SegmentedCustomControl.iOS", "SegmentedCustomControl\iOS\SegmentedCustomControl.iOS.csproj", "{4F6E9EA7-5D9A-401D-B7FB-84E502845726}"
EndProject
Project("{FAE04EC0-301F-11D3-BF4B-00C04F79EFBC}") = "SegmentedCustomControl.UWP", "SegmentedCustomControl\UWP\SegmentedCustomControl.UWP.csproj", "{6C621D83-3096-454D-A997-90E2E61CEF51}"
EndProject
Project("{FAE04EC0-301F-11D3-BF4B-00C04F79EFBC}") = "SegmentedCustomControl.Portable", "SegmentedCustomControl\Portable\SegmentedCustomControl.Portable.csproj", "{08A6644E-5745-4806-9481-6FA27AF47C49}"
EndProject
Global
	GlobalSection(SolutionConfigurationPlatforms) = preSolution
		Ad-Hoc|Any CPU = Ad-Hoc|Any CPU
		Ad-Hoc|ARM = Ad-Hoc|ARM
		Ad-Hoc|iPhone = Ad-Hoc|iPhone
		Ad-Hoc|iPhoneSimulator = Ad-Hoc|iPhoneSimulator
		Ad-Hoc|x64 = Ad-Hoc|x64
		Ad-Hoc|x86 = Ad-Hoc|x86
		AppStore|Any CPU = AppStore|Any CPU
		AppStore|ARM = AppStore|ARM
		AppStore|iPhone = AppStore|iPhone
		AppStore|iPhoneSimulator = AppStore|iPhoneSimulator
		AppStore|x64 = AppStore|x64
		AppStore|x86 = AppStore|x86
		Debug|Any CPU = Debug|Any CPU
		Debug|ARM = Debug|ARM
		Debug|iPhone = Debug|iPhone
		Debug|iPhoneSimulator = Debug|iPhoneSimulator
		Debug|x64 = Debug|x64
		Debug|x86 = Debug|x86
		Release|Any CPU = Release|Any CPU
		Release|ARM = Release|ARM
		Release|iPhone = Release|iPhone
		Release|iPhoneSimulator = Release|iPhoneSimulator
		Release|x64 = Release|x64
		Release|x86 = Release|x86
	EndGlobalSection
	GlobalSection(ProjectConfigurationPlatforms) = postSolution
		{B8B4EAC7-98D7-4C50-B4AB-0201202EE4D7}.Ad-Hoc|Any CPU.ActiveCfg = Release|Any CPU
		{B8B4EAC7-98D7-4C50-B4AB-0201202EE4D7}.Ad-Hoc|Any CPU.Build.0 = Release|Any CPU
		{B8B4EAC7-98D7-4C50-B4AB-0201202EE4D7}.Ad-Hoc|Any CPU.Deploy.0 = Release|Any CPU
		{B8B4EAC7-98D7-4C50-B4AB-0201202EE4D7}.Ad-Hoc|ARM.ActiveCfg = Release|Any CPU
		{B8B4EAC7-98D7-4C50-B4AB-0201202EE4D7}.Ad-Hoc|ARM.Build.0 = Release|Any CPU
		{B8B4EAC7-98D7-4C50-B4AB-0201202EE4D7}.Ad-Hoc|ARM.Deploy.0 = Release|Any CPU
		{B8B4EAC7-98D7-4C50-B4AB-0201202EE4D7}.Ad-Hoc|iPhone.ActiveCfg = Release|Any CPU
		{B8B4EAC7-98D7-4C50-B4AB-0201202EE4D7}.Ad-Hoc|iPhone.Build.0 = Release|Any CPU
		{B8B4EAC7-98D7-4C50-B4AB-0201202EE4D7}.Ad-Hoc|iPhone.Deploy.0 = Release|Any CPU
		{B8B4EAC7-98D7-4C50-B4AB-0201202EE4D7}.Ad-Hoc|iPhoneSimulator.ActiveCfg = Release|Any CPU
		{B8B4EAC7-98D7-4C50-B4AB-0201202EE4D7}.Ad-Hoc|iPhoneSimulator.Build.0 = Release|Any CPU
		{B8B4EAC7-98D7-4C50-B4AB-0201202EE4D7}.Ad-Hoc|iPhoneSimulator.Deploy.0 = Release|Any CPU
		{B8B4EAC7-98D7-4C50-B4AB-0201202EE4D7}.Ad-Hoc|x64.ActiveCfg = Release|Any CPU
		{B8B4EAC7-98D7-4C50-B4AB-0201202EE4D7}.Ad-Hoc|x64.Build.0 = Release|Any CPU
		{B8B4EAC7-98D7-4C50-B4AB-0201202EE4D7}.Ad-Hoc|x64.Deploy.0 = Release|Any CPU
		{B8B4EAC7-98D7-4C50-B4AB-0201202EE4D7}.Ad-Hoc|x86.ActiveCfg = Release|Any CPU
		{B8B4EAC7-98D7-4C50-B4AB-0201202EE4D7}.Ad-Hoc|x86.Build.0 = Release|Any CPU
		{B8B4EAC7-98D7-4C50-B4AB-0201202EE4D7}.Ad-Hoc|x86.Deploy.0 = Release|Any CPU
		{B8B4EAC7-98D7-4C50-B4AB-0201202EE4D7}.AppStore|Any CPU.ActiveCfg = Release|Any CPU
		{B8B4EAC7-98D7-4C50-B4AB-0201202EE4D7}.AppStore|Any CPU.Build.0 = Release|Any CPU
		{B8B4EAC7-98D7-4C50-B4AB-0201202EE4D7}.AppStore|Any CPU.Deploy.0 = Release|Any CPU
		{B8B4EAC7-98D7-4C50-B4AB-0201202EE4D7}.AppStore|ARM.ActiveCfg = Release|Any CPU
		{B8B4EAC7-98D7-4C50-B4AB-0201202EE4D7}.AppStore|ARM.Build.0 = Release|Any CPU
		{B8B4EAC7-98D7-4C50-B4AB-0201202EE4D7}.AppStore|ARM.Deploy.0 = Release|Any CPU
		{B8B4EAC7-98D7-4C50-B4AB-0201202EE4D7}.AppStore|iPhone.ActiveCfg = Release|Any CPU
		{B8B4EAC7-98D7-4C50-B4AB-0201202EE4D7}.AppStore|iPhone.Build.0 = Release|Any CPU
		{B8B4EAC7-98D7-4C50-B4AB-0201202EE4D7}.AppStore|iPhone.Deploy.0 = Release|Any CPU
		{B8B4EAC7-98D7-4C50-B4AB-0201202EE4D7}.AppStore|iPhoneSimulator.ActiveCfg = Release|Any CPU
		{B8B4EAC7-98D7-4C50-B4AB-0201202EE4D7}.AppStore|iPhoneSimulator.Build.0 = Release|Any CPU
		{B8B4EAC7-98D7-4C50-B4AB-0201202EE4D7}.AppStore|iPhoneSimulator.Deploy.0 = Release|Any CPU
		{B8B4EAC7-98D7-4C50-B4AB-0201202EE4D7}.AppStore|x64.ActiveCfg = Release|Any CPU
		{B8B4EAC7-98D7-4C50-B4AB-0201202EE4D7}.AppStore|x64.Build.0 = Release|Any CPU
		{B8B4EAC7-98D7-4C50-B4AB-0201202EE4D7}.AppStore|x64.Deploy.0 = Release|Any CPU
		{B8B4EAC7-98D7-4C50-B4AB-0201202EE4D7}.AppStore|x86.ActiveCfg = Release|Any CPU
		{B8B4EAC7-98D7-4C50-B4AB-0201202EE4D7}.AppStore|x86.Build.0 = Release|Any CPU
		{B8B4EAC7-98D7-4C50-B4AB-0201202EE4D7}.AppStore|x86.Deploy.0 = Release|Any CPU
		{B8B4EAC7-98D7-4C50-B4AB-0201202EE4D7}.Debug|Any CPU.ActiveCfg = Debug|Any CPU
		{B8B4EAC7-98D7-4C50-B4AB-0201202EE4D7}.Debug|Any CPU.Build.0 = Debug|Any CPU
		{B8B4EAC7-98D7-4C50-B4AB-0201202EE4D7}.Debug|Any CPU.Deploy.0 = Debug|Any CPU
		{B8B4EAC7-98D7-4C50-B4AB-0201202EE4D7}.Debug|ARM.ActiveCfg = Debug|Any CPU
		{B8B4EAC7-98D7-4C50-B4AB-0201202EE4D7}.Debug|ARM.Build.0 = Debug|Any CPU
		{B8B4EAC7-98D7-4C50-B4AB-0201202EE4D7}.Debug|ARM.Deploy.0 = Debug|Any CPU
		{B8B4EAC7-98D7-4C50-B4AB-0201202EE4D7}.Debug|iPhone.ActiveCfg = Debug|Any CPU
		{B8B4EAC7-98D7-4C50-B4AB-0201202EE4D7}.Debug|iPhone.Build.0 = Debug|Any CPU
		{B8B4EAC7-98D7-4C50-B4AB-0201202EE4D7}.Debug|iPhone.Deploy.0 = Debug|Any CPU
		{B8B4EAC7-98D7-4C50-B4AB-0201202EE4D7}.Debug|iPhoneSimulator.ActiveCfg = Debug|Any CPU
		{B8B4EAC7-98D7-4C50-B4AB-0201202EE4D7}.Debug|iPhoneSimulator.Build.0 = Debug|Any CPU
		{B8B4EAC7-98D7-4C50-B4AB-0201202EE4D7}.Debug|iPhoneSimulator.Deploy.0 = Debug|Any CPU
		{B8B4EAC7-98D7-4C50-B4AB-0201202EE4D7}.Debug|x64.ActiveCfg = Debug|Any CPU
		{B8B4EAC7-98D7-4C50-B4AB-0201202EE4D7}.Debug|x64.Build.0 = Debug|Any CPU
		{B8B4EAC7-98D7-4C50-B4AB-0201202EE4D7}.Debug|x64.Deploy.0 = Debug|Any CPU
		{B8B4EAC7-98D7-4C50-B4AB-0201202EE4D7}.Debug|x86.ActiveCfg = Debug|Any CPU
		{B8B4EAC7-98D7-4C50-B4AB-0201202EE4D7}.Debug|x86.Build.0 = Debug|Any CPU
		{B8B4EAC7-98D7-4C50-B4AB-0201202EE4D7}.Debug|x86.Deploy.0 = Debug|Any CPU
		{B8B4EAC7-98D7-4C50-B4AB-0201202EE4D7}.Release|Any CPU.ActiveCfg = Release|Any CPU
		{B8B4EAC7-98D7-4C50-B4AB-0201202EE4D7}.Release|Any CPU.Build.0 = Release|Any CPU
		{B8B4EAC7-98D7-4C50-B4AB-0201202EE4D7}.Release|Any CPU.Deploy.0 = Release|Any CPU
		{B8B4EAC7-98D7-4C50-B4AB-0201202EE4D7}.Release|ARM.ActiveCfg = Release|Any CPU
		{B8B4EAC7-98D7-4C50-B4AB-0201202EE4D7}.Release|ARM.Build.0 = Release|Any CPU
		{B8B4EAC7-98D7-4C50-B4AB-0201202EE4D7}.Release|ARM.Deploy.0 = Release|Any CPU
		{B8B4EAC7-98D7-4C50-B4AB-0201202EE4D7}.Release|iPhone.ActiveCfg = Release|Any CPU
		{B8B4EAC7-98D7-4C50-B4AB-0201202EE4D7}.Release|iPhone.Build.0 = Release|Any CPU
		{B8B4EAC7-98D7-4C50-B4AB-0201202EE4D7}.Release|iPhone.Deploy.0 = Release|Any CPU
		{B8B4EAC7-98D7-4C50-B4AB-0201202EE4D7}.Release|iPhoneSimulator.ActiveCfg = Release|Any CPU
		{B8B4EAC7-98D7-4C50-B4AB-0201202EE4D7}.Release|iPhoneSimulator.Build.0 = Release|Any CPU
		{B8B4EAC7-98D7-4C50-B4AB-0201202EE4D7}.Release|iPhoneSimulator.Deploy.0 = Release|Any CPU
		{B8B4EAC7-98D7-4C50-B4AB-0201202EE4D7}.Release|x64.ActiveCfg = Release|Any CPU
		{B8B4EAC7-98D7-4C50-B4AB-0201202EE4D7}.Release|x64.Build.0 = Release|Any CPU
		{B8B4EAC7-98D7-4C50-B4AB-0201202EE4D7}.Release|x64.Deploy.0 = Release|Any CPU
		{B8B4EAC7-98D7-4C50-B4AB-0201202EE4D7}.Release|x86.ActiveCfg = Release|Any CPU
		{B8B4EAC7-98D7-4C50-B4AB-0201202EE4D7}.Release|x86.Build.0 = Release|Any CPU
		{B8B4EAC7-98D7-4C50-B4AB-0201202EE4D7}.Release|x86.Deploy.0 = Release|Any CPU
		{4F6E9EA7-5D9A-401D-B7FB-84E502845726}.Ad-Hoc|Any CPU.ActiveCfg = Ad-Hoc|iPhone
		{4F6E9EA7-5D9A-401D-B7FB-84E502845726}.Ad-Hoc|ARM.ActiveCfg = Ad-Hoc|iPhone
		{4F6E9EA7-5D9A-401D-B7FB-84E502845726}.Ad-Hoc|iPhone.ActiveCfg = Ad-Hoc|iPhone
		{4F6E9EA7-5D9A-401D-B7FB-84E502845726}.Ad-Hoc|iPhone.Build.0 = Ad-Hoc|iPhone
		{4F6E9EA7-5D9A-401D-B7FB-84E502845726}.Ad-Hoc|iPhoneSimulator.ActiveCfg = Ad-Hoc|iPhoneSimulator
		{4F6E9EA7-5D9A-401D-B7FB-84E502845726}.Ad-Hoc|iPhoneSimulator.Build.0 = Ad-Hoc|iPhoneSimulator
		{4F6E9EA7-5D9A-401D-B7FB-84E502845726}.Ad-Hoc|x64.ActiveCfg = Ad-Hoc|iPhone
		{4F6E9EA7-5D9A-401D-B7FB-84E502845726}.Ad-Hoc|x86.ActiveCfg = Ad-Hoc|iPhone
		{4F6E9EA7-5D9A-401D-B7FB-84E502845726}.AppStore|Any CPU.ActiveCfg = AppStore|iPhone
		{4F6E9EA7-5D9A-401D-B7FB-84E502845726}.AppStore|ARM.ActiveCfg = AppStore|iPhone
		{4F6E9EA7-5D9A-401D-B7FB-84E502845726}.AppStore|iPhone.ActiveCfg = AppStore|iPhone
		{4F6E9EA7-5D9A-401D-B7FB-84E502845726}.AppStore|iPhone.Build.0 = AppStore|iPhone
		{4F6E9EA7-5D9A-401D-B7FB-84E502845726}.AppStore|iPhoneSimulator.ActiveCfg = AppStore|iPhoneSimulator
		{4F6E9EA7-5D9A-401D-B7FB-84E502845726}.AppStore|iPhoneSimulator.Build.0 = AppStore|iPhoneSimulator
		{4F6E9EA7-5D9A-401D-B7FB-84E502845726}.AppStore|x64.ActiveCfg = AppStore|iPhone
		{4F6E9EA7-5D9A-401D-B7FB-84E502845726}.AppStore|x86.ActiveCfg = AppStore|iPhone
		{4F6E9EA7-5D9A-401D-B7FB-84E502845726}.Debug|Any CPU.ActiveCfg = Debug|iPhone
		{4F6E9EA7-5D9A-401D-B7FB-84E502845726}.Debug|ARM.ActiveCfg = Debug|iPhone
		{4F6E9EA7-5D9A-401D-B7FB-84E502845726}.Debug|iPhone.ActiveCfg = Debug|iPhone
		{4F6E9EA7-5D9A-401D-B7FB-84E502845726}.Debug|iPhone.Build.0 = Debug|iPhone
		{4F6E9EA7-5D9A-401D-B7FB-84E502845726}.Debug|iPhoneSimulator.ActiveCfg = Debug|iPhoneSimulator
		{4F6E9EA7-5D9A-401D-B7FB-84E502845726}.Debug|iPhoneSimulator.Build.0 = Debug|iPhoneSimulator
		{4F6E9EA7-5D9A-401D-B7FB-84E502845726}.Debug|x64.ActiveCfg = Debug|iPhone
		{4F6E9EA7-5D9A-401D-B7FB-84E502845726}.Debug|x86.ActiveCfg = Debug|iPhone
		{4F6E9EA7-5D9A-401D-B7FB-84E502845726}.Release|Any CPU.ActiveCfg = Release|iPhone
		{4F6E9EA7-5D9A-401D-B7FB-84E502845726}.Release|ARM.ActiveCfg = Release|iPhone
		{4F6E9EA7-5D9A-401D-B7FB-84E502845726}.Release|iPhone.ActiveCfg = Release|iPhone
		{4F6E9EA7-5D9A-401D-B7FB-84E502845726}.Release|iPhone.Build.0 = Release|iPhone
		{4F6E9EA7-5D9A-401D-B7FB-84E502845726}.Release|iPhoneSimulator.ActiveCfg = Release|iPhoneSimulator
		{4F6E9EA7-5D9A-401D-B7FB-84E502845726}.Release|iPhoneSimulator.Build.0 = Release|iPhoneSimulator
		{4F6E9EA7-5D9A-401D-B7FB-84E502845726}.Release|x64.ActiveCfg = Release|iPhone
		{4F6E9EA7-5D9A-401D-B7FB-84E502845726}.Release|x86.ActiveCfg = Release|iPhone
		{6C621D83-3096-454D-A997-90E2E61CEF51}.Ad-Hoc|Any CPU.ActiveCfg = Release|x86
		{6C621D83-3096-454D-A997-90E2E61CEF51}.Ad-Hoc|Any CPU.Build.0 = Release|x86
		{6C621D83-3096-454D-A997-90E2E61CEF51}.Ad-Hoc|Any CPU.Deploy.0 = Release|x86
		{6C621D83-3096-454D-A997-90E2E61CEF51}.Ad-Hoc|ARM.ActiveCfg = Release|ARM
		{6C621D83-3096-454D-A997-90E2E61CEF51}.Ad-Hoc|ARM.Build.0 = Release|ARM
		{6C621D83-3096-454D-A997-90E2E61CEF51}.Ad-Hoc|ARM.Deploy.0 = Release|ARM
		{6C621D83-3096-454D-A997-90E2E61CEF51}.Ad-Hoc|iPhone.ActiveCfg = Release|x86
		{6C621D83-3096-454D-A997-90E2E61CEF51}.Ad-Hoc|iPhone.Build.0 = Release|x86
		{6C621D83-3096-454D-A997-90E2E61CEF51}.Ad-Hoc|iPhone.Deploy.0 = Release|x86
		{6C621D83-3096-454D-A997-90E2E61CEF51}.Ad-Hoc|iPhoneSimulator.ActiveCfg = Release|x86
		{6C621D83-3096-454D-A997-90E2E61CEF51}.Ad-Hoc|iPhoneSimulator.Build.0 = Release|x86
		{6C621D83-3096-454D-A997-90E2E61CEF51}.Ad-Hoc|iPhoneSimulator.Deploy.0 = Release|x86
		{6C621D83-3096-454D-A997-90E2E61CEF51}.Ad-Hoc|x64.ActiveCfg = Release|x64
		{6C621D83-3096-454D-A997-90E2E61CEF51}.Ad-Hoc|x64.Build.0 = Release|x64
		{6C621D83-3096-454D-A997-90E2E61CEF51}.Ad-Hoc|x64.Deploy.0 = Release|x64
		{6C621D83-3096-454D-A997-90E2E61CEF51}.Ad-Hoc|x86.ActiveCfg = Release|x86
		{6C621D83-3096-454D-A997-90E2E61CEF51}.Ad-Hoc|x86.Build.0 = Release|x86
		{6C621D83-3096-454D-A997-90E2E61CEF51}.Ad-Hoc|x86.Deploy.0 = Release|x86
		{6C621D83-3096-454D-A997-90E2E61CEF51}.AppStore|Any CPU.ActiveCfg = Release|x86
		{6C621D83-3096-454D-A997-90E2E61CEF51}.AppStore|Any CPU.Build.0 = Release|x86
		{6C621D83-3096-454D-A997-90E2E61CEF51}.AppStore|Any CPU.Deploy.0 = Release|x86
		{6C621D83-3096-454D-A997-90E2E61CEF51}.AppStore|ARM.ActiveCfg = Release|ARM
		{6C621D83-3096-454D-A997-90E2E61CEF51}.AppStore|ARM.Build.0 = Release|ARM
		{6C621D83-3096-454D-A997-90E2E61CEF51}.AppStore|ARM.Deploy.0 = Release|ARM
		{6C621D83-3096-454D-A997-90E2E61CEF51}.AppStore|iPhone.ActiveCfg = Release|x86
		{6C621D83-3096-454D-A997-90E2E61CEF51}.AppStore|iPhone.Build.0 = Release|x86
		{6C621D83-3096-454D-A997-90E2E61CEF51}.AppStore|iPhone.Deploy.0 = Release|x86
		{6C621D83-3096-454D-A997-90E2E61CEF51}.AppStore|iPhoneSimulator.ActiveCfg = Release|x86
		{6C621D83-3096-454D-A997-90E2E61CEF51}.AppStore|iPhoneSimulator.Build.0 = Release|x86
		{6C621D83-3096-454D-A997-90E2E61CEF51}.AppStore|iPhoneSimulator.Deploy.0 = Release|x86
		{6C621D83-3096-454D-A997-90E2E61CEF51}.AppStore|x64.ActiveCfg = Release|x64
		{6C621D83-3096-454D-A997-90E2E61CEF51}.AppStore|x64.Build.0 = Release|x64
		{6C621D83-3096-454D-A997-90E2E61CEF51}.AppStore|x64.Deploy.0 = Release|x64
		{6C621D83-3096-454D-A997-90E2E61CEF51}.AppStore|x86.ActiveCfg = Release|x86
		{6C621D83-3096-454D-A997-90E2E61CEF51}.AppStore|x86.Build.0 = Release|x86
		{6C621D83-3096-454D-A997-90E2E61CEF51}.AppStore|x86.Deploy.0 = Release|x86
		{6C621D83-3096-454D-A997-90E2E61CEF51}.Debug|Any CPU.ActiveCfg = Debug|x86
		{6C621D83-3096-454D-A997-90E2E61CEF51}.Debug|ARM.ActiveCfg = Debug|ARM
		{6C621D83-3096-454D-A997-90E2E61CEF51}.Debug|ARM.Build.0 = Debug|ARM
		{6C621D83-3096-454D-A997-90E2E61CEF51}.Debug|ARM.Deploy.0 = Debug|ARM
		{6C621D83-3096-454D-A997-90E2E61CEF51}.Debug|iPhone.ActiveCfg = Debug|x86
		{6C621D83-3096-454D-A997-90E2E61CEF51}.Debug|iPhoneSimulator.ActiveCfg = Debug|x86
		{6C621D83-3096-454D-A997-90E2E61CEF51}.Debug|x64.ActiveCfg = Debug|x64
		{6C621D83-3096-454D-A997-90E2E61CEF51}.Debug|x64.Build.0 = Debug|x64
		{6C621D83-3096-454D-A997-90E2E61CEF51}.Debug|x64.Deploy.0 = Debug|x64
		{6C621D83-3096-454D-A997-90E2E61CEF51}.Debug|x86.ActiveCfg = Debug|x86
		{6C621D83-3096-454D-A997-90E2E61CEF51}.Debug|x86.Build.0 = Debug|x86
		{6C621D83-3096-454D-A997-90E2E61CEF51}.Debug|x86.Deploy.0 = Debug|x86
		{6C621D83-3096-454D-A997-90E2E61CEF51}.Release|Any CPU.ActiveCfg = Release|x86
		{6C621D83-3096-454D-A997-90E2E61CEF51}.Release|ARM.ActiveCfg = Release|ARM
		{6C621D83-3096-454D-A997-90E2E61CEF51}.Release|ARM.Build.0 = Release|ARM
		{6C621D83-3096-454D-A997-90E2E61CEF51}.Release|ARM.Deploy.0 = Release|ARM
		{6C621D83-3096-454D-A997-90E2E61CEF51}.Release|iPhone.ActiveCfg = Release|x86
		{6C621D83-3096-454D-A997-90E2E61CEF51}.Release|iPhoneSimulator.ActiveCfg = Release|x86
		{6C621D83-3096-454D-A997-90E2E61CEF51}.Release|x64.ActiveCfg = Release|x64
		{6C621D83-3096-454D-A997-90E2E61CEF51}.Release|x64.Build.0 = Release|x64
		{6C621D83-3096-454D-A997-90E2E61CEF51}.Release|x64.Deploy.0 = Release|x64
		{6C621D83-3096-454D-A997-90E2E61CEF51}.Release|x86.ActiveCfg = Release|x86
		{6C621D83-3096-454D-A997-90E2E61CEF51}.Release|x86.Build.0 = Release|x86
		{6C621D83-3096-454D-A997-90E2E61CEF51}.Release|x86.Deploy.0 = Release|x86
		{08A6644E-5745-4806-9481-6FA27AF47C49}.Ad-Hoc|Any CPU.ActiveCfg = Debug|Any CPU
		{08A6644E-5745-4806-9481-6FA27AF47C49}.Ad-Hoc|Any CPU.Build.0 = Debug|Any CPU
		{08A6644E-5745-4806-9481-6FA27AF47C49}.Ad-Hoc|ARM.ActiveCfg = Debug|Any CPU
		{08A6644E-5745-4806-9481-6FA27AF47C49}.Ad-Hoc|ARM.Build.0 = Debug|Any CPU
		{08A6644E-5745-4806-9481-6FA27AF47C49}.Ad-Hoc|iPhone.ActiveCfg = Debug|Any CPU
		{08A6644E-5745-4806-9481-6FA27AF47C49}.Ad-Hoc|iPhone.Build.0 = Debug|Any CPU
		{08A6644E-5745-4806-9481-6FA27AF47C49}.Ad-Hoc|iPhoneSimulator.ActiveCfg = Debug|Any CPU
		{08A6644E-5745-4806-9481-6FA27AF47C49}.Ad-Hoc|iPhoneSimulator.Build.0 = Debug|Any CPU
		{08A6644E-5745-4806-9481-6FA27AF47C49}.Ad-Hoc|x64.ActiveCfg = Debug|Any CPU
		{08A6644E-5745-4806-9481-6FA27AF47C49}.Ad-Hoc|x64.Build.0 = Debug|Any CPU
		{08A6644E-5745-4806-9481-6FA27AF47C49}.Ad-Hoc|x86.ActiveCfg = Debug|Any CPU
		{08A6644E-5745-4806-9481-6FA27AF47C49}.Ad-Hoc|x86.Build.0 = Debug|Any CPU
		{08A6644E-5745-4806-9481-6FA27AF47C49}.AppStore|Any CPU.ActiveCfg = Debug|Any CPU
		{08A6644E-5745-4806-9481-6FA27AF47C49}.AppStore|Any CPU.Build.0 = Debug|Any CPU
		{08A6644E-5745-4806-9481-6FA27AF47C49}.AppStore|ARM.ActiveCfg = Debug|Any CPU
		{08A6644E-5745-4806-9481-6FA27AF47C49}.AppStore|ARM.Build.0 = Debug|Any CPU
		{08A6644E-5745-4806-9481-6FA27AF47C49}.AppStore|iPhone.ActiveCfg = Debug|Any CPU
		{08A6644E-5745-4806-9481-6FA27AF47C49}.AppStore|iPhone.Build.0 = Debug|Any CPU
		{08A6644E-5745-4806-9481-6FA27AF47C49}.AppStore|iPhoneSimulator.ActiveCfg = Debug|Any CPU
		{08A6644E-5745-4806-9481-6FA27AF47C49}.AppStore|iPhoneSimulator.Build.0 = Debug|Any CPU
		{08A6644E-5745-4806-9481-6FA27AF47C49}.AppStore|x64.ActiveCfg = Debug|Any CPU
		{08A6644E-5745-4806-9481-6FA27AF47C49}.AppStore|x64.Build.0 = Debug|Any CPU
		{08A6644E-5745-4806-9481-6FA27AF47C49}.AppStore|x86.ActiveCfg = Debug|Any CPU
		{08A6644E-5745-4806-9481-6FA27AF47C49}.AppStore|x86.Build.0 = Debug|Any CPU
		{08A6644E-5745-4806-9481-6FA27AF47C49}.Debug|Any CPU.ActiveCfg = Debug|Any CPU
		{08A6644E-5745-4806-9481-6FA27AF47C49}.Debug|Any CPU.Build.0 = Debug|Any CPU
		{08A6644E-5745-4806-9481-6FA27AF47C49}.Debug|ARM.ActiveCfg = Debug|Any CPU
		{08A6644E-5745-4806-9481-6FA27AF47C49}.Debug|ARM.Build.0 = Debug|Any CPU
		{08A6644E-5745-4806-9481-6FA27AF47C49}.Debug|iPhone.ActiveCfg = Debug|Any CPU
		{08A6644E-5745-4806-9481-6FA27AF47C49}.Debug|iPhone.Build.0 = Debug|Any CPU
		{08A6644E-5745-4806-9481-6FA27AF47C49}.Debug|iPhoneSimulator.ActiveCfg = Debug|Any CPU
		{08A6644E-5745-4806-9481-6FA27AF47C49}.Debug|iPhoneSimulator.Build.0 = Debug|Any CPU
		{08A6644E-5745-4806-9481-6FA27AF47C49}.Debug|x64.ActiveCfg = Debug|Any CPU
		{08A6644E-5745-4806-9481-6FA27AF47C49}.Debug|x64.Build.0 = Debug|Any CPU
		{08A6644E-5745-4806-9481-6FA27AF47C49}.Debug|x86.ActiveCfg = Debug|Any CPU
		{08A6644E-5745-4806-9481-6FA27AF47C49}.Debug|x86.Build.0 = Debug|Any CPU
		{08A6644E-5745-4806-9481-6FA27AF47C49}.Release|Any CPU.ActiveCfg = Release|Any CPU
		{08A6644E-5745-4806-9481-6FA27AF47C49}.Release|Any CPU.Build.0 = Release|Any CPU
		{08A6644E-5745-4806-9481-6FA27AF47C49}.Release|ARM.ActiveCfg = Release|Any CPU
		{08A6644E-5745-4806-9481-6FA27AF47C49}.Release|ARM.Build.0 = Release|Any CPU
		{08A6644E-5745-4806-9481-6FA27AF47C49}.Release|iPhone.ActiveCfg = Release|Any CPU
		{08A6644E-5745-4806-9481-6FA27AF47C49}.Release|iPhone.Build.0 = Release|Any CPU
		{08A6644E-5745-4806-9481-6FA27AF47C49}.Release|iPhoneSimulator.ActiveCfg = Release|Any CPU
		{08A6644E-5745-4806-9481-6FA27AF47C49}.Release|iPhoneSimulator.Build.0 = Release|Any CPU
		{08A6644E-5745-4806-9481-6FA27AF47C49}.Release|x64.ActiveCfg = Release|Any CPU
		{08A6644E-5745-4806-9481-6FA27AF47C49}.Release|x64.Build.0 = Release|Any CPU
		{08A6644E-5745-4806-9481-6FA27AF47C49}.Release|x86.ActiveCfg = Release|Any CPU
		{08A6644E-5745-4806-9481-6FA27AF47C49}.Release|x86.Build.0 = Release|Any CPU
	EndGlobalSection
	GlobalSection(SolutionProperties) = preSolution
		HideSolutionNode = FALSE
	EndGlobalSection
	GlobalSection(ExtensibilityGlobals) = postSolution
		SolutionGuid = {D6DC000D-38D0-4C2D-9DB1-1D805BA15242}
	EndGlobalSection
EndGlobal
