
Microsoft Visual Studio Solution File, Format Version 12.00
# Visual Studio Version 16
VisualStudioVersion = 16.0.30611.23
MinimumVisualStudioVersion = 10.0.40219.1
Project("{FAE04EC0-301F-11D3-BF4B-00C04F79EFBC}") = "AsyncTemplateCellDemo.Android", "AsyncTemplateCellDemo\Android\AsyncTemplateCellDemo.Android.csproj", "{FAAAE282-CCAF-44F8-A79A-D98C1A447EFE}"
EndProject
Project("{FAE04EC0-301F-11D3-BF4B-00C04F79EFBC}") = "AsyncTemplateCellDemo.Portable", "AsyncTemplateCellDemo\Portable\AsyncTemplateCellDemo.Portable.csproj", "{A62B8FAF-7698-4561-A1B3-997567C2CFC8}"
EndProject
Global
	GlobalSection(SolutionConfigurationPlatforms) = preSolution
		Debug|Any CPU = Debug|Any CPU
		Release|Any CPU = Release|Any CPU
	EndGlobalSection
	GlobalSection(ProjectConfigurationPlatforms) = postSolution
		{FAAAE282-CCAF-44F8-A79A-D98C1A447EFE}.Debug|Any CPU.ActiveCfg = Debug|Any CPU
		{FAAAE282-CCAF-44F8-A79A-D98C1A447EFE}.Debug|Any CPU.Build.0 = Debug|Any CPU
		{FAAAE282-CCAF-44F8-A79A-D98C1A447EFE}.Debug|Any CPU.Deploy.0 = Debug|Any CPU
		{FAAAE282-CCAF-44F8-A79A-D98C1A447EFE}.Release|Any CPU.ActiveCfg = Release|Any CPU
		{FAAAE282-CCAF-44F8-A79A-D98C1A447EFE}.Release|Any CPU.Build.0 = Release|Any CPU
		{FAAAE282-CCAF-44F8-A79A-D98C1A447EFE}.Release|Any CPU.Deploy.0 = Release|Any CPU
		{A62B8FAF-7698-4561-A1B3-997567C2CFC8}.Debug|Any CPU.ActiveCfg = Debug|Any CPU
		{A62B8FAF-7698-4561-A1B3-997567C2CFC8}.Debug|Any CPU.Build.0 = Debug|Any CPU
		{A62B8FAF-7698-4561-A1B3-997567C2CFC8}.Release|Any CPU.ActiveCfg = Release|Any CPU
		{A62B8FAF-7698-4561-A1B3-997567C2CFC8}.Release|Any CPU.Build.0 = Release|Any CPU
	EndGlobalSection
	GlobalSection(SolutionProperties) = preSolution
		HideSolutionNode = FALSE
	EndGlobalSection
	GlobalSection(ExtensibilityGlobals) = postSolution
		SolutionGuid = {E1791A39-4F6E-409B-9622-19136278F090}
	EndGlobalSection
EndGlobal
