
Microsoft Visual Studio Solution File, Format Version 12.00
# Visual Studio 15
VisualStudioVersion = 15.0.28010.2046
MinimumVisualStudioVersion = 10.0.40219.1
Project("{FAE04EC0-301F-11D3-BF4B-00C04F79EFBC}") = "TelerikThemeEditor.Android", "TelerikThemeEditor\Android\TelerikThemeEditor.Android.csproj", "{AF31D922-AB20-4033-8666-424EECE16C94}"
EndProject
Project("{FAE04EC0-301F-11D3-BF4B-00C04F79EFBC}") = "TelerikThemeEditor.iOS", "TelerikThemeEditor\iOS\TelerikThemeEditor.iOS.csproj", "{C7CA86D5-4B2E-4C83-B82C-7BBB33D59DF8}"
EndProject
Project("{FAE04EC0-301F-11D3-BF4B-00C04F79EFBC}") = "TelerikThemeEditor.UWP", "TelerikThemeEditor\UWP\TelerikThemeEditor.UWP.csproj", "{A0F462EE-FBAA-415E-B7AC-C3F58649A52B}"
EndProject
Project("{FAE04EC0-301F-11D3-BF4B-00C04F79EFBC}") = "TelerikThemeEditor.Portable", "TelerikThemeEditor\Portable\TelerikThemeEditor.Portable.csproj", "{505F31D4-3BF3-4D69-8654-F39A40F0DF89}"
EndProject
Global
	GlobalSection(SolutionConfigurationPlatforms) = preSolution
		Ad-Hoc|Any CPU = Ad-Hoc|Any CPU
		Ad-Hoc|ARM = Ad-Hoc|ARM
		Ad-Hoc|iPhone = Ad-Hoc|iPhone
		Ad-Hoc|iPhoneSimulator = Ad-Hoc|iPhoneSimulator
		Ad-Hoc|x64 = Ad-Hoc|x64
		Ad-Hoc|x86 = Ad-Hoc|x86
		AppStore|Any CPU = AppStore|Any CPU
		AppStore|ARM = AppStore|ARM
		AppStore|iPhone = AppStore|iPhone
		AppStore|iPhoneSimulator = AppStore|iPhoneSimulator
		AppStore|x64 = AppStore|x64
		AppStore|x86 = AppStore|x86
		Debug|Any CPU = Debug|Any CPU
		Debug|ARM = Debug|ARM
		Debug|iPhone = Debug|iPhone
		Debug|iPhoneSimulator = Debug|iPhoneSimulator
		Debug|x64 = Debug|x64
		Debug|x86 = Debug|x86
		Release|Any CPU = Release|Any CPU
		Release|ARM = Release|ARM
		Release|iPhone = Release|iPhone
		Release|iPhoneSimulator = Release|iPhoneSimulator
		Release|x64 = Release|x64
		Release|x86 = Release|x86
	EndGlobalSection
	GlobalSection(ProjectConfigurationPlatforms) = postSolution
		{AF31D922-AB20-4033-8666-424EECE16C94}.Ad-Hoc|Any CPU.ActiveCfg = Release|Any CPU
		{AF31D922-AB20-4033-8666-424EECE16C94}.Ad-Hoc|Any CPU.Build.0 = Release|Any CPU
		{AF31D922-AB20-4033-8666-424EECE16C94}.Ad-Hoc|Any CPU.Deploy.0 = Release|Any CPU
		{AF31D922-AB20-4033-8666-424EECE16C94}.Ad-Hoc|ARM.ActiveCfg = Release|Any CPU
		{AF31D922-AB20-4033-8666-424EECE16C94}.Ad-Hoc|ARM.Build.0 = Release|Any CPU
		{AF31D922-AB20-4033-8666-424EECE16C94}.Ad-Hoc|ARM.Deploy.0 = Release|Any CPU
		{AF31D922-AB20-4033-8666-424EECE16C94}.Ad-Hoc|iPhone.ActiveCfg = Release|Any CPU
		{AF31D922-AB20-4033-8666-424EECE16C94}.Ad-Hoc|iPhone.Build.0 = Release|Any CPU
		{AF31D922-AB20-4033-8666-424EECE16C94}.Ad-Hoc|iPhone.Deploy.0 = Release|Any CPU
		{AF31D922-AB20-4033-8666-424EECE16C94}.Ad-Hoc|iPhoneSimulator.ActiveCfg = Release|Any CPU
		{AF31D922-AB20-4033-8666-424EECE16C94}.Ad-Hoc|iPhoneSimulator.Build.0 = Release|Any CPU
		{AF31D922-AB20-4033-8666-424EECE16C94}.Ad-Hoc|iPhoneSimulator.Deploy.0 = Release|Any CPU
		{AF31D922-AB20-4033-8666-424EECE16C94}.Ad-Hoc|x64.ActiveCfg = Release|Any CPU
		{AF31D922-AB20-4033-8666-424EECE16C94}.Ad-Hoc|x64.Build.0 = Release|Any CPU
		{AF31D922-AB20-4033-8666-424EECE16C94}.Ad-Hoc|x64.Deploy.0 = Release|Any CPU
		{AF31D922-AB20-4033-8666-424EECE16C94}.Ad-Hoc|x86.ActiveCfg = Release|Any CPU
		{AF31D922-AB20-4033-8666-424EECE16C94}.Ad-Hoc|x86.Build.0 = Release|Any CPU
		{AF31D922-AB20-4033-8666-424EECE16C94}.Ad-Hoc|x86.Deploy.0 = Release|Any CPU
		{AF31D922-AB20-4033-8666-424EECE16C94}.AppStore|Any CPU.ActiveCfg = Release|Any CPU
		{AF31D922-AB20-4033-8666-424EECE16C94}.AppStore|Any CPU.Build.0 = Release|Any CPU
		{AF31D922-AB20-4033-8666-424EECE16C94}.AppStore|Any CPU.Deploy.0 = Release|Any CPU
		{AF31D922-AB20-4033-8666-424EECE16C94}.AppStore|ARM.ActiveCfg = Release|Any CPU
		{AF31D922-AB20-4033-8666-424EECE16C94}.AppStore|ARM.Build.0 = Release|Any CPU
		{AF31D922-AB20-4033-8666-424EECE16C94}.AppStore|ARM.Deploy.0 = Release|Any CPU
		{AF31D922-AB20-4033-8666-424EECE16C94}.AppStore|iPhone.ActiveCfg = Release|Any CPU
		{AF31D922-AB20-4033-8666-424EECE16C94}.AppStore|iPhone.Build.0 = Release|Any CPU
		{AF31D922-AB20-4033-8666-424EECE16C94}.AppStore|iPhone.Deploy.0 = Release|Any CPU
		{AF31D922-AB20-4033-8666-424EECE16C94}.AppStore|iPhoneSimulator.ActiveCfg = Release|Any CPU
		{AF31D922-AB20-4033-8666-424EECE16C94}.AppStore|iPhoneSimulator.Build.0 = Release|Any CPU
		{AF31D922-AB20-4033-8666-424EECE16C94}.AppStore|iPhoneSimulator.Deploy.0 = Release|Any CPU
		{AF31D922-AB20-4033-8666-424EECE16C94}.AppStore|x64.ActiveCfg = Release|Any CPU
		{AF31D922-AB20-4033-8666-424EECE16C94}.AppStore|x64.Build.0 = Release|Any CPU
		{AF31D922-AB20-4033-8666-424EECE16C94}.AppStore|x64.Deploy.0 = Release|Any CPU
		{AF31D922-AB20-4033-8666-424EECE16C94}.AppStore|x86.ActiveCfg = Release|Any CPU
		{AF31D922-AB20-4033-8666-424EECE16C94}.AppStore|x86.Build.0 = Release|Any CPU
		{AF31D922-AB20-4033-8666-424EECE16C94}.AppStore|x86.Deploy.0 = Release|Any CPU
		{AF31D922-AB20-4033-8666-424EECE16C94}.Debug|Any CPU.ActiveCfg = Debug|Any CPU
		{AF31D922-AB20-4033-8666-424EECE16C94}.Debug|Any CPU.Build.0 = Debug|Any CPU
		{AF31D922-AB20-4033-8666-424EECE16C94}.Debug|Any CPU.Deploy.0 = Debug|Any CPU
		{AF31D922-AB20-4033-8666-424EECE16C94}.Debug|ARM.ActiveCfg = Debug|Any CPU
		{AF31D922-AB20-4033-8666-424EECE16C94}.Debug|ARM.Build.0 = Debug|Any CPU
		{AF31D922-AB20-4033-8666-424EECE16C94}.Debug|ARM.Deploy.0 = Debug|Any CPU
		{AF31D922-AB20-4033-8666-424EECE16C94}.Debug|iPhone.ActiveCfg = Debug|Any CPU
		{AF31D922-AB20-4033-8666-424EECE16C94}.Debug|iPhone.Build.0 = Debug|Any CPU
		{AF31D922-AB20-4033-8666-424EECE16C94}.Debug|iPhone.Deploy.0 = Debug|Any CPU
		{AF31D922-AB20-4033-8666-424EECE16C94}.Debug|iPhoneSimulator.ActiveCfg = Debug|Any CPU
		{AF31D922-AB20-4033-8666-424EECE16C94}.Debug|iPhoneSimulator.Build.0 = Debug|Any CPU
		{AF31D922-AB20-4033-8666-424EECE16C94}.Debug|iPhoneSimulator.Deploy.0 = Debug|Any CPU
		{AF31D922-AB20-4033-8666-424EECE16C94}.Debug|x64.ActiveCfg = Debug|Any CPU
		{AF31D922-AB20-4033-8666-424EECE16C94}.Debug|x64.Build.0 = Debug|Any CPU
		{AF31D922-AB20-4033-8666-424EECE16C94}.Debug|x64.Deploy.0 = Debug|Any CPU
		{AF31D922-AB20-4033-8666-424EECE16C94}.Debug|x86.ActiveCfg = Debug|Any CPU
		{AF31D922-AB20-4033-8666-424EECE16C94}.Debug|x86.Build.0 = Debug|Any CPU
		{AF31D922-AB20-4033-8666-424EECE16C94}.Debug|x86.Deploy.0 = Debug|Any CPU
		{AF31D922-AB20-4033-8666-424EECE16C94}.Release|Any CPU.ActiveCfg = Release|Any CPU
		{AF31D922-AB20-4033-8666-424EECE16C94}.Release|Any CPU.Build.0 = Release|Any CPU
		{AF31D922-AB20-4033-8666-424EECE16C94}.Release|Any CPU.Deploy.0 = Release|Any CPU
		{AF31D922-AB20-4033-8666-424EECE16C94}.Release|ARM.ActiveCfg = Release|Any CPU
		{AF31D922-AB20-4033-8666-424EECE16C94}.Release|ARM.Build.0 = Release|Any CPU
		{AF31D922-AB20-4033-8666-424EECE16C94}.Release|ARM.Deploy.0 = Release|Any CPU
		{AF31D922-AB20-4033-8666-424EECE16C94}.Release|iPhone.ActiveCfg = Release|Any CPU
		{AF31D922-AB20-4033-8666-424EECE16C94}.Release|iPhone.Build.0 = Release|Any CPU
		{AF31D922-AB20-4033-8666-424EECE16C94}.Release|iPhone.Deploy.0 = Release|Any CPU
		{AF31D922-AB20-4033-8666-424EECE16C94}.Release|iPhoneSimulator.ActiveCfg = Release|Any CPU
		{AF31D922-AB20-4033-8666-424EECE16C94}.Release|iPhoneSimulator.Build.0 = Release|Any CPU
		{AF31D922-AB20-4033-8666-424EECE16C94}.Release|iPhoneSimulator.Deploy.0 = Release|Any CPU
		{AF31D922-AB20-4033-8666-424EECE16C94}.Release|x64.ActiveCfg = Release|Any CPU
		{AF31D922-AB20-4033-8666-424EECE16C94}.Release|x64.Build.0 = Release|Any CPU
		{AF31D922-AB20-4033-8666-424EECE16C94}.Release|x64.Deploy.0 = Release|Any CPU
		{AF31D922-AB20-4033-8666-424EECE16C94}.Release|x86.ActiveCfg = Release|Any CPU
		{AF31D922-AB20-4033-8666-424EECE16C94}.Release|x86.Build.0 = Release|Any CPU
		{AF31D922-AB20-4033-8666-424EECE16C94}.Release|x86.Deploy.0 = Release|Any CPU
		{C7CA86D5-4B2E-4C83-B82C-7BBB33D59DF8}.Ad-Hoc|Any CPU.ActiveCfg = Ad-Hoc|iPhone
		{C7CA86D5-4B2E-4C83-B82C-7BBB33D59DF8}.Ad-Hoc|ARM.ActiveCfg = Ad-Hoc|iPhone
		{C7CA86D5-4B2E-4C83-B82C-7BBB33D59DF8}.Ad-Hoc|iPhone.ActiveCfg = Ad-Hoc|iPhone
		{C7CA86D5-4B2E-4C83-B82C-7BBB33D59DF8}.Ad-Hoc|iPhone.Build.0 = Ad-Hoc|iPhone
		{C7CA86D5-4B2E-4C83-B82C-7BBB33D59DF8}.Ad-Hoc|iPhoneSimulator.ActiveCfg = Ad-Hoc|iPhoneSimulator
		{C7CA86D5-4B2E-4C83-B82C-7BBB33D59DF8}.Ad-Hoc|iPhoneSimulator.Build.0 = Ad-Hoc|iPhoneSimulator
		{C7CA86D5-4B2E-4C83-B82C-7BBB33D59DF8}.Ad-Hoc|x64.ActiveCfg = Ad-Hoc|iPhone
		{C7CA86D5-4B2E-4C83-B82C-7BBB33D59DF8}.Ad-Hoc|x86.ActiveCfg = Ad-Hoc|iPhone
		{C7CA86D5-4B2E-4C83-B82C-7BBB33D59DF8}.AppStore|Any CPU.ActiveCfg = AppStore|iPhone
		{C7CA86D5-4B2E-4C83-B82C-7BBB33D59DF8}.AppStore|ARM.ActiveCfg = AppStore|iPhone
		{C7CA86D5-4B2E-4C83-B82C-7BBB33D59DF8}.AppStore|iPhone.ActiveCfg = AppStore|iPhone
		{C7CA86D5-4B2E-4C83-B82C-7BBB33D59DF8}.AppStore|iPhone.Build.0 = AppStore|iPhone
		{C7CA86D5-4B2E-4C83-B82C-7BBB33D59DF8}.AppStore|iPhoneSimulator.ActiveCfg = AppStore|iPhoneSimulator
		{C7CA86D5-4B2E-4C83-B82C-7BBB33D59DF8}.AppStore|iPhoneSimulator.Build.0 = AppStore|iPhoneSimulator
		{C7CA86D5-4B2E-4C83-B82C-7BBB33D59DF8}.AppStore|x64.ActiveCfg = AppStore|iPhone
		{C7CA86D5-4B2E-4C83-B82C-7BBB33D59DF8}.AppStore|x86.ActiveCfg = AppStore|iPhone
		{C7CA86D5-4B2E-4C83-B82C-7BBB33D59DF8}.Debug|Any CPU.ActiveCfg = Debug|iPhone
		{C7CA86D5-4B2E-4C83-B82C-7BBB33D59DF8}.Debug|ARM.ActiveCfg = Debug|iPhone
		{C7CA86D5-4B2E-4C83-B82C-7BBB33D59DF8}.Debug|iPhone.ActiveCfg = Debug|iPhone
		{C7CA86D5-4B2E-4C83-B82C-7BBB33D59DF8}.Debug|iPhone.Build.0 = Debug|iPhone
		{C7CA86D5-4B2E-4C83-B82C-7BBB33D59DF8}.Debug|iPhoneSimulator.ActiveCfg = Debug|iPhoneSimulator
		{C7CA86D5-4B2E-4C83-B82C-7BBB33D59DF8}.Debug|iPhoneSimulator.Build.0 = Debug|iPhoneSimulator
		{C7CA86D5-4B2E-4C83-B82C-7BBB33D59DF8}.Debug|x64.ActiveCfg = Debug|iPhone
		{C7CA86D5-4B2E-4C83-B82C-7BBB33D59DF8}.Debug|x86.ActiveCfg = Debug|iPhone
		{C7CA86D5-4B2E-4C83-B82C-7BBB33D59DF8}.Release|Any CPU.ActiveCfg = Release|iPhone
		{C7CA86D5-4B2E-4C83-B82C-7BBB33D59DF8}.Release|ARM.ActiveCfg = Release|iPhone
		{C7CA86D5-4B2E-4C83-B82C-7BBB33D59DF8}.Release|iPhone.ActiveCfg = Release|iPhone
		{C7CA86D5-4B2E-4C83-B82C-7BBB33D59DF8}.Release|iPhone.Build.0 = Release|iPhone
		{C7CA86D5-4B2E-4C83-B82C-7BBB33D59DF8}.Release|iPhoneSimulator.ActiveCfg = Release|iPhoneSimulator
		{C7CA86D5-4B2E-4C83-B82C-7BBB33D59DF8}.Release|iPhoneSimulator.Build.0 = Release|iPhoneSimulator
		{C7CA86D5-4B2E-4C83-B82C-7BBB33D59DF8}.Release|x64.ActiveCfg = Release|iPhone
		{C7CA86D5-4B2E-4C83-B82C-7BBB33D59DF8}.Release|x86.ActiveCfg = Release|iPhone
		{A0F462EE-FBAA-415E-B7AC-C3F58649A52B}.Ad-Hoc|Any CPU.ActiveCfg = Release|x86
		{A0F462EE-FBAA-415E-B7AC-C3F58649A52B}.Ad-Hoc|Any CPU.Build.0 = Release|x86
		{A0F462EE-FBAA-415E-B7AC-C3F58649A52B}.Ad-Hoc|Any CPU.Deploy.0 = Release|x86
		{A0F462EE-FBAA-415E-B7AC-C3F58649A52B}.Ad-Hoc|ARM.ActiveCfg = Release|ARM
		{A0F462EE-FBAA-415E-B7AC-C3F58649A52B}.Ad-Hoc|ARM.Build.0 = Release|ARM
		{A0F462EE-FBAA-415E-B7AC-C3F58649A52B}.Ad-Hoc|ARM.Deploy.0 = Release|ARM
		{A0F462EE-FBAA-415E-B7AC-C3F58649A52B}.Ad-Hoc|iPhone.ActiveCfg = Release|x86
		{A0F462EE-FBAA-415E-B7AC-C3F58649A52B}.Ad-Hoc|iPhone.Build.0 = Release|x86
		{A0F462EE-FBAA-415E-B7AC-C3F58649A52B}.Ad-Hoc|iPhone.Deploy.0 = Release|x86
		{A0F462EE-FBAA-415E-B7AC-C3F58649A52B}.Ad-Hoc|iPhoneSimulator.ActiveCfg = Release|x86
		{A0F462EE-FBAA-415E-B7AC-C3F58649A52B}.Ad-Hoc|iPhoneSimulator.Build.0 = Release|x86
		{A0F462EE-FBAA-415E-B7AC-C3F58649A52B}.Ad-Hoc|iPhoneSimulator.Deploy.0 = Release|x86
		{A0F462EE-FBAA-415E-B7AC-C3F58649A52B}.Ad-Hoc|x64.ActiveCfg = Release|x64
		{A0F462EE-FBAA-415E-B7AC-C3F58649A52B}.Ad-Hoc|x64.Build.0 = Release|x64
		{A0F462EE-FBAA-415E-B7AC-C3F58649A52B}.Ad-Hoc|x64.Deploy.0 = Release|x64
		{A0F462EE-FBAA-415E-B7AC-C3F58649A52B}.Ad-Hoc|x86.ActiveCfg = Release|x86
		{A0F462EE-FBAA-415E-B7AC-C3F58649A52B}.Ad-Hoc|x86.Build.0 = Release|x86
		{A0F462EE-FBAA-415E-B7AC-C3F58649A52B}.Ad-Hoc|x86.Deploy.0 = Release|x86
		{A0F462EE-FBAA-415E-B7AC-C3F58649A52B}.AppStore|Any CPU.ActiveCfg = Release|x86
		{A0F462EE-FBAA-415E-B7AC-C3F58649A52B}.AppStore|Any CPU.Build.0 = Release|x86
		{A0F462EE-FBAA-415E-B7AC-C3F58649A52B}.AppStore|Any CPU.Deploy.0 = Release|x86
		{A0F462EE-FBAA-415E-B7AC-C3F58649A52B}.AppStore|ARM.ActiveCfg = Release|ARM
		{A0F462EE-FBAA-415E-B7AC-C3F58649A52B}.AppStore|ARM.Build.0 = Release|ARM
		{A0F462EE-FBAA-415E-B7AC-C3F58649A52B}.AppStore|ARM.Deploy.0 = Release|ARM
		{A0F462EE-FBAA-415E-B7AC-C3F58649A52B}.AppStore|iPhone.ActiveCfg = Release|x86
		{A0F462EE-FBAA-415E-B7AC-C3F58649A52B}.AppStore|iPhone.Build.0 = Release|x86
		{A0F462EE-FBAA-415E-B7AC-C3F58649A52B}.AppStore|iPhone.Deploy.0 = Release|x86
		{A0F462EE-FBAA-415E-B7AC-C3F58649A52B}.AppStore|iPhoneSimulator.ActiveCfg = Release|x86
		{A0F462EE-FBAA-415E-B7AC-C3F58649A52B}.AppStore|iPhoneSimulator.Build.0 = Release|x86
		{A0F462EE-FBAA-415E-B7AC-C3F58649A52B}.AppStore|iPhoneSimulator.Deploy.0 = Release|x86
		{A0F462EE-FBAA-415E-B7AC-C3F58649A52B}.AppStore|x64.ActiveCfg = Release|x64
		{A0F462EE-FBAA-415E-B7AC-C3F58649A52B}.AppStore|x64.Build.0 = Release|x64
		{A0F462EE-FBAA-415E-B7AC-C3F58649A52B}.AppStore|x64.Deploy.0 = Release|x64
		{A0F462EE-FBAA-415E-B7AC-C3F58649A52B}.AppStore|x86.ActiveCfg = Release|x86
		{A0F462EE-FBAA-415E-B7AC-C3F58649A52B}.AppStore|x86.Build.0 = Release|x86
		{A0F462EE-FBAA-415E-B7AC-C3F58649A52B}.AppStore|x86.Deploy.0 = Release|x86
		{A0F462EE-FBAA-415E-B7AC-C3F58649A52B}.Debug|Any CPU.ActiveCfg = Debug|x86
		{A0F462EE-FBAA-415E-B7AC-C3F58649A52B}.Debug|ARM.ActiveCfg = Debug|ARM
		{A0F462EE-FBAA-415E-B7AC-C3F58649A52B}.Debug|ARM.Build.0 = Debug|ARM
		{A0F462EE-FBAA-415E-B7AC-C3F58649A52B}.Debug|ARM.Deploy.0 = Debug|ARM
		{A0F462EE-FBAA-415E-B7AC-C3F58649A52B}.Debug|iPhone.ActiveCfg = Debug|x86
		{A0F462EE-FBAA-415E-B7AC-C3F58649A52B}.Debug|iPhoneSimulator.ActiveCfg = Debug|x86
		{A0F462EE-FBAA-415E-B7AC-C3F58649A52B}.Debug|x64.ActiveCfg = Debug|x64
		{A0F462EE-FBAA-415E-B7AC-C3F58649A52B}.Debug|x64.Build.0 = Debug|x64
		{A0F462EE-FBAA-415E-B7AC-C3F58649A52B}.Debug|x64.Deploy.0 = Debug|x64
		{A0F462EE-FBAA-415E-B7AC-C3F58649A52B}.Debug|x86.ActiveCfg = Debug|x86
		{A0F462EE-FBAA-415E-B7AC-C3F58649A52B}.Debug|x86.Build.0 = Debug|x86
		{A0F462EE-FBAA-415E-B7AC-C3F58649A52B}.Debug|x86.Deploy.0 = Debug|x86
		{A0F462EE-FBAA-415E-B7AC-C3F58649A52B}.Release|Any CPU.ActiveCfg = Release|x86
		{A0F462EE-FBAA-415E-B7AC-C3F58649A52B}.Release|ARM.ActiveCfg = Release|ARM
		{A0F462EE-FBAA-415E-B7AC-C3F58649A52B}.Release|ARM.Build.0 = Release|ARM
		{A0F462EE-FBAA-415E-B7AC-C3F58649A52B}.Release|ARM.Deploy.0 = Release|ARM
		{A0F462EE-FBAA-415E-B7AC-C3F58649A52B}.Release|iPhone.ActiveCfg = Release|x86
		{A0F462EE-FBAA-415E-B7AC-C3F58649A52B}.Release|iPhoneSimulator.ActiveCfg = Release|x86
		{A0F462EE-FBAA-415E-B7AC-C3F58649A52B}.Release|x64.ActiveCfg = Release|x64
		{A0F462EE-FBAA-415E-B7AC-C3F58649A52B}.Release|x64.Build.0 = Release|x64
		{A0F462EE-FBAA-415E-B7AC-C3F58649A52B}.Release|x64.Deploy.0 = Release|x64
		{A0F462EE-FBAA-415E-B7AC-C3F58649A52B}.Release|x86.ActiveCfg = Release|x86
		{A0F462EE-FBAA-415E-B7AC-C3F58649A52B}.Release|x86.Build.0 = Release|x86
		{A0F462EE-FBAA-415E-B7AC-C3F58649A52B}.Release|x86.Deploy.0 = Release|x86
		{505F31D4-3BF3-4D69-8654-F39A40F0DF89}.Ad-Hoc|Any CPU.ActiveCfg = Debug|Any CPU
		{505F31D4-3BF3-4D69-8654-F39A40F0DF89}.Ad-Hoc|Any CPU.Build.0 = Debug|Any CPU
		{505F31D4-3BF3-4D69-8654-F39A40F0DF89}.Ad-Hoc|ARM.ActiveCfg = Debug|Any CPU
		{505F31D4-3BF3-4D69-8654-F39A40F0DF89}.Ad-Hoc|ARM.Build.0 = Debug|Any CPU
		{505F31D4-3BF3-4D69-8654-F39A40F0DF89}.Ad-Hoc|iPhone.ActiveCfg = Debug|Any CPU
		{505F31D4-3BF3-4D69-8654-F39A40F0DF89}.Ad-Hoc|iPhone.Build.0 = Debug|Any CPU
		{505F31D4-3BF3-4D69-8654-F39A40F0DF89}.Ad-Hoc|iPhoneSimulator.ActiveCfg = Debug|Any CPU
		{505F31D4-3BF3-4D69-8654-F39A40F0DF89}.Ad-Hoc|iPhoneSimulator.Build.0 = Debug|Any CPU
		{505F31D4-3BF3-4D69-8654-F39A40F0DF89}.Ad-Hoc|x64.ActiveCfg = Debug|Any CPU
		{505F31D4-3BF3-4D69-8654-F39A40F0DF89}.Ad-Hoc|x64.Build.0 = Debug|Any CPU
		{505F31D4-3BF3-4D69-8654-F39A40F0DF89}.Ad-Hoc|x86.ActiveCfg = Debug|Any CPU
		{505F31D4-3BF3-4D69-8654-F39A40F0DF89}.Ad-Hoc|x86.Build.0 = Debug|Any CPU
		{505F31D4-3BF3-4D69-8654-F39A40F0DF89}.AppStore|Any CPU.ActiveCfg = Debug|Any CPU
		{505F31D4-3BF3-4D69-8654-F39A40F0DF89}.AppStore|Any CPU.Build.0 = Debug|Any CPU
		{505F31D4-3BF3-4D69-8654-F39A40F0DF89}.AppStore|ARM.ActiveCfg = Debug|Any CPU
		{505F31D4-3BF3-4D69-8654-F39A40F0DF89}.AppStore|ARM.Build.0 = Debug|Any CPU
		{505F31D4-3BF3-4D69-8654-F39A40F0DF89}.AppStore|iPhone.ActiveCfg = Debug|Any CPU
		{505F31D4-3BF3-4D69-8654-F39A40F0DF89}.AppStore|iPhone.Build.0 = Debug|Any CPU
		{505F31D4-3BF3-4D69-8654-F39A40F0DF89}.AppStore|iPhoneSimulator.ActiveCfg = Debug|Any CPU
		{505F31D4-3BF3-4D69-8654-F39A40F0DF89}.AppStore|iPhoneSimulator.Build.0 = Debug|Any CPU
		{505F31D4-3BF3-4D69-8654-F39A40F0DF89}.AppStore|x64.ActiveCfg = Debug|Any CPU
		{505F31D4-3BF3-4D69-8654-F39A40F0DF89}.AppStore|x64.Build.0 = Debug|Any CPU
		{505F31D4-3BF3-4D69-8654-F39A40F0DF89}.AppStore|x86.ActiveCfg = Debug|Any CPU
		{505F31D4-3BF3-4D69-8654-F39A40F0DF89}.AppStore|x86.Build.0 = Debug|Any CPU
		{505F31D4-3BF3-4D69-8654-F39A40F0DF89}.Debug|Any CPU.ActiveCfg = Debug|Any CPU
		{505F31D4-3BF3-4D69-8654-F39A40F0DF89}.Debug|Any CPU.Build.0 = Debug|Any CPU
		{505F31D4-3BF3-4D69-8654-F39A40F0DF89}.Debug|ARM.ActiveCfg = Debug|Any CPU
		{505F31D4-3BF3-4D69-8654-F39A40F0DF89}.Debug|ARM.Build.0 = Debug|Any CPU
		{505F31D4-3BF3-4D69-8654-F39A40F0DF89}.Debug|iPhone.ActiveCfg = Debug|Any CPU
		{505F31D4-3BF3-4D69-8654-F39A40F0DF89}.Debug|iPhone.Build.0 = Debug|Any CPU
		{505F31D4-3BF3-4D69-8654-F39A40F0DF89}.Debug|iPhoneSimulator.ActiveCfg = Debug|Any CPU
		{505F31D4-3BF3-4D69-8654-F39A40F0DF89}.Debug|iPhoneSimulator.Build.0 = Debug|Any CPU
		{505F31D4-3BF3-4D69-8654-F39A40F0DF89}.Debug|x64.ActiveCfg = Debug|Any CPU
		{505F31D4-3BF3-4D69-8654-F39A40F0DF89}.Debug|x64.Build.0 = Debug|Any CPU
		{505F31D4-3BF3-4D69-8654-F39A40F0DF89}.Debug|x86.ActiveCfg = Debug|Any CPU
		{505F31D4-3BF3-4D69-8654-F39A40F0DF89}.Debug|x86.Build.0 = Debug|Any CPU
		{505F31D4-3BF3-4D69-8654-F39A40F0DF89}.Release|Any CPU.ActiveCfg = Release|Any CPU
		{505F31D4-3BF3-4D69-8654-F39A40F0DF89}.Release|Any CPU.Build.0 = Release|Any CPU
		{505F31D4-3BF3-4D69-8654-F39A40F0DF89}.Release|ARM.ActiveCfg = Release|Any CPU
		{505F31D4-3BF3-4D69-8654-F39A40F0DF89}.Release|ARM.Build.0 = Release|Any CPU
		{505F31D4-3BF3-4D69-8654-F39A40F0DF89}.Release|iPhone.ActiveCfg = Release|Any CPU
		{505F31D4-3BF3-4D69-8654-F39A40F0DF89}.Release|iPhone.Build.0 = Release|Any CPU
		{505F31D4-3BF3-4D69-8654-F39A40F0DF89}.Release|iPhoneSimulator.ActiveCfg = Release|Any CPU
		{505F31D4-3BF3-4D69-8654-F39A40F0DF89}.Release|iPhoneSimulator.Build.0 = Release|Any CPU
		{505F31D4-3BF3-4D69-8654-F39A40F0DF89}.Release|x64.ActiveCfg = Release|Any CPU
		{505F31D4-3BF3-4D69-8654-F39A40F0DF89}.Release|x64.Build.0 = Release|Any CPU
		{505F31D4-3BF3-4D69-8654-F39A40F0DF89}.Release|x86.ActiveCfg = Release|Any CPU
		{505F31D4-3BF3-4D69-8654-F39A40F0DF89}.Release|x86.Build.0 = Release|Any CPU
	EndGlobalSection
	GlobalSection(SolutionProperties) = preSolution
		HideSolutionNode = FALSE
	EndGlobalSection
	GlobalSection(ExtensibilityGlobals) = postSolution
		SolutionGuid = {7E2ED9BF-5384-4EEA-B6AE-0D9455D46930}
	EndGlobalSection
EndGlobal
