
Microsoft Visual Studio Solution File, Format Version 12.00
# Visual Studio Version 16
VisualStudioVersion = 16.0.29020.237
MinimumVisualStudioVersion = 10.0.40219.1
Project("{FAE04EC0-301F-11D3-BF4B-00C04F79EFBC}") = "SignalRChatDemo.UWP", "SignalRChatDemo\SignalRChatDemo.UWP\SignalRChatDemo.UWP.csproj", "{8B60384A-386B-4B78-90EC-D735C9844D43}"
EndProject
Project("{FAE04EC0-301F-11D3-BF4B-00C04F79EFBC}") = "SignalRChatDemo.Android", "SignalRChatDemo\SignalRChatDemo.Android\SignalRChatDemo.Android.csproj", "{4F1723A9-D86E-4721-AEC2-9E8315C5EA33}"
EndProject
Project("{FAE04EC0-301F-11D3-BF4B-00C04F79EFBC}") = "SignalRChatDemo.iOS", "SignalRChatDemo\SignalRChatDemo.iOS\SignalRChatDemo.iOS.csproj", "{3A2D41E5-0267-4071-BC0F-D1A231902500}"
EndProject
Project("{FAE04EC0-301F-11D3-BF4B-00C04F79EFBC}") = "SignalRChatDemo", "SignalRChatDemo\SignalRChatDemo\SignalRChatDemo.csproj", "{A7F507B7-3971-49AE-98A0-313410324B50}"
EndProject
Project("{FAE04EC0-301F-11D3-BF4B-00C04F79EFBC}") = "SignalRChatDemo.Webserver", "SignalRChatDemo.Webserver\SignalRChatDemo.Webserver.csproj", "{981886BE-A429-4992-99E5-6046BEB1AC96}"
EndProject
Global
	GlobalSection(SolutionConfigurationPlatforms) = preSolution
		Debug|Any CPU = Debug|Any CPU
		Debug|ARM = Debug|ARM
		Debug|iPhone = Debug|iPhone
		Debug|iPhoneSimulator = Debug|iPhoneSimulator
		Debug|x64 = Debug|x64
		Debug|x86 = Debug|x86
		Release|Any CPU = Release|Any CPU
		Release|ARM = Release|ARM
		Release|iPhone = Release|iPhone
		Release|iPhoneSimulator = Release|iPhoneSimulator
		Release|x64 = Release|x64
		Release|x86 = Release|x86
	EndGlobalSection
	GlobalSection(ProjectConfigurationPlatforms) = postSolution
		{8B60384A-386B-4B78-90EC-D735C9844D43}.Debug|Any CPU.ActiveCfg = Debug|x86
		{8B60384A-386B-4B78-90EC-D735C9844D43}.Debug|Any CPU.Build.0 = Debug|x86
		{8B60384A-386B-4B78-90EC-D735C9844D43}.Debug|Any CPU.Deploy.0 = Debug|x86
		{8B60384A-386B-4B78-90EC-D735C9844D43}.Debug|ARM.ActiveCfg = Debug|ARM
		{8B60384A-386B-4B78-90EC-D735C9844D43}.Debug|ARM.Build.0 = Debug|ARM
		{8B60384A-386B-4B78-90EC-D735C9844D43}.Debug|ARM.Deploy.0 = Debug|ARM
		{8B60384A-386B-4B78-90EC-D735C9844D43}.Debug|iPhone.ActiveCfg = Debug|x86
		{8B60384A-386B-4B78-90EC-D735C9844D43}.Debug|iPhone.Build.0 = Debug|x86
		{8B60384A-386B-4B78-90EC-D735C9844D43}.Debug|iPhone.Deploy.0 = Debug|x86
		{8B60384A-386B-4B78-90EC-D735C9844D43}.Debug|iPhoneSimulator.ActiveCfg = Debug|x86
		{8B60384A-386B-4B78-90EC-D735C9844D43}.Debug|iPhoneSimulator.Build.0 = Debug|x86
		{8B60384A-386B-4B78-90EC-D735C9844D43}.Debug|iPhoneSimulator.Deploy.0 = Debug|x86
		{8B60384A-386B-4B78-90EC-D735C9844D43}.Debug|x64.ActiveCfg = Debug|x64
		{8B60384A-386B-4B78-90EC-D735C9844D43}.Debug|x64.Build.0 = Debug|x64
		{8B60384A-386B-4B78-90EC-D735C9844D43}.Debug|x64.Deploy.0 = Debug|x64
		{8B60384A-386B-4B78-90EC-D735C9844D43}.Debug|x86.ActiveCfg = Debug|x86
		{8B60384A-386B-4B78-90EC-D735C9844D43}.Debug|x86.Build.0 = Debug|x86
		{8B60384A-386B-4B78-90EC-D735C9844D43}.Debug|x86.Deploy.0 = Debug|x86
		{8B60384A-386B-4B78-90EC-D735C9844D43}.Release|Any CPU.ActiveCfg = Release|x86
		{8B60384A-386B-4B78-90EC-D735C9844D43}.Release|Any CPU.Build.0 = Release|x86
		{8B60384A-386B-4B78-90EC-D735C9844D43}.Release|Any CPU.Deploy.0 = Release|x86
		{8B60384A-386B-4B78-90EC-D735C9844D43}.Release|ARM.ActiveCfg = Release|ARM
		{8B60384A-386B-4B78-90EC-D735C9844D43}.Release|ARM.Build.0 = Release|ARM
		{8B60384A-386B-4B78-90EC-D735C9844D43}.Release|ARM.Deploy.0 = Release|ARM
		{8B60384A-386B-4B78-90EC-D735C9844D43}.Release|iPhone.ActiveCfg = Release|x86
		{8B60384A-386B-4B78-90EC-D735C9844D43}.Release|iPhone.Build.0 = Release|x86
		{8B60384A-386B-4B78-90EC-D735C9844D43}.Release|iPhone.Deploy.0 = Release|x86
		{8B60384A-386B-4B78-90EC-D735C9844D43}.Release|iPhoneSimulator.ActiveCfg = Release|x86
		{8B60384A-386B-4B78-90EC-D735C9844D43}.Release|iPhoneSimulator.Build.0 = Release|x86
		{8B60384A-386B-4B78-90EC-D735C9844D43}.Release|iPhoneSimulator.Deploy.0 = Release|x86
		{8B60384A-386B-4B78-90EC-D735C9844D43}.Release|x64.ActiveCfg = Release|x64
		{8B60384A-386B-4B78-90EC-D735C9844D43}.Release|x64.Build.0 = Release|x64
		{8B60384A-386B-4B78-90EC-D735C9844D43}.Release|x64.Deploy.0 = Release|x64
		{8B60384A-386B-4B78-90EC-D735C9844D43}.Release|x86.ActiveCfg = Release|x86
		{8B60384A-386B-4B78-90EC-D735C9844D43}.Release|x86.Build.0 = Release|x86
		{8B60384A-386B-4B78-90EC-D735C9844D43}.Release|x86.Deploy.0 = Release|x86
		{4F1723A9-D86E-4721-AEC2-9E8315C5EA33}.Debug|Any CPU.ActiveCfg = Debug|Any CPU
		{4F1723A9-D86E-4721-AEC2-9E8315C5EA33}.Debug|Any CPU.Build.0 = Debug|Any CPU
		{4F1723A9-D86E-4721-AEC2-9E8315C5EA33}.Debug|Any CPU.Deploy.0 = Debug|Any CPU
		{4F1723A9-D86E-4721-AEC2-9E8315C5EA33}.Debug|ARM.ActiveCfg = Debug|Any CPU
		{4F1723A9-D86E-4721-AEC2-9E8315C5EA33}.Debug|ARM.Build.0 = Debug|Any CPU
		{4F1723A9-D86E-4721-AEC2-9E8315C5EA33}.Debug|ARM.Deploy.0 = Debug|Any CPU
		{4F1723A9-D86E-4721-AEC2-9E8315C5EA33}.Debug|iPhone.ActiveCfg = Debug|Any CPU
		{4F1723A9-D86E-4721-AEC2-9E8315C5EA33}.Debug|iPhone.Build.0 = Debug|Any CPU
		{4F1723A9-D86E-4721-AEC2-9E8315C5EA33}.Debug|iPhone.Deploy.0 = Debug|Any CPU
		{4F1723A9-D86E-4721-AEC2-9E8315C5EA33}.Debug|iPhoneSimulator.ActiveCfg = Debug|Any CPU
		{4F1723A9-D86E-4721-AEC2-9E8315C5EA33}.Debug|iPhoneSimulator.Build.0 = Debug|Any CPU
		{4F1723A9-D86E-4721-AEC2-9E8315C5EA33}.Debug|iPhoneSimulator.Deploy.0 = Debug|Any CPU
		{4F1723A9-D86E-4721-AEC2-9E8315C5EA33}.Debug|x64.ActiveCfg = Debug|Any CPU
		{4F1723A9-D86E-4721-AEC2-9E8315C5EA33}.Debug|x64.Build.0 = Debug|Any CPU
		{4F1723A9-D86E-4721-AEC2-9E8315C5EA33}.Debug|x64.Deploy.0 = Debug|Any CPU
		{4F1723A9-D86E-4721-AEC2-9E8315C5EA33}.Debug|x86.ActiveCfg = Debug|Any CPU
		{4F1723A9-D86E-4721-AEC2-9E8315C5EA33}.Debug|x86.Build.0 = Debug|Any CPU
		{4F1723A9-D86E-4721-AEC2-9E8315C5EA33}.Debug|x86.Deploy.0 = Debug|Any CPU
		{4F1723A9-D86E-4721-AEC2-9E8315C5EA33}.Release|Any CPU.ActiveCfg = Release|Any CPU
		{4F1723A9-D86E-4721-AEC2-9E8315C5EA33}.Release|Any CPU.Build.0 = Release|Any CPU
		{4F1723A9-D86E-4721-AEC2-9E8315C5EA33}.Release|Any CPU.Deploy.0 = Release|Any CPU
		{4F1723A9-D86E-4721-AEC2-9E8315C5EA33}.Release|ARM.ActiveCfg = Release|Any CPU
		{4F1723A9-D86E-4721-AEC2-9E8315C5EA33}.Release|ARM.Build.0 = Release|Any CPU
		{4F1723A9-D86E-4721-AEC2-9E8315C5EA33}.Release|ARM.Deploy.0 = Release|Any CPU
		{4F1723A9-D86E-4721-AEC2-9E8315C5EA33}.Release|iPhone.ActiveCfg = Release|Any CPU
		{4F1723A9-D86E-4721-AEC2-9E8315C5EA33}.Release|iPhone.Build.0 = Release|Any CPU
		{4F1723A9-D86E-4721-AEC2-9E8315C5EA33}.Release|iPhone.Deploy.0 = Release|Any CPU
		{4F1723A9-D86E-4721-AEC2-9E8315C5EA33}.Release|iPhoneSimulator.ActiveCfg = Release|Any CPU
		{4F1723A9-D86E-4721-AEC2-9E8315C5EA33}.Release|iPhoneSimulator.Build.0 = Release|Any CPU
		{4F1723A9-D86E-4721-AEC2-9E8315C5EA33}.Release|iPhoneSimulator.Deploy.0 = Release|Any CPU
		{4F1723A9-D86E-4721-AEC2-9E8315C5EA33}.Release|x64.ActiveCfg = Release|Any CPU
		{4F1723A9-D86E-4721-AEC2-9E8315C5EA33}.Release|x64.Build.0 = Release|Any CPU
		{4F1723A9-D86E-4721-AEC2-9E8315C5EA33}.Release|x64.Deploy.0 = Release|Any CPU
		{4F1723A9-D86E-4721-AEC2-9E8315C5EA33}.Release|x86.ActiveCfg = Release|Any CPU
		{4F1723A9-D86E-4721-AEC2-9E8315C5EA33}.Release|x86.Build.0 = Release|Any CPU
		{4F1723A9-D86E-4721-AEC2-9E8315C5EA33}.Release|x86.Deploy.0 = Release|Any CPU
		{3A2D41E5-0267-4071-BC0F-D1A231902500}.Debug|Any CPU.ActiveCfg = Debug|iPhone
		{3A2D41E5-0267-4071-BC0F-D1A231902500}.Debug|Any CPU.Build.0 = Debug|iPhone
		{3A2D41E5-0267-4071-BC0F-D1A231902500}.Debug|Any CPU.Deploy.0 = Debug|iPhone
		{3A2D41E5-0267-4071-BC0F-D1A231902500}.Debug|ARM.ActiveCfg = Debug|iPhoneSimulator
		{3A2D41E5-0267-4071-BC0F-D1A231902500}.Debug|ARM.Build.0 = Debug|iPhoneSimulator
		{3A2D41E5-0267-4071-BC0F-D1A231902500}.Debug|ARM.Deploy.0 = Debug|iPhoneSimulator
		{3A2D41E5-0267-4071-BC0F-D1A231902500}.Debug|iPhone.ActiveCfg = Debug|iPhone
		{3A2D41E5-0267-4071-BC0F-D1A231902500}.Debug|iPhone.Build.0 = Debug|iPhone
		{3A2D41E5-0267-4071-BC0F-D1A231902500}.Debug|iPhone.Deploy.0 = Debug|iPhone
		{3A2D41E5-0267-4071-BC0F-D1A231902500}.Debug|iPhoneSimulator.ActiveCfg = Debug|iPhoneSimulator
		{3A2D41E5-0267-4071-BC0F-D1A231902500}.Debug|iPhoneSimulator.Build.0 = Debug|iPhoneSimulator
		{3A2D41E5-0267-4071-BC0F-D1A231902500}.Debug|iPhoneSimulator.Deploy.0 = Debug|iPhoneSimulator
		{3A2D41E5-0267-4071-BC0F-D1A231902500}.Debug|x64.ActiveCfg = Debug|iPhone
		{3A2D41E5-0267-4071-BC0F-D1A231902500}.Debug|x64.Build.0 = Debug|iPhone
		{3A2D41E5-0267-4071-BC0F-D1A231902500}.Debug|x64.Deploy.0 = Debug|iPhone
		{3A2D41E5-0267-4071-BC0F-D1A231902500}.Debug|x86.ActiveCfg = Debug|iPhone
		{3A2D41E5-0267-4071-BC0F-D1A231902500}.Debug|x86.Build.0 = Debug|iPhone
		{3A2D41E5-0267-4071-BC0F-D1A231902500}.Debug|x86.Deploy.0 = Debug|iPhone
		{3A2D41E5-0267-4071-BC0F-D1A231902500}.Release|Any CPU.ActiveCfg = Release|iPhone
		{3A2D41E5-0267-4071-BC0F-D1A231902500}.Release|Any CPU.Build.0 = Release|iPhone
		{3A2D41E5-0267-4071-BC0F-D1A231902500}.Release|Any CPU.Deploy.0 = Release|iPhone
		{3A2D41E5-0267-4071-BC0F-D1A231902500}.Release|ARM.ActiveCfg = Release|iPhone
		{3A2D41E5-0267-4071-BC0F-D1A231902500}.Release|ARM.Build.0 = Release|iPhone
		{3A2D41E5-0267-4071-BC0F-D1A231902500}.Release|ARM.Deploy.0 = Release|iPhone
		{3A2D41E5-0267-4071-BC0F-D1A231902500}.Release|iPhone.ActiveCfg = Release|iPhone
		{3A2D41E5-0267-4071-BC0F-D1A231902500}.Release|iPhone.Build.0 = Release|iPhone
		{3A2D41E5-0267-4071-BC0F-D1A231902500}.Release|iPhone.Deploy.0 = Release|iPhone
		{3A2D41E5-0267-4071-BC0F-D1A231902500}.Release|iPhoneSimulator.ActiveCfg = Release|iPhoneSimulator
		{3A2D41E5-0267-4071-BC0F-D1A231902500}.Release|iPhoneSimulator.Build.0 = Release|iPhoneSimulator
		{3A2D41E5-0267-4071-BC0F-D1A231902500}.Release|iPhoneSimulator.Deploy.0 = Release|iPhoneSimulator
		{3A2D41E5-0267-4071-BC0F-D1A231902500}.Release|x64.ActiveCfg = Release|iPhone
		{3A2D41E5-0267-4071-BC0F-D1A231902500}.Release|x64.Build.0 = Release|iPhone
		{3A2D41E5-0267-4071-BC0F-D1A231902500}.Release|x64.Deploy.0 = Release|iPhone
		{3A2D41E5-0267-4071-BC0F-D1A231902500}.Release|x86.ActiveCfg = Release|iPhone
		{3A2D41E5-0267-4071-BC0F-D1A231902500}.Release|x86.Build.0 = Release|iPhone
		{3A2D41E5-0267-4071-BC0F-D1A231902500}.Release|x86.Deploy.0 = Release|iPhone
		{A7F507B7-3971-49AE-98A0-313410324B50}.Debug|Any CPU.ActiveCfg = Debug|Any CPU
		{A7F507B7-3971-49AE-98A0-313410324B50}.Debug|Any CPU.Build.0 = Debug|Any CPU
		{A7F507B7-3971-49AE-98A0-313410324B50}.Debug|Any CPU.Deploy.0 = Debug|Any CPU
		{A7F507B7-3971-49AE-98A0-313410324B50}.Debug|ARM.ActiveCfg = Debug|Any CPU
		{A7F507B7-3971-49AE-98A0-313410324B50}.Debug|ARM.Build.0 = Debug|Any CPU
		{A7F507B7-3971-49AE-98A0-313410324B50}.Debug|ARM.Deploy.0 = Debug|Any CPU
		{A7F507B7-3971-49AE-98A0-313410324B50}.Debug|iPhone.ActiveCfg = Debug|Any CPU
		{A7F507B7-3971-49AE-98A0-313410324B50}.Debug|iPhone.Build.0 = Debug|Any CPU
		{A7F507B7-3971-49AE-98A0-313410324B50}.Debug|iPhone.Deploy.0 = Debug|Any CPU
		{A7F507B7-3971-49AE-98A0-313410324B50}.Debug|iPhoneSimulator.ActiveCfg = Debug|Any CPU
		{A7F507B7-3971-49AE-98A0-313410324B50}.Debug|iPhoneSimulator.Build.0 = Debug|Any CPU
		{A7F507B7-3971-49AE-98A0-313410324B50}.Debug|iPhoneSimulator.Deploy.0 = Debug|Any CPU
		{A7F507B7-3971-49AE-98A0-313410324B50}.Debug|x64.ActiveCfg = Debug|Any CPU
		{A7F507B7-3971-49AE-98A0-313410324B50}.Debug|x64.Build.0 = Debug|Any CPU
		{A7F507B7-3971-49AE-98A0-313410324B50}.Debug|x64.Deploy.0 = Debug|Any CPU
		{A7F507B7-3971-49AE-98A0-313410324B50}.Debug|x86.ActiveCfg = Debug|Any CPU
		{A7F507B7-3971-49AE-98A0-313410324B50}.Debug|x86.Build.0 = Debug|Any CPU
		{A7F507B7-3971-49AE-98A0-313410324B50}.Debug|x86.Deploy.0 = Debug|Any CPU
		{A7F507B7-3971-49AE-98A0-313410324B50}.Release|Any CPU.ActiveCfg = Release|Any CPU
		{A7F507B7-3971-49AE-98A0-313410324B50}.Release|Any CPU.Build.0 = Release|Any CPU
		{A7F507B7-3971-49AE-98A0-313410324B50}.Release|Any CPU.Deploy.0 = Release|Any CPU
		{A7F507B7-3971-49AE-98A0-313410324B50}.Release|ARM.ActiveCfg = Release|Any CPU
		{A7F507B7-3971-49AE-98A0-313410324B50}.Release|ARM.Build.0 = Release|Any CPU
		{A7F507B7-3971-49AE-98A0-313410324B50}.Release|ARM.Deploy.0 = Release|Any CPU
		{A7F507B7-3971-49AE-98A0-313410324B50}.Release|iPhone.ActiveCfg = Release|Any CPU
		{A7F507B7-3971-49AE-98A0-313410324B50}.Release|iPhone.Build.0 = Release|Any CPU
		{A7F507B7-3971-49AE-98A0-313410324B50}.Release|iPhone.Deploy.0 = Release|Any CPU
		{A7F507B7-3971-49AE-98A0-313410324B50}.Release|iPhoneSimulator.ActiveCfg = Release|Any CPU
		{A7F507B7-3971-49AE-98A0-313410324B50}.Release|iPhoneSimulator.Build.0 = Release|Any CPU
		{A7F507B7-3971-49AE-98A0-313410324B50}.Release|iPhoneSimulator.Deploy.0 = Release|Any CPU
		{A7F507B7-3971-49AE-98A0-313410324B50}.Release|x64.ActiveCfg = Release|Any CPU
		{A7F507B7-3971-49AE-98A0-313410324B50}.Release|x64.Build.0 = Release|Any CPU
		{A7F507B7-3971-49AE-98A0-313410324B50}.Release|x64.Deploy.0 = Release|Any CPU
		{A7F507B7-3971-49AE-98A0-313410324B50}.Release|x86.ActiveCfg = Release|Any CPU
		{A7F507B7-3971-49AE-98A0-313410324B50}.Release|x86.Build.0 = Release|Any CPU
		{A7F507B7-3971-49AE-98A0-313410324B50}.Release|x86.Deploy.0 = Release|Any CPU
		{981886BE-A429-4992-99E5-6046BEB1AC96}.Debug|Any CPU.ActiveCfg = Debug|Any CPU
		{981886BE-A429-4992-99E5-6046BEB1AC96}.Debug|Any CPU.Build.0 = Debug|Any CPU
		{981886BE-A429-4992-99E5-6046BEB1AC96}.Debug|ARM.ActiveCfg = Debug|Any CPU
		{981886BE-A429-4992-99E5-6046BEB1AC96}.Debug|ARM.Build.0 = Debug|Any CPU
		{981886BE-A429-4992-99E5-6046BEB1AC96}.Debug|iPhone.ActiveCfg = Debug|Any CPU
		{981886BE-A429-4992-99E5-6046BEB1AC96}.Debug|iPhone.Build.0 = Debug|Any CPU
		{981886BE-A429-4992-99E5-6046BEB1AC96}.Debug|iPhoneSimulator.ActiveCfg = Debug|Any CPU
		{981886BE-A429-4992-99E5-6046BEB1AC96}.Debug|iPhoneSimulator.Build.0 = Debug|Any CPU
		{981886BE-A429-4992-99E5-6046BEB1AC96}.Debug|x64.ActiveCfg = Debug|Any CPU
		{981886BE-A429-4992-99E5-6046BEB1AC96}.Debug|x64.Build.0 = Debug|Any CPU
		{981886BE-A429-4992-99E5-6046BEB1AC96}.Debug|x86.ActiveCfg = Debug|Any CPU
		{981886BE-A429-4992-99E5-6046BEB1AC96}.Debug|x86.Build.0 = Debug|Any CPU
		{981886BE-A429-4992-99E5-6046BEB1AC96}.Release|Any CPU.ActiveCfg = Release|Any CPU
		{981886BE-A429-4992-99E5-6046BEB1AC96}.Release|Any CPU.Build.0 = Release|Any CPU
		{981886BE-A429-4992-99E5-6046BEB1AC96}.Release|ARM.ActiveCfg = Release|Any CPU
		{981886BE-A429-4992-99E5-6046BEB1AC96}.Release|ARM.Build.0 = Release|Any CPU
		{981886BE-A429-4992-99E5-6046BEB1AC96}.Release|iPhone.ActiveCfg = Release|Any CPU
		{981886BE-A429-4992-99E5-6046BEB1AC96}.Release|iPhone.Build.0 = Release|Any CPU
		{981886BE-A429-4992-99E5-6046BEB1AC96}.Release|iPhoneSimulator.ActiveCfg = Release|Any CPU
		{981886BE-A429-4992-99E5-6046BEB1AC96}.Release|iPhoneSimulator.Build.0 = Release|Any CPU
		{981886BE-A429-4992-99E5-6046BEB1AC96}.Release|x64.ActiveCfg = Release|Any CPU
		{981886BE-A429-4992-99E5-6046BEB1AC96}.Release|x64.Build.0 = Release|Any CPU
		{981886BE-A429-4992-99E5-6046BEB1AC96}.Release|x86.ActiveCfg = Release|Any CPU
		{981886BE-A429-4992-99E5-6046BEB1AC96}.Release|x86.Build.0 = Release|Any CPU
	EndGlobalSection
	GlobalSection(SolutionProperties) = preSolution
		HideSolutionNode = FALSE
	EndGlobalSection
	GlobalSection(ExtensibilityGlobals) = postSolution
		SolutionGuid = {D351C5E5-1F9A-4A93-BD1B-06A4D4145F0D}
	EndGlobalSection
EndGlobal
