
Microsoft Visual Studio Solution File, Format Version 12.00
# Visual Studio Version 17
VisualStudioVersion = 17.0.32112.339
MinimumVisualStudioVersion = 10.0.40219.1
Project("{FAE04EC0-301F-11D3-BF4B-00C04F79EFBC}") = "PdfViewerWithSignaturePad.UWP", "PdfViewerWithSignaturePad\PdfViewerWithSignaturePad.UWP\PdfViewerWithSignaturePad.UWP.csproj", "{CFD9EC4A-CE98-4044-9E58-A1050ABAA86A}"
EndProject
Project("{FAE04EC0-301F-11D3-BF4B-00C04F79EFBC}") = "PdfViewerWithSignaturePad.Android", "PdfViewerWithSignaturePad\PdfViewerWithSignaturePad.Android\PdfViewerWithSignaturePad.Android.csproj", "{D1628FD4-B644-45E3-BBEE-37D92C1FB388}"
EndProject
Project("{FAE04EC0-301F-11D3-BF4B-00C04F79EFBC}") = "PdfViewerWithSignaturePad.iOS", "PdfViewerWithSignaturePad\PdfViewerWithSignaturePad.iOS\PdfViewerWithSignaturePad.iOS.csproj", "{39D96AB5-C29F-4608-AE1A-F6C0E735699B}"
EndProject
Project("{FAE04EC0-301F-11D3-BF4B-00C04F79EFBC}") = "PdfViewerWithSignaturePad", "PdfViewerWithSignaturePad\PdfViewerWithSignaturePad\PdfViewerWithSignaturePad.csproj", "{12225883-00A7-4027-8879-ED43356D79BC}"
EndProject
Global
	GlobalSection(SolutionConfigurationPlatforms) = preSolution
		Debug|Any CPU = Debug|Any CPU
		Debug|ARM = Debug|ARM
		Debug|iPhone = Debug|iPhone
		Debug|iPhoneSimulator = Debug|iPhoneSimulator
		Debug|x64 = Debug|x64
		Debug|x86 = Debug|x86
		Release|Any CPU = Release|Any CPU
		Release|ARM = Release|ARM
		Release|iPhone = Release|iPhone
		Release|iPhoneSimulator = Release|iPhoneSimulator
		Release|x64 = Release|x64
		Release|x86 = Release|x86
	EndGlobalSection
	GlobalSection(ProjectConfigurationPlatforms) = postSolution
		{CFD9EC4A-CE98-4044-9E58-A1050ABAA86A}.Debug|Any CPU.ActiveCfg = Debug|x64
		{CFD9EC4A-CE98-4044-9E58-A1050ABAA86A}.Debug|Any CPU.Build.0 = Debug|x64
		{CFD9EC4A-CE98-4044-9E58-A1050ABAA86A}.Debug|Any CPU.Deploy.0 = Debug|x64
		{CFD9EC4A-CE98-4044-9E58-A1050ABAA86A}.Debug|ARM.ActiveCfg = Debug|ARM
		{CFD9EC4A-CE98-4044-9E58-A1050ABAA86A}.Debug|ARM.Build.0 = Debug|ARM
		{CFD9EC4A-CE98-4044-9E58-A1050ABAA86A}.Debug|ARM.Deploy.0 = Debug|ARM
		{CFD9EC4A-CE98-4044-9E58-A1050ABAA86A}.Debug|iPhone.ActiveCfg = Debug|x64
		{CFD9EC4A-CE98-4044-9E58-A1050ABAA86A}.Debug|iPhone.Build.0 = Debug|x64
		{CFD9EC4A-CE98-4044-9E58-A1050ABAA86A}.Debug|iPhone.Deploy.0 = Debug|x64
		{CFD9EC4A-CE98-4044-9E58-A1050ABAA86A}.Debug|iPhoneSimulator.ActiveCfg = Debug|x64
		{CFD9EC4A-CE98-4044-9E58-A1050ABAA86A}.Debug|iPhoneSimulator.Build.0 = Debug|x64
		{CFD9EC4A-CE98-4044-9E58-A1050ABAA86A}.Debug|iPhoneSimulator.Deploy.0 = Debug|x64
		{CFD9EC4A-CE98-4044-9E58-A1050ABAA86A}.Debug|x64.ActiveCfg = Debug|x64
		{CFD9EC4A-CE98-4044-9E58-A1050ABAA86A}.Debug|x64.Build.0 = Debug|x64
		{CFD9EC4A-CE98-4044-9E58-A1050ABAA86A}.Debug|x64.Deploy.0 = Debug|x64
		{CFD9EC4A-CE98-4044-9E58-A1050ABAA86A}.Debug|x86.ActiveCfg = Debug|x86
		{CFD9EC4A-CE98-4044-9E58-A1050ABAA86A}.Debug|x86.Build.0 = Debug|x86
		{CFD9EC4A-CE98-4044-9E58-A1050ABAA86A}.Debug|x86.Deploy.0 = Debug|x86
		{CFD9EC4A-CE98-4044-9E58-A1050ABAA86A}.Release|Any CPU.ActiveCfg = Release|x64
		{CFD9EC4A-CE98-4044-9E58-A1050ABAA86A}.Release|Any CPU.Build.0 = Release|x64
		{CFD9EC4A-CE98-4044-9E58-A1050ABAA86A}.Release|Any CPU.Deploy.0 = Release|x64
		{CFD9EC4A-CE98-4044-9E58-A1050ABAA86A}.Release|ARM.ActiveCfg = Release|ARM
		{CFD9EC4A-CE98-4044-9E58-A1050ABAA86A}.Release|ARM.Build.0 = Release|ARM
		{CFD9EC4A-CE98-4044-9E58-A1050ABAA86A}.Release|ARM.Deploy.0 = Release|ARM
		{CFD9EC4A-CE98-4044-9E58-A1050ABAA86A}.Release|iPhone.ActiveCfg = Release|x64
		{CFD9EC4A-CE98-4044-9E58-A1050ABAA86A}.Release|iPhone.Build.0 = Release|x64
		{CFD9EC4A-CE98-4044-9E58-A1050ABAA86A}.Release|iPhone.Deploy.0 = Release|x64
		{CFD9EC4A-CE98-4044-9E58-A1050ABAA86A}.Release|iPhoneSimulator.ActiveCfg = Release|x64
		{CFD9EC4A-CE98-4044-9E58-A1050ABAA86A}.Release|iPhoneSimulator.Build.0 = Release|x64
		{CFD9EC4A-CE98-4044-9E58-A1050ABAA86A}.Release|iPhoneSimulator.Deploy.0 = Release|x64
		{CFD9EC4A-CE98-4044-9E58-A1050ABAA86A}.Release|x64.ActiveCfg = Release|x64
		{CFD9EC4A-CE98-4044-9E58-A1050ABAA86A}.Release|x64.Build.0 = Release|x64
		{CFD9EC4A-CE98-4044-9E58-A1050ABAA86A}.Release|x64.Deploy.0 = Release|x64
		{CFD9EC4A-CE98-4044-9E58-A1050ABAA86A}.Release|x86.ActiveCfg = Release|x86
		{CFD9EC4A-CE98-4044-9E58-A1050ABAA86A}.Release|x86.Build.0 = Release|x86
		{CFD9EC4A-CE98-4044-9E58-A1050ABAA86A}.Release|x86.Deploy.0 = Release|x86
		{D1628FD4-B644-45E3-BBEE-37D92C1FB388}.Debug|Any CPU.ActiveCfg = Debug|Any CPU
		{D1628FD4-B644-45E3-BBEE-37D92C1FB388}.Debug|Any CPU.Build.0 = Debug|Any CPU
		{D1628FD4-B644-45E3-BBEE-37D92C1FB388}.Debug|Any CPU.Deploy.0 = Debug|Any CPU
		{D1628FD4-B644-45E3-BBEE-37D92C1FB388}.Debug|ARM.ActiveCfg = Debug|Any CPU
		{D1628FD4-B644-45E3-BBEE-37D92C1FB388}.Debug|ARM.Build.0 = Debug|Any CPU
		{D1628FD4-B644-45E3-BBEE-37D92C1FB388}.Debug|ARM.Deploy.0 = Debug|Any CPU
		{D1628FD4-B644-45E3-BBEE-37D92C1FB388}.Debug|iPhone.ActiveCfg = Debug|Any CPU
		{D1628FD4-B644-45E3-BBEE-37D92C1FB388}.Debug|iPhone.Build.0 = Debug|Any CPU
		{D1628FD4-B644-45E3-BBEE-37D92C1FB388}.Debug|iPhone.Deploy.0 = Debug|Any CPU
		{D1628FD4-B644-45E3-BBEE-37D92C1FB388}.Debug|iPhoneSimulator.ActiveCfg = Debug|Any CPU
		{D1628FD4-B644-45E3-BBEE-37D92C1FB388}.Debug|iPhoneSimulator.Build.0 = Debug|Any CPU
		{D1628FD4-B644-45E3-BBEE-37D92C1FB388}.Debug|iPhoneSimulator.Deploy.0 = Debug|Any CPU
		{D1628FD4-B644-45E3-BBEE-37D92C1FB388}.Debug|x64.ActiveCfg = Debug|Any CPU
		{D1628FD4-B644-45E3-BBEE-37D92C1FB388}.Debug|x64.Build.0 = Debug|Any CPU
		{D1628FD4-B644-45E3-BBEE-37D92C1FB388}.Debug|x64.Deploy.0 = Debug|Any CPU
		{D1628FD4-B644-45E3-BBEE-37D92C1FB388}.Debug|x86.ActiveCfg = Debug|Any CPU
		{D1628FD4-B644-45E3-BBEE-37D92C1FB388}.Debug|x86.Build.0 = Debug|Any CPU
		{D1628FD4-B644-45E3-BBEE-37D92C1FB388}.Debug|x86.Deploy.0 = Debug|Any CPU
		{D1628FD4-B644-45E3-BBEE-37D92C1FB388}.Release|Any CPU.ActiveCfg = Release|Any CPU
		{D1628FD4-B644-45E3-BBEE-37D92C1FB388}.Release|Any CPU.Build.0 = Release|Any CPU
		{D1628FD4-B644-45E3-BBEE-37D92C1FB388}.Release|Any CPU.Deploy.0 = Release|Any CPU
		{D1628FD4-B644-45E3-BBEE-37D92C1FB388}.Release|ARM.ActiveCfg = Release|Any CPU
		{D1628FD4-B644-45E3-BBEE-37D92C1FB388}.Release|ARM.Build.0 = Release|Any CPU
		{D1628FD4-B644-45E3-BBEE-37D92C1FB388}.Release|ARM.Deploy.0 = Release|Any CPU
		{D1628FD4-B644-45E3-BBEE-37D92C1FB388}.Release|iPhone.ActiveCfg = Release|Any CPU
		{D1628FD4-B644-45E3-BBEE-37D92C1FB388}.Release|iPhone.Build.0 = Release|Any CPU
		{D1628FD4-B644-45E3-BBEE-37D92C1FB388}.Release|iPhone.Deploy.0 = Release|Any CPU
		{D1628FD4-B644-45E3-BBEE-37D92C1FB388}.Release|iPhoneSimulator.ActiveCfg = Release|Any CPU
		{D1628FD4-B644-45E3-BBEE-37D92C1FB388}.Release|iPhoneSimulator.Build.0 = Release|Any CPU
		{D1628FD4-B644-45E3-BBEE-37D92C1FB388}.Release|iPhoneSimulator.Deploy.0 = Release|Any CPU
		{D1628FD4-B644-45E3-BBEE-37D92C1FB388}.Release|x64.ActiveCfg = Release|Any CPU
		{D1628FD4-B644-45E3-BBEE-37D92C1FB388}.Release|x64.Build.0 = Release|Any CPU
		{D1628FD4-B644-45E3-BBEE-37D92C1FB388}.Release|x64.Deploy.0 = Release|Any CPU
		{D1628FD4-B644-45E3-BBEE-37D92C1FB388}.Release|x86.ActiveCfg = Release|Any CPU
		{D1628FD4-B644-45E3-BBEE-37D92C1FB388}.Release|x86.Build.0 = Release|Any CPU
		{D1628FD4-B644-45E3-BBEE-37D92C1FB388}.Release|x86.Deploy.0 = Release|Any CPU
		{39D96AB5-C29F-4608-AE1A-F6C0E735699B}.Debug|Any CPU.ActiveCfg = Debug|iPhoneSimulator
		{39D96AB5-C29F-4608-AE1A-F6C0E735699B}.Debug|Any CPU.Build.0 = Debug|iPhoneSimulator
		{39D96AB5-C29F-4608-AE1A-F6C0E735699B}.Debug|Any CPU.Deploy.0 = Debug|iPhoneSimulator
		{39D96AB5-C29F-4608-AE1A-F6C0E735699B}.Debug|ARM.ActiveCfg = Debug|iPhoneSimulator
		{39D96AB5-C29F-4608-AE1A-F6C0E735699B}.Debug|ARM.Build.0 = Debug|iPhoneSimulator
		{39D96AB5-C29F-4608-AE1A-F6C0E735699B}.Debug|ARM.Deploy.0 = Debug|iPhoneSimulator
		{39D96AB5-C29F-4608-AE1A-F6C0E735699B}.Debug|iPhone.ActiveCfg = Debug|iPhone
		{39D96AB5-C29F-4608-AE1A-F6C0E735699B}.Debug|iPhone.Build.0 = Debug|iPhone
		{39D96AB5-C29F-4608-AE1A-F6C0E735699B}.Debug|iPhone.Deploy.0 = Debug|iPhone
		{39D96AB5-C29F-4608-AE1A-F6C0E735699B}.Debug|iPhoneSimulator.ActiveCfg = Debug|iPhoneSimulator
		{39D96AB5-C29F-4608-AE1A-F6C0E735699B}.Debug|iPhoneSimulator.Build.0 = Debug|iPhoneSimulator
		{39D96AB5-C29F-4608-AE1A-F6C0E735699B}.Debug|iPhoneSimulator.Deploy.0 = Debug|iPhoneSimulator
		{39D96AB5-C29F-4608-AE1A-F6C0E735699B}.Debug|x64.ActiveCfg = Debug|iPhone
		{39D96AB5-C29F-4608-AE1A-F6C0E735699B}.Debug|x64.Build.0 = Debug|iPhone
		{39D96AB5-C29F-4608-AE1A-F6C0E735699B}.Debug|x64.Deploy.0 = Debug|iPhone
		{39D96AB5-C29F-4608-AE1A-F6C0E735699B}.Debug|x86.ActiveCfg = Debug|iPhoneSimulator
		{39D96AB5-C29F-4608-AE1A-F6C0E735699B}.Debug|x86.Build.0 = Debug|iPhoneSimulator
		{39D96AB5-C29F-4608-AE1A-F6C0E735699B}.Debug|x86.Deploy.0 = Debug|iPhoneSimulator
		{39D96AB5-C29F-4608-AE1A-F6C0E735699B}.Release|Any CPU.ActiveCfg = Release|iPhoneSimulator
		{39D96AB5-C29F-4608-AE1A-F6C0E735699B}.Release|Any CPU.Build.0 = Release|iPhoneSimulator
		{39D96AB5-C29F-4608-AE1A-F6C0E735699B}.Release|Any CPU.Deploy.0 = Release|iPhoneSimulator
		{39D96AB5-C29F-4608-AE1A-F6C0E735699B}.Release|ARM.ActiveCfg = Release|iPhoneSimulator
		{39D96AB5-C29F-4608-AE1A-F6C0E735699B}.Release|ARM.Build.0 = Release|iPhoneSimulator
		{39D96AB5-C29F-4608-AE1A-F6C0E735699B}.Release|ARM.Deploy.0 = Release|iPhoneSimulator
		{39D96AB5-C29F-4608-AE1A-F6C0E735699B}.Release|iPhone.ActiveCfg = Release|iPhone
		{39D96AB5-C29F-4608-AE1A-F6C0E735699B}.Release|iPhone.Build.0 = Release|iPhone
		{39D96AB5-C29F-4608-AE1A-F6C0E735699B}.Release|iPhone.Deploy.0 = Release|iPhone
		{39D96AB5-C29F-4608-AE1A-F6C0E735699B}.Release|iPhoneSimulator.ActiveCfg = Release|iPhoneSimulator
		{39D96AB5-C29F-4608-AE1A-F6C0E735699B}.Release|iPhoneSimulator.Build.0 = Release|iPhoneSimulator
		{39D96AB5-C29F-4608-AE1A-F6C0E735699B}.Release|iPhoneSimulator.Deploy.0 = Release|iPhoneSimulator
		{39D96AB5-C29F-4608-AE1A-F6C0E735699B}.Release|x64.ActiveCfg = Release|iPhoneSimulator
		{39D96AB5-C29F-4608-AE1A-F6C0E735699B}.Release|x64.Build.0 = Release|iPhoneSimulator
		{39D96AB5-C29F-4608-AE1A-F6C0E735699B}.Release|x64.Deploy.0 = Release|iPhoneSimulator
		{39D96AB5-C29F-4608-AE1A-F6C0E735699B}.Release|x86.ActiveCfg = Release|iPhoneSimulator
		{39D96AB5-C29F-4608-AE1A-F6C0E735699B}.Release|x86.Build.0 = Release|iPhoneSimulator
		{39D96AB5-C29F-4608-AE1A-F6C0E735699B}.Release|x86.Deploy.0 = Release|iPhoneSimulator
		{12225883-00A7-4027-8879-ED43356D79BC}.Debug|Any CPU.ActiveCfg = Debug|Any CPU
		{12225883-00A7-4027-8879-ED43356D79BC}.Debug|Any CPU.Build.0 = Debug|Any CPU
		{12225883-00A7-4027-8879-ED43356D79BC}.Debug|Any CPU.Deploy.0 = Debug|Any CPU
		{12225883-00A7-4027-8879-ED43356D79BC}.Debug|ARM.ActiveCfg = Debug|Any CPU
		{12225883-00A7-4027-8879-ED43356D79BC}.Debug|ARM.Build.0 = Debug|Any CPU
		{12225883-00A7-4027-8879-ED43356D79BC}.Debug|ARM.Deploy.0 = Debug|Any CPU
		{12225883-00A7-4027-8879-ED43356D79BC}.Debug|iPhone.ActiveCfg = Debug|Any CPU
		{12225883-00A7-4027-8879-ED43356D79BC}.Debug|iPhone.Build.0 = Debug|Any CPU
		{12225883-00A7-4027-8879-ED43356D79BC}.Debug|iPhone.Deploy.0 = Debug|Any CPU
		{12225883-00A7-4027-8879-ED43356D79BC}.Debug|iPhoneSimulator.ActiveCfg = Debug|Any CPU
		{12225883-00A7-4027-8879-ED43356D79BC}.Debug|iPhoneSimulator.Build.0 = Debug|Any CPU
		{12225883-00A7-4027-8879-ED43356D79BC}.Debug|iPhoneSimulator.Deploy.0 = Debug|Any CPU
		{12225883-00A7-4027-8879-ED43356D79BC}.Debug|x64.ActiveCfg = Debug|Any CPU
		{12225883-00A7-4027-8879-ED43356D79BC}.Debug|x64.Build.0 = Debug|Any CPU
		{12225883-00A7-4027-8879-ED43356D79BC}.Debug|x64.Deploy.0 = Debug|Any CPU
		{12225883-00A7-4027-8879-ED43356D79BC}.Debug|x86.ActiveCfg = Debug|Any CPU
		{12225883-00A7-4027-8879-ED43356D79BC}.Debug|x86.Build.0 = Debug|Any CPU
		{12225883-00A7-4027-8879-ED43356D79BC}.Debug|x86.Deploy.0 = Debug|Any CPU
		{12225883-00A7-4027-8879-ED43356D79BC}.Release|Any CPU.ActiveCfg = Release|Any CPU
		{12225883-00A7-4027-8879-ED43356D79BC}.Release|Any CPU.Build.0 = Release|Any CPU
		{12225883-00A7-4027-8879-ED43356D79BC}.Release|Any CPU.Deploy.0 = Release|Any CPU
		{12225883-00A7-4027-8879-ED43356D79BC}.Release|ARM.ActiveCfg = Release|Any CPU
		{12225883-00A7-4027-8879-ED43356D79BC}.Release|ARM.Build.0 = Release|Any CPU
		{12225883-00A7-4027-8879-ED43356D79BC}.Release|ARM.Deploy.0 = Release|Any CPU
		{12225883-00A7-4027-8879-ED43356D79BC}.Release|iPhone.ActiveCfg = Release|Any CPU
		{12225883-00A7-4027-8879-ED43356D79BC}.Release|iPhone.Build.0 = Release|Any CPU
		{12225883-00A7-4027-8879-ED43356D79BC}.Release|iPhone.Deploy.0 = Release|Any CPU
		{12225883-00A7-4027-8879-ED43356D79BC}.Release|iPhoneSimulator.ActiveCfg = Release|Any CPU
		{12225883-00A7-4027-8879-ED43356D79BC}.Release|iPhoneSimulator.Build.0 = Release|Any CPU
		{12225883-00A7-4027-8879-ED43356D79BC}.Release|iPhoneSimulator.Deploy.0 = Release|Any CPU
		{12225883-00A7-4027-8879-ED43356D79BC}.Release|x64.ActiveCfg = Release|Any CPU
		{12225883-00A7-4027-8879-ED43356D79BC}.Release|x64.Build.0 = Release|Any CPU
		{12225883-00A7-4027-8879-ED43356D79BC}.Release|x64.Deploy.0 = Release|Any CPU
		{12225883-00A7-4027-8879-ED43356D79BC}.Release|x86.ActiveCfg = Release|Any CPU
		{12225883-00A7-4027-8879-ED43356D79BC}.Release|x86.Build.0 = Release|Any CPU
		{12225883-00A7-4027-8879-ED43356D79BC}.Release|x86.Deploy.0 = Release|Any CPU
	EndGlobalSection
	GlobalSection(SolutionProperties) = preSolution
		HideSolutionNode = FALSE
	EndGlobalSection
	GlobalSection(ExtensibilityGlobals) = postSolution
		SolutionGuid = {133A4239-5124-43DA-A834-B7BF75F9F03E}
	EndGlobalSection
EndGlobal
