
Microsoft Visual Studio Solution File, Format Version 12.00
# Visual Studio Version 17
VisualStudioVersion = 17.1.32210.238
MinimumVisualStudioVersion = 10.0.40219.1
Project("{FAE04EC0-301F-11D3-BF4B-00C04F79EFBC}") = "ReverseLoadOnDemand.Android", "ReverseLoadOnDemand\Android\ReverseLoadOnDemand.Android.csproj", "{9FD3BD70-F251-4E85-9578-3C4304681B99}"
EndProject
Project("{FAE04EC0-301F-11D3-BF4B-00C04F79EFBC}") = "ReverseLoadOnDemand.iOS", "ReverseLoadOnDemand\iOS\ReverseLoadOnDemand.iOS.csproj", "{E9E07AC9-4D77-40BA-9CA2-6F2DE12110D7}"
EndProject
Project("{FAE04EC0-301F-11D3-BF4B-00C04F79EFBC}") = "ReverseLoadOnDemand.UWP", "ReverseLoadOnDemand\UWP\ReverseLoadOnDemand.UWP.csproj", "{E0342A01-3A80-4432-8B52-4B4689406654}"
EndProject
Project("{FAE04EC0-301F-11D3-BF4B-00C04F79EFBC}") = "ReverseLoadOnDemand.Portable", "ReverseLoadOnDemand\Portable\ReverseLoadOnDemand.Portable.csproj", "{6234A6FA-D4ED-4676-AD3A-FA5F00972C00}"
EndProject
Global
	GlobalSection(SolutionConfigurationPlatforms) = preSolution
		Ad-Hoc|Any CPU = Ad-Hoc|Any CPU
		Ad-Hoc|ARM = Ad-Hoc|ARM
		Ad-Hoc|iPhone = Ad-Hoc|iPhone
		Ad-Hoc|iPhoneSimulator = Ad-Hoc|iPhoneSimulator
		Ad-Hoc|x64 = Ad-Hoc|x64
		Ad-Hoc|x86 = Ad-Hoc|x86
		AppStore|Any CPU = AppStore|Any CPU
		AppStore|ARM = AppStore|ARM
		AppStore|iPhone = AppStore|iPhone
		AppStore|iPhoneSimulator = AppStore|iPhoneSimulator
		AppStore|x64 = AppStore|x64
		AppStore|x86 = AppStore|x86
		Debug|Any CPU = Debug|Any CPU
		Debug|ARM = Debug|ARM
		Debug|iPhone = Debug|iPhone
		Debug|iPhoneSimulator = Debug|iPhoneSimulator
		Debug|x64 = Debug|x64
		Debug|x86 = Debug|x86
		Release|Any CPU = Release|Any CPU
		Release|ARM = Release|ARM
		Release|iPhone = Release|iPhone
		Release|iPhoneSimulator = Release|iPhoneSimulator
		Release|x64 = Release|x64
		Release|x86 = Release|x86
	EndGlobalSection
	GlobalSection(ProjectConfigurationPlatforms) = postSolution
		{9FD3BD70-F251-4E85-9578-3C4304681B99}.Ad-Hoc|Any CPU.ActiveCfg = Debug|Any CPU
		{9FD3BD70-F251-4E85-9578-3C4304681B99}.Ad-Hoc|Any CPU.Build.0 = Debug|Any CPU
		{9FD3BD70-F251-4E85-9578-3C4304681B99}.Ad-Hoc|Any CPU.Deploy.0 = Debug|Any CPU
		{9FD3BD70-F251-4E85-9578-3C4304681B99}.Ad-Hoc|ARM.ActiveCfg = Debug|Any CPU
		{9FD3BD70-F251-4E85-9578-3C4304681B99}.Ad-Hoc|ARM.Build.0 = Debug|Any CPU
		{9FD3BD70-F251-4E85-9578-3C4304681B99}.Ad-Hoc|ARM.Deploy.0 = Debug|Any CPU
		{9FD3BD70-F251-4E85-9578-3C4304681B99}.Ad-Hoc|iPhone.ActiveCfg = Debug|Any CPU
		{9FD3BD70-F251-4E85-9578-3C4304681B99}.Ad-Hoc|iPhone.Build.0 = Debug|Any CPU
		{9FD3BD70-F251-4E85-9578-3C4304681B99}.Ad-Hoc|iPhone.Deploy.0 = Debug|Any CPU
		{9FD3BD70-F251-4E85-9578-3C4304681B99}.Ad-Hoc|iPhoneSimulator.ActiveCfg = Debug|Any CPU
		{9FD3BD70-F251-4E85-9578-3C4304681B99}.Ad-Hoc|iPhoneSimulator.Build.0 = Debug|Any CPU
		{9FD3BD70-F251-4E85-9578-3C4304681B99}.Ad-Hoc|iPhoneSimulator.Deploy.0 = Debug|Any CPU
		{9FD3BD70-F251-4E85-9578-3C4304681B99}.Ad-Hoc|x64.ActiveCfg = Debug|Any CPU
		{9FD3BD70-F251-4E85-9578-3C4304681B99}.Ad-Hoc|x64.Build.0 = Debug|Any CPU
		{9FD3BD70-F251-4E85-9578-3C4304681B99}.Ad-Hoc|x64.Deploy.0 = Debug|Any CPU
		{9FD3BD70-F251-4E85-9578-3C4304681B99}.Ad-Hoc|x86.ActiveCfg = Debug|Any CPU
		{9FD3BD70-F251-4E85-9578-3C4304681B99}.Ad-Hoc|x86.Build.0 = Debug|Any CPU
		{9FD3BD70-F251-4E85-9578-3C4304681B99}.Ad-Hoc|x86.Deploy.0 = Debug|Any CPU
		{9FD3BD70-F251-4E85-9578-3C4304681B99}.AppStore|Any CPU.ActiveCfg = Debug|Any CPU
		{9FD3BD70-F251-4E85-9578-3C4304681B99}.AppStore|Any CPU.Build.0 = Debug|Any CPU
		{9FD3BD70-F251-4E85-9578-3C4304681B99}.AppStore|Any CPU.Deploy.0 = Debug|Any CPU
		{9FD3BD70-F251-4E85-9578-3C4304681B99}.AppStore|ARM.ActiveCfg = Debug|Any CPU
		{9FD3BD70-F251-4E85-9578-3C4304681B99}.AppStore|ARM.Build.0 = Debug|Any CPU
		{9FD3BD70-F251-4E85-9578-3C4304681B99}.AppStore|ARM.Deploy.0 = Debug|Any CPU
		{9FD3BD70-F251-4E85-9578-3C4304681B99}.AppStore|iPhone.ActiveCfg = Debug|Any CPU
		{9FD3BD70-F251-4E85-9578-3C4304681B99}.AppStore|iPhone.Build.0 = Debug|Any CPU
		{9FD3BD70-F251-4E85-9578-3C4304681B99}.AppStore|iPhone.Deploy.0 = Debug|Any CPU
		{9FD3BD70-F251-4E85-9578-3C4304681B99}.AppStore|iPhoneSimulator.ActiveCfg = Debug|Any CPU
		{9FD3BD70-F251-4E85-9578-3C4304681B99}.AppStore|iPhoneSimulator.Build.0 = Debug|Any CPU
		{9FD3BD70-F251-4E85-9578-3C4304681B99}.AppStore|iPhoneSimulator.Deploy.0 = Debug|Any CPU
		{9FD3BD70-F251-4E85-9578-3C4304681B99}.AppStore|x64.ActiveCfg = Debug|Any CPU
		{9FD3BD70-F251-4E85-9578-3C4304681B99}.AppStore|x64.Build.0 = Debug|Any CPU
		{9FD3BD70-F251-4E85-9578-3C4304681B99}.AppStore|x64.Deploy.0 = Debug|Any CPU
		{9FD3BD70-F251-4E85-9578-3C4304681B99}.AppStore|x86.ActiveCfg = Debug|Any CPU
		{9FD3BD70-F251-4E85-9578-3C4304681B99}.AppStore|x86.Build.0 = Debug|Any CPU
		{9FD3BD70-F251-4E85-9578-3C4304681B99}.AppStore|x86.Deploy.0 = Debug|Any CPU
		{9FD3BD70-F251-4E85-9578-3C4304681B99}.Debug|Any CPU.ActiveCfg = Debug|Any CPU
		{9FD3BD70-F251-4E85-9578-3C4304681B99}.Debug|Any CPU.Build.0 = Debug|Any CPU
		{9FD3BD70-F251-4E85-9578-3C4304681B99}.Debug|Any CPU.Deploy.0 = Debug|Any CPU
		{9FD3BD70-F251-4E85-9578-3C4304681B99}.Debug|ARM.ActiveCfg = Debug|Any CPU
		{9FD3BD70-F251-4E85-9578-3C4304681B99}.Debug|ARM.Build.0 = Debug|Any CPU
		{9FD3BD70-F251-4E85-9578-3C4304681B99}.Debug|ARM.Deploy.0 = Debug|Any CPU
		{9FD3BD70-F251-4E85-9578-3C4304681B99}.Debug|iPhone.ActiveCfg = Debug|Any CPU
		{9FD3BD70-F251-4E85-9578-3C4304681B99}.Debug|iPhone.Build.0 = Debug|Any CPU
		{9FD3BD70-F251-4E85-9578-3C4304681B99}.Debug|iPhone.Deploy.0 = Debug|Any CPU
		{9FD3BD70-F251-4E85-9578-3C4304681B99}.Debug|iPhoneSimulator.ActiveCfg = Debug|Any CPU
		{9FD3BD70-F251-4E85-9578-3C4304681B99}.Debug|iPhoneSimulator.Build.0 = Debug|Any CPU
		{9FD3BD70-F251-4E85-9578-3C4304681B99}.Debug|iPhoneSimulator.Deploy.0 = Debug|Any CPU
		{9FD3BD70-F251-4E85-9578-3C4304681B99}.Debug|x64.ActiveCfg = Debug|Any CPU
		{9FD3BD70-F251-4E85-9578-3C4304681B99}.Debug|x64.Build.0 = Debug|Any CPU
		{9FD3BD70-F251-4E85-9578-3C4304681B99}.Debug|x64.Deploy.0 = Debug|Any CPU
		{9FD3BD70-F251-4E85-9578-3C4304681B99}.Debug|x86.ActiveCfg = Debug|Any CPU
		{9FD3BD70-F251-4E85-9578-3C4304681B99}.Debug|x86.Build.0 = Debug|Any CPU
		{9FD3BD70-F251-4E85-9578-3C4304681B99}.Debug|x86.Deploy.0 = Debug|Any CPU
		{9FD3BD70-F251-4E85-9578-3C4304681B99}.Release|Any CPU.ActiveCfg = Release|Any CPU
		{9FD3BD70-F251-4E85-9578-3C4304681B99}.Release|Any CPU.Build.0 = Release|Any CPU
		{9FD3BD70-F251-4E85-9578-3C4304681B99}.Release|Any CPU.Deploy.0 = Release|Any CPU
		{9FD3BD70-F251-4E85-9578-3C4304681B99}.Release|ARM.ActiveCfg = Release|Any CPU
		{9FD3BD70-F251-4E85-9578-3C4304681B99}.Release|ARM.Build.0 = Release|Any CPU
		{9FD3BD70-F251-4E85-9578-3C4304681B99}.Release|ARM.Deploy.0 = Release|Any CPU
		{9FD3BD70-F251-4E85-9578-3C4304681B99}.Release|iPhone.ActiveCfg = Release|Any CPU
		{9FD3BD70-F251-4E85-9578-3C4304681B99}.Release|iPhone.Build.0 = Release|Any CPU
		{9FD3BD70-F251-4E85-9578-3C4304681B99}.Release|iPhone.Deploy.0 = Release|Any CPU
		{9FD3BD70-F251-4E85-9578-3C4304681B99}.Release|iPhoneSimulator.ActiveCfg = Release|Any CPU
		{9FD3BD70-F251-4E85-9578-3C4304681B99}.Release|iPhoneSimulator.Build.0 = Release|Any CPU
		{9FD3BD70-F251-4E85-9578-3C4304681B99}.Release|iPhoneSimulator.Deploy.0 = Release|Any CPU
		{9FD3BD70-F251-4E85-9578-3C4304681B99}.Release|x64.ActiveCfg = Release|Any CPU
		{9FD3BD70-F251-4E85-9578-3C4304681B99}.Release|x64.Build.0 = Release|Any CPU
		{9FD3BD70-F251-4E85-9578-3C4304681B99}.Release|x64.Deploy.0 = Release|Any CPU
		{9FD3BD70-F251-4E85-9578-3C4304681B99}.Release|x86.ActiveCfg = Release|Any CPU
		{9FD3BD70-F251-4E85-9578-3C4304681B99}.Release|x86.Build.0 = Release|Any CPU
		{9FD3BD70-F251-4E85-9578-3C4304681B99}.Release|x86.Deploy.0 = Release|Any CPU
		{E9E07AC9-4D77-40BA-9CA2-6F2DE12110D7}.Ad-Hoc|Any CPU.ActiveCfg = Ad-Hoc|iPhoneSimulator
		{E9E07AC9-4D77-40BA-9CA2-6F2DE12110D7}.Ad-Hoc|Any CPU.Build.0 = Ad-Hoc|iPhoneSimulator
		{E9E07AC9-4D77-40BA-9CA2-6F2DE12110D7}.Ad-Hoc|ARM.ActiveCfg = Ad-Hoc|iPhoneSimulator
		{E9E07AC9-4D77-40BA-9CA2-6F2DE12110D7}.Ad-Hoc|ARM.Build.0 = Ad-Hoc|iPhoneSimulator
		{E9E07AC9-4D77-40BA-9CA2-6F2DE12110D7}.Ad-Hoc|iPhone.ActiveCfg = Ad-Hoc|iPhone
		{E9E07AC9-4D77-40BA-9CA2-6F2DE12110D7}.Ad-Hoc|iPhone.Build.0 = Ad-Hoc|iPhone
		{E9E07AC9-4D77-40BA-9CA2-6F2DE12110D7}.Ad-Hoc|iPhoneSimulator.ActiveCfg = Ad-Hoc|iPhoneSimulator
		{E9E07AC9-4D77-40BA-9CA2-6F2DE12110D7}.Ad-Hoc|iPhoneSimulator.Build.0 = Ad-Hoc|iPhoneSimulator
		{E9E07AC9-4D77-40BA-9CA2-6F2DE12110D7}.Ad-Hoc|x64.ActiveCfg = Ad-Hoc|iPhoneSimulator
		{E9E07AC9-4D77-40BA-9CA2-6F2DE12110D7}.Ad-Hoc|x64.Build.0 = Ad-Hoc|iPhoneSimulator
		{E9E07AC9-4D77-40BA-9CA2-6F2DE12110D7}.Ad-Hoc|x86.ActiveCfg = Ad-Hoc|iPhoneSimulator
		{E9E07AC9-4D77-40BA-9CA2-6F2DE12110D7}.Ad-Hoc|x86.Build.0 = Ad-Hoc|iPhoneSimulator
		{E9E07AC9-4D77-40BA-9CA2-6F2DE12110D7}.AppStore|Any CPU.ActiveCfg = AppStore|iPhoneSimulator
		{E9E07AC9-4D77-40BA-9CA2-6F2DE12110D7}.AppStore|Any CPU.Build.0 = AppStore|iPhoneSimulator
		{E9E07AC9-4D77-40BA-9CA2-6F2DE12110D7}.AppStore|ARM.ActiveCfg = AppStore|iPhoneSimulator
		{E9E07AC9-4D77-40BA-9CA2-6F2DE12110D7}.AppStore|ARM.Build.0 = AppStore|iPhoneSimulator
		{E9E07AC9-4D77-40BA-9CA2-6F2DE12110D7}.AppStore|iPhone.ActiveCfg = AppStore|iPhone
		{E9E07AC9-4D77-40BA-9CA2-6F2DE12110D7}.AppStore|iPhone.Build.0 = AppStore|iPhone
		{E9E07AC9-4D77-40BA-9CA2-6F2DE12110D7}.AppStore|iPhoneSimulator.ActiveCfg = AppStore|iPhoneSimulator
		{E9E07AC9-4D77-40BA-9CA2-6F2DE12110D7}.AppStore|iPhoneSimulator.Build.0 = AppStore|iPhoneSimulator
		{E9E07AC9-4D77-40BA-9CA2-6F2DE12110D7}.AppStore|x64.ActiveCfg = AppStore|iPhoneSimulator
		{E9E07AC9-4D77-40BA-9CA2-6F2DE12110D7}.AppStore|x64.Build.0 = AppStore|iPhoneSimulator
		{E9E07AC9-4D77-40BA-9CA2-6F2DE12110D7}.AppStore|x86.ActiveCfg = AppStore|iPhoneSimulator
		{E9E07AC9-4D77-40BA-9CA2-6F2DE12110D7}.AppStore|x86.Build.0 = AppStore|iPhoneSimulator
		{E9E07AC9-4D77-40BA-9CA2-6F2DE12110D7}.Debug|Any CPU.ActiveCfg = Debug|iPhoneSimulator
		{E9E07AC9-4D77-40BA-9CA2-6F2DE12110D7}.Debug|Any CPU.Build.0 = Debug|iPhoneSimulator
		{E9E07AC9-4D77-40BA-9CA2-6F2DE12110D7}.Debug|ARM.ActiveCfg = Debug|iPhoneSimulator
		{E9E07AC9-4D77-40BA-9CA2-6F2DE12110D7}.Debug|ARM.Build.0 = Debug|iPhoneSimulator
		{E9E07AC9-4D77-40BA-9CA2-6F2DE12110D7}.Debug|iPhone.ActiveCfg = Debug|iPhone
		{E9E07AC9-4D77-40BA-9CA2-6F2DE12110D7}.Debug|iPhone.Build.0 = Debug|iPhone
		{E9E07AC9-4D77-40BA-9CA2-6F2DE12110D7}.Debug|iPhoneSimulator.ActiveCfg = Debug|iPhoneSimulator
		{E9E07AC9-4D77-40BA-9CA2-6F2DE12110D7}.Debug|iPhoneSimulator.Build.0 = Debug|iPhoneSimulator
		{E9E07AC9-4D77-40BA-9CA2-6F2DE12110D7}.Debug|x64.ActiveCfg = Debug|iPhoneSimulator
		{E9E07AC9-4D77-40BA-9CA2-6F2DE12110D7}.Debug|x64.Build.0 = Debug|iPhoneSimulator
		{E9E07AC9-4D77-40BA-9CA2-6F2DE12110D7}.Debug|x86.ActiveCfg = Debug|iPhoneSimulator
		{E9E07AC9-4D77-40BA-9CA2-6F2DE12110D7}.Debug|x86.Build.0 = Debug|iPhoneSimulator
		{E9E07AC9-4D77-40BA-9CA2-6F2DE12110D7}.Release|Any CPU.ActiveCfg = Release|iPhoneSimulator
		{E9E07AC9-4D77-40BA-9CA2-6F2DE12110D7}.Release|Any CPU.Build.0 = Release|iPhoneSimulator
		{E9E07AC9-4D77-40BA-9CA2-6F2DE12110D7}.Release|ARM.ActiveCfg = Release|iPhoneSimulator
		{E9E07AC9-4D77-40BA-9CA2-6F2DE12110D7}.Release|ARM.Build.0 = Release|iPhoneSimulator
		{E9E07AC9-4D77-40BA-9CA2-6F2DE12110D7}.Release|iPhone.ActiveCfg = Release|iPhone
		{E9E07AC9-4D77-40BA-9CA2-6F2DE12110D7}.Release|iPhone.Build.0 = Release|iPhone
		{E9E07AC9-4D77-40BA-9CA2-6F2DE12110D7}.Release|iPhoneSimulator.ActiveCfg = Release|iPhoneSimulator
		{E9E07AC9-4D77-40BA-9CA2-6F2DE12110D7}.Release|iPhoneSimulator.Build.0 = Release|iPhoneSimulator
		{E9E07AC9-4D77-40BA-9CA2-6F2DE12110D7}.Release|x64.ActiveCfg = Release|iPhoneSimulator
		{E9E07AC9-4D77-40BA-9CA2-6F2DE12110D7}.Release|x64.Build.0 = Release|iPhoneSimulator
		{E9E07AC9-4D77-40BA-9CA2-6F2DE12110D7}.Release|x86.ActiveCfg = Release|iPhoneSimulator
		{E9E07AC9-4D77-40BA-9CA2-6F2DE12110D7}.Release|x86.Build.0 = Release|iPhoneSimulator
		{E0342A01-3A80-4432-8B52-4B4689406654}.Ad-Hoc|Any CPU.ActiveCfg = Debug|ARM
		{E0342A01-3A80-4432-8B52-4B4689406654}.Ad-Hoc|Any CPU.Build.0 = Debug|ARM
		{E0342A01-3A80-4432-8B52-4B4689406654}.Ad-Hoc|Any CPU.Deploy.0 = Debug|ARM
		{E0342A01-3A80-4432-8B52-4B4689406654}.Ad-Hoc|ARM.ActiveCfg = Debug|ARM
		{E0342A01-3A80-4432-8B52-4B4689406654}.Ad-Hoc|ARM.Build.0 = Debug|ARM
		{E0342A01-3A80-4432-8B52-4B4689406654}.Ad-Hoc|ARM.Deploy.0 = Debug|ARM
		{E0342A01-3A80-4432-8B52-4B4689406654}.Ad-Hoc|iPhone.ActiveCfg = Debug|ARM
		{E0342A01-3A80-4432-8B52-4B4689406654}.Ad-Hoc|iPhone.Build.0 = Debug|ARM
		{E0342A01-3A80-4432-8B52-4B4689406654}.Ad-Hoc|iPhone.Deploy.0 = Debug|ARM
		{E0342A01-3A80-4432-8B52-4B4689406654}.Ad-Hoc|iPhoneSimulator.ActiveCfg = Debug|ARM
		{E0342A01-3A80-4432-8B52-4B4689406654}.Ad-Hoc|iPhoneSimulator.Build.0 = Debug|ARM
		{E0342A01-3A80-4432-8B52-4B4689406654}.Ad-Hoc|iPhoneSimulator.Deploy.0 = Debug|ARM
		{E0342A01-3A80-4432-8B52-4B4689406654}.Ad-Hoc|x64.ActiveCfg = Debug|x64
		{E0342A01-3A80-4432-8B52-4B4689406654}.Ad-Hoc|x64.Build.0 = Debug|x64
		{E0342A01-3A80-4432-8B52-4B4689406654}.Ad-Hoc|x64.Deploy.0 = Debug|x64
		{E0342A01-3A80-4432-8B52-4B4689406654}.Ad-Hoc|x86.ActiveCfg = Debug|x86
		{E0342A01-3A80-4432-8B52-4B4689406654}.Ad-Hoc|x86.Build.0 = Debug|x86
		{E0342A01-3A80-4432-8B52-4B4689406654}.Ad-Hoc|x86.Deploy.0 = Debug|x86
		{E0342A01-3A80-4432-8B52-4B4689406654}.AppStore|Any CPU.ActiveCfg = Debug|ARM
		{E0342A01-3A80-4432-8B52-4B4689406654}.AppStore|Any CPU.Build.0 = Debug|ARM
		{E0342A01-3A80-4432-8B52-4B4689406654}.AppStore|Any CPU.Deploy.0 = Debug|ARM
		{E0342A01-3A80-4432-8B52-4B4689406654}.AppStore|ARM.ActiveCfg = Debug|ARM
		{E0342A01-3A80-4432-8B52-4B4689406654}.AppStore|ARM.Build.0 = Debug|ARM
		{E0342A01-3A80-4432-8B52-4B4689406654}.AppStore|ARM.Deploy.0 = Debug|ARM
		{E0342A01-3A80-4432-8B52-4B4689406654}.AppStore|iPhone.ActiveCfg = Debug|ARM
		{E0342A01-3A80-4432-8B52-4B4689406654}.AppStore|iPhone.Build.0 = Debug|ARM
		{E0342A01-3A80-4432-8B52-4B4689406654}.AppStore|iPhone.Deploy.0 = Debug|ARM
		{E0342A01-3A80-4432-8B52-4B4689406654}.AppStore|iPhoneSimulator.ActiveCfg = Debug|ARM
		{E0342A01-3A80-4432-8B52-4B4689406654}.AppStore|iPhoneSimulator.Build.0 = Debug|ARM
		{E0342A01-3A80-4432-8B52-4B4689406654}.AppStore|iPhoneSimulator.Deploy.0 = Debug|ARM
		{E0342A01-3A80-4432-8B52-4B4689406654}.AppStore|x64.ActiveCfg = Debug|x64
		{E0342A01-3A80-4432-8B52-4B4689406654}.AppStore|x64.Build.0 = Debug|x64
		{E0342A01-3A80-4432-8B52-4B4689406654}.AppStore|x64.Deploy.0 = Debug|x64
		{E0342A01-3A80-4432-8B52-4B4689406654}.AppStore|x86.ActiveCfg = Debug|x86
		{E0342A01-3A80-4432-8B52-4B4689406654}.AppStore|x86.Build.0 = Debug|x86
		{E0342A01-3A80-4432-8B52-4B4689406654}.AppStore|x86.Deploy.0 = Debug|x86
		{E0342A01-3A80-4432-8B52-4B4689406654}.Debug|Any CPU.ActiveCfg = Debug|x64
		{E0342A01-3A80-4432-8B52-4B4689406654}.Debug|Any CPU.Build.0 = Debug|x64
		{E0342A01-3A80-4432-8B52-4B4689406654}.Debug|Any CPU.Deploy.0 = Debug|x64
		{E0342A01-3A80-4432-8B52-4B4689406654}.Debug|ARM.ActiveCfg = Debug|ARM
		{E0342A01-3A80-4432-8B52-4B4689406654}.Debug|ARM.Build.0 = Debug|ARM
		{E0342A01-3A80-4432-8B52-4B4689406654}.Debug|ARM.Deploy.0 = Debug|ARM
		{E0342A01-3A80-4432-8B52-4B4689406654}.Debug|iPhone.ActiveCfg = Debug|x64
		{E0342A01-3A80-4432-8B52-4B4689406654}.Debug|iPhone.Build.0 = Debug|x64
		{E0342A01-3A80-4432-8B52-4B4689406654}.Debug|iPhone.Deploy.0 = Debug|x64
		{E0342A01-3A80-4432-8B52-4B4689406654}.Debug|iPhoneSimulator.ActiveCfg = Debug|x64
		{E0342A01-3A80-4432-8B52-4B4689406654}.Debug|iPhoneSimulator.Build.0 = Debug|x64
		{E0342A01-3A80-4432-8B52-4B4689406654}.Debug|iPhoneSimulator.Deploy.0 = Debug|x64
		{E0342A01-3A80-4432-8B52-4B4689406654}.Debug|x64.ActiveCfg = Debug|x64
		{E0342A01-3A80-4432-8B52-4B4689406654}.Debug|x64.Build.0 = Debug|x64
		{E0342A01-3A80-4432-8B52-4B4689406654}.Debug|x64.Deploy.0 = Debug|x64
		{E0342A01-3A80-4432-8B52-4B4689406654}.Debug|x86.ActiveCfg = Debug|x86
		{E0342A01-3A80-4432-8B52-4B4689406654}.Debug|x86.Build.0 = Debug|x86
		{E0342A01-3A80-4432-8B52-4B4689406654}.Debug|x86.Deploy.0 = Debug|x86
		{E0342A01-3A80-4432-8B52-4B4689406654}.Release|Any CPU.ActiveCfg = Release|x64
		{E0342A01-3A80-4432-8B52-4B4689406654}.Release|Any CPU.Build.0 = Release|x64
		{E0342A01-3A80-4432-8B52-4B4689406654}.Release|Any CPU.Deploy.0 = Release|x64
		{E0342A01-3A80-4432-8B52-4B4689406654}.Release|ARM.ActiveCfg = Release|ARM
		{E0342A01-3A80-4432-8B52-4B4689406654}.Release|ARM.Build.0 = Release|ARM
		{E0342A01-3A80-4432-8B52-4B4689406654}.Release|ARM.Deploy.0 = Release|ARM
		{E0342A01-3A80-4432-8B52-4B4689406654}.Release|iPhone.ActiveCfg = Release|x64
		{E0342A01-3A80-4432-8B52-4B4689406654}.Release|iPhone.Build.0 = Release|x64
		{E0342A01-3A80-4432-8B52-4B4689406654}.Release|iPhone.Deploy.0 = Release|x64
		{E0342A01-3A80-4432-8B52-4B4689406654}.Release|iPhoneSimulator.ActiveCfg = Release|x64
		{E0342A01-3A80-4432-8B52-4B4689406654}.Release|iPhoneSimulator.Build.0 = Release|x64
		{E0342A01-3A80-4432-8B52-4B4689406654}.Release|iPhoneSimulator.Deploy.0 = Release|x64
		{E0342A01-3A80-4432-8B52-4B4689406654}.Release|x64.ActiveCfg = Release|x64
		{E0342A01-3A80-4432-8B52-4B4689406654}.Release|x64.Build.0 = Release|x64
		{E0342A01-3A80-4432-8B52-4B4689406654}.Release|x64.Deploy.0 = Release|x64
		{E0342A01-3A80-4432-8B52-4B4689406654}.Release|x86.ActiveCfg = Release|x86
		{E0342A01-3A80-4432-8B52-4B4689406654}.Release|x86.Build.0 = Release|x86
		{E0342A01-3A80-4432-8B52-4B4689406654}.Release|x86.Deploy.0 = Release|x86
		{6234A6FA-D4ED-4676-AD3A-FA5F00972C00}.Ad-Hoc|Any CPU.ActiveCfg = Debug|Any CPU
		{6234A6FA-D4ED-4676-AD3A-FA5F00972C00}.Ad-Hoc|Any CPU.Build.0 = Debug|Any CPU
		{6234A6FA-D4ED-4676-AD3A-FA5F00972C00}.Ad-Hoc|ARM.ActiveCfg = Debug|Any CPU
		{6234A6FA-D4ED-4676-AD3A-FA5F00972C00}.Ad-Hoc|ARM.Build.0 = Debug|Any CPU
		{6234A6FA-D4ED-4676-AD3A-FA5F00972C00}.Ad-Hoc|iPhone.ActiveCfg = Debug|Any CPU
		{6234A6FA-D4ED-4676-AD3A-FA5F00972C00}.Ad-Hoc|iPhone.Build.0 = Debug|Any CPU
		{6234A6FA-D4ED-4676-AD3A-FA5F00972C00}.Ad-Hoc|iPhoneSimulator.ActiveCfg = Debug|Any CPU
		{6234A6FA-D4ED-4676-AD3A-FA5F00972C00}.Ad-Hoc|iPhoneSimulator.Build.0 = Debug|Any CPU
		{6234A6FA-D4ED-4676-AD3A-FA5F00972C00}.Ad-Hoc|x64.ActiveCfg = Debug|Any CPU
		{6234A6FA-D4ED-4676-AD3A-FA5F00972C00}.Ad-Hoc|x64.Build.0 = Debug|Any CPU
		{6234A6FA-D4ED-4676-AD3A-FA5F00972C00}.Ad-Hoc|x86.ActiveCfg = Debug|Any CPU
		{6234A6FA-D4ED-4676-AD3A-FA5F00972C00}.Ad-Hoc|x86.Build.0 = Debug|Any CPU
		{6234A6FA-D4ED-4676-AD3A-FA5F00972C00}.AppStore|Any CPU.ActiveCfg = Debug|Any CPU
		{6234A6FA-D4ED-4676-AD3A-FA5F00972C00}.AppStore|Any CPU.Build.0 = Debug|Any CPU
		{6234A6FA-D4ED-4676-AD3A-FA5F00972C00}.AppStore|ARM.ActiveCfg = Debug|Any CPU
		{6234A6FA-D4ED-4676-AD3A-FA5F00972C00}.AppStore|ARM.Build.0 = Debug|Any CPU
		{6234A6FA-D4ED-4676-AD3A-FA5F00972C00}.AppStore|iPhone.ActiveCfg = Debug|Any CPU
		{6234A6FA-D4ED-4676-AD3A-FA5F00972C00}.AppStore|iPhone.Build.0 = Debug|Any CPU
		{6234A6FA-D4ED-4676-AD3A-FA5F00972C00}.AppStore|iPhoneSimulator.ActiveCfg = Debug|Any CPU
		{6234A6FA-D4ED-4676-AD3A-FA5F00972C00}.AppStore|iPhoneSimulator.Build.0 = Debug|Any CPU
		{6234A6FA-D4ED-4676-AD3A-FA5F00972C00}.AppStore|x64.ActiveCfg = Debug|Any CPU
		{6234A6FA-D4ED-4676-AD3A-FA5F00972C00}.AppStore|x64.Build.0 = Debug|Any CPU
		{6234A6FA-D4ED-4676-AD3A-FA5F00972C00}.AppStore|x86.ActiveCfg = Debug|Any CPU
		{6234A6FA-D4ED-4676-AD3A-FA5F00972C00}.AppStore|x86.Build.0 = Debug|Any CPU
		{6234A6FA-D4ED-4676-AD3A-FA5F00972C00}.Debug|Any CPU.ActiveCfg = Debug|Any CPU
		{6234A6FA-D4ED-4676-AD3A-FA5F00972C00}.Debug|Any CPU.Build.0 = Debug|Any CPU
		{6234A6FA-D4ED-4676-AD3A-FA5F00972C00}.Debug|ARM.ActiveCfg = Debug|Any CPU
		{6234A6FA-D4ED-4676-AD3A-FA5F00972C00}.Debug|ARM.Build.0 = Debug|Any CPU
		{6234A6FA-D4ED-4676-AD3A-FA5F00972C00}.Debug|iPhone.ActiveCfg = Debug|Any CPU
		{6234A6FA-D4ED-4676-AD3A-FA5F00972C00}.Debug|iPhone.Build.0 = Debug|Any CPU
		{6234A6FA-D4ED-4676-AD3A-FA5F00972C00}.Debug|iPhoneSimulator.ActiveCfg = Debug|Any CPU
		{6234A6FA-D4ED-4676-AD3A-FA5F00972C00}.Debug|iPhoneSimulator.Build.0 = Debug|Any CPU
		{6234A6FA-D4ED-4676-AD3A-FA5F00972C00}.Debug|x64.ActiveCfg = Debug|Any CPU
		{6234A6FA-D4ED-4676-AD3A-FA5F00972C00}.Debug|x64.Build.0 = Debug|Any CPU
		{6234A6FA-D4ED-4676-AD3A-FA5F00972C00}.Debug|x86.ActiveCfg = Debug|Any CPU
		{6234A6FA-D4ED-4676-AD3A-FA5F00972C00}.Debug|x86.Build.0 = Debug|Any CPU
		{6234A6FA-D4ED-4676-AD3A-FA5F00972C00}.Release|Any CPU.ActiveCfg = Release|Any CPU
		{6234A6FA-D4ED-4676-AD3A-FA5F00972C00}.Release|Any CPU.Build.0 = Release|Any CPU
		{6234A6FA-D4ED-4676-AD3A-FA5F00972C00}.Release|ARM.ActiveCfg = Release|Any CPU
		{6234A6FA-D4ED-4676-AD3A-FA5F00972C00}.Release|ARM.Build.0 = Release|Any CPU
		{6234A6FA-D4ED-4676-AD3A-FA5F00972C00}.Release|iPhone.ActiveCfg = Release|Any CPU
		{6234A6FA-D4ED-4676-AD3A-FA5F00972C00}.Release|iPhone.Build.0 = Release|Any CPU
		{6234A6FA-D4ED-4676-AD3A-FA5F00972C00}.Release|iPhoneSimulator.ActiveCfg = Release|Any CPU
		{6234A6FA-D4ED-4676-AD3A-FA5F00972C00}.Release|iPhoneSimulator.Build.0 = Release|Any CPU
		{6234A6FA-D4ED-4676-AD3A-FA5F00972C00}.Release|x64.ActiveCfg = Release|Any CPU
		{6234A6FA-D4ED-4676-AD3A-FA5F00972C00}.Release|x64.Build.0 = Release|Any CPU
		{6234A6FA-D4ED-4676-AD3A-FA5F00972C00}.Release|x86.ActiveCfg = Release|Any CPU
		{6234A6FA-D4ED-4676-AD3A-FA5F00972C00}.Release|x86.Build.0 = Release|Any CPU
	EndGlobalSection
	GlobalSection(SolutionProperties) = preSolution
		HideSolutionNode = FALSE
	EndGlobalSection
	GlobalSection(ExtensibilityGlobals) = postSolution
		SolutionGuid = {769B827F-1567-461E-8F18-B5512C8B7E5A}
	EndGlobalSection
EndGlobal
