
Microsoft Visual Studio Solution File, Format Version 12.00
# Visual Studio Version 16
VisualStudioVersion = 16.0.30611.23
MinimumVisualStudioVersion = 10.0.40219.1
Project("{FAE04EC0-301F-11D3-BF4B-00C04F79EFBC}") = "RteImages.Android", "RteImages\Android\RteImages.Android.csproj", "{7E551B55-A169-4FEB-8081-F84598480267}"
EndProject
Project("{FAE04EC0-301F-11D3-BF4B-00C04F79EFBC}") = "RteImages.iOS", "RteImages\iOS\RteImages.iOS.csproj", "{455CDF65-5D1A-479D-86F5-9F12F1C6D477}"
EndProject
Project("{FAE04EC0-301F-11D3-BF4B-00C04F79EFBC}") = "RteImages.UWP", "RteImages\UWP\RteImages.UWP.csproj", "{18AA4AC7-1D52-47D3-A5EF-0DC9855080D6}"
EndProject
Project("{FAE04EC0-301F-11D3-BF4B-00C04F79EFBC}") = "RteImages.Portable", "RteImages\Portable\RteImages.Portable.csproj", "{A3F233B5-A40A-4B9E-B2A5-415EF9C2CDCC}"
EndProject
Global
	GlobalSection(SolutionConfigurationPlatforms) = preSolution
		Ad-Hoc|Any CPU = Ad-Hoc|Any CPU
		Ad-Hoc|ARM = Ad-Hoc|ARM
		Ad-Hoc|iPhone = Ad-Hoc|iPhone
		Ad-Hoc|iPhoneSimulator = Ad-Hoc|iPhoneSimulator
		Ad-Hoc|x64 = Ad-Hoc|x64
		Ad-Hoc|x86 = Ad-Hoc|x86
		AppStore|Any CPU = AppStore|Any CPU
		AppStore|ARM = AppStore|ARM
		AppStore|iPhone = AppStore|iPhone
		AppStore|iPhoneSimulator = AppStore|iPhoneSimulator
		AppStore|x64 = AppStore|x64
		AppStore|x86 = AppStore|x86
		Debug|Any CPU = Debug|Any CPU
		Debug|ARM = Debug|ARM
		Debug|iPhone = Debug|iPhone
		Debug|iPhoneSimulator = Debug|iPhoneSimulator
		Debug|x64 = Debug|x64
		Debug|x86 = Debug|x86
		Release|Any CPU = Release|Any CPU
		Release|ARM = Release|ARM
		Release|iPhone = Release|iPhone
		Release|iPhoneSimulator = Release|iPhoneSimulator
		Release|x64 = Release|x64
		Release|x86 = Release|x86
	EndGlobalSection
	GlobalSection(ProjectConfigurationPlatforms) = postSolution
		{7E551B55-A169-4FEB-8081-F84598480267}.Ad-Hoc|Any CPU.ActiveCfg = Debug|Any CPU
		{7E551B55-A169-4FEB-8081-F84598480267}.Ad-Hoc|Any CPU.Build.0 = Debug|Any CPU
		{7E551B55-A169-4FEB-8081-F84598480267}.Ad-Hoc|Any CPU.Deploy.0 = Debug|Any CPU
		{7E551B55-A169-4FEB-8081-F84598480267}.Ad-Hoc|ARM.ActiveCfg = Debug|Any CPU
		{7E551B55-A169-4FEB-8081-F84598480267}.Ad-Hoc|ARM.Build.0 = Debug|Any CPU
		{7E551B55-A169-4FEB-8081-F84598480267}.Ad-Hoc|ARM.Deploy.0 = Debug|Any CPU
		{7E551B55-A169-4FEB-8081-F84598480267}.Ad-Hoc|iPhone.ActiveCfg = Debug|Any CPU
		{7E551B55-A169-4FEB-8081-F84598480267}.Ad-Hoc|iPhone.Build.0 = Debug|Any CPU
		{7E551B55-A169-4FEB-8081-F84598480267}.Ad-Hoc|iPhone.Deploy.0 = Debug|Any CPU
		{7E551B55-A169-4FEB-8081-F84598480267}.Ad-Hoc|iPhoneSimulator.ActiveCfg = Debug|Any CPU
		{7E551B55-A169-4FEB-8081-F84598480267}.Ad-Hoc|iPhoneSimulator.Build.0 = Debug|Any CPU
		{7E551B55-A169-4FEB-8081-F84598480267}.Ad-Hoc|iPhoneSimulator.Deploy.0 = Debug|Any CPU
		{7E551B55-A169-4FEB-8081-F84598480267}.Ad-Hoc|x64.ActiveCfg = Debug|Any CPU
		{7E551B55-A169-4FEB-8081-F84598480267}.Ad-Hoc|x64.Build.0 = Debug|Any CPU
		{7E551B55-A169-4FEB-8081-F84598480267}.Ad-Hoc|x64.Deploy.0 = Debug|Any CPU
		{7E551B55-A169-4FEB-8081-F84598480267}.Ad-Hoc|x86.ActiveCfg = Debug|Any CPU
		{7E551B55-A169-4FEB-8081-F84598480267}.Ad-Hoc|x86.Build.0 = Debug|Any CPU
		{7E551B55-A169-4FEB-8081-F84598480267}.Ad-Hoc|x86.Deploy.0 = Debug|Any CPU
		{7E551B55-A169-4FEB-8081-F84598480267}.AppStore|Any CPU.ActiveCfg = Debug|Any CPU
		{7E551B55-A169-4FEB-8081-F84598480267}.AppStore|Any CPU.Build.0 = Debug|Any CPU
		{7E551B55-A169-4FEB-8081-F84598480267}.AppStore|Any CPU.Deploy.0 = Debug|Any CPU
		{7E551B55-A169-4FEB-8081-F84598480267}.AppStore|ARM.ActiveCfg = Debug|Any CPU
		{7E551B55-A169-4FEB-8081-F84598480267}.AppStore|ARM.Build.0 = Debug|Any CPU
		{7E551B55-A169-4FEB-8081-F84598480267}.AppStore|ARM.Deploy.0 = Debug|Any CPU
		{7E551B55-A169-4FEB-8081-F84598480267}.AppStore|iPhone.ActiveCfg = Debug|Any CPU
		{7E551B55-A169-4FEB-8081-F84598480267}.AppStore|iPhone.Build.0 = Debug|Any CPU
		{7E551B55-A169-4FEB-8081-F84598480267}.AppStore|iPhone.Deploy.0 = Debug|Any CPU
		{7E551B55-A169-4FEB-8081-F84598480267}.AppStore|iPhoneSimulator.ActiveCfg = Debug|Any CPU
		{7E551B55-A169-4FEB-8081-F84598480267}.AppStore|iPhoneSimulator.Build.0 = Debug|Any CPU
		{7E551B55-A169-4FEB-8081-F84598480267}.AppStore|iPhoneSimulator.Deploy.0 = Debug|Any CPU
		{7E551B55-A169-4FEB-8081-F84598480267}.AppStore|x64.ActiveCfg = Debug|Any CPU
		{7E551B55-A169-4FEB-8081-F84598480267}.AppStore|x64.Build.0 = Debug|Any CPU
		{7E551B55-A169-4FEB-8081-F84598480267}.AppStore|x64.Deploy.0 = Debug|Any CPU
		{7E551B55-A169-4FEB-8081-F84598480267}.AppStore|x86.ActiveCfg = Debug|Any CPU
		{7E551B55-A169-4FEB-8081-F84598480267}.AppStore|x86.Build.0 = Debug|Any CPU
		{7E551B55-A169-4FEB-8081-F84598480267}.AppStore|x86.Deploy.0 = Debug|Any CPU
		{7E551B55-A169-4FEB-8081-F84598480267}.Debug|Any CPU.ActiveCfg = Debug|Any CPU
		{7E551B55-A169-4FEB-8081-F84598480267}.Debug|Any CPU.Build.0 = Debug|Any CPU
		{7E551B55-A169-4FEB-8081-F84598480267}.Debug|Any CPU.Deploy.0 = Debug|Any CPU
		{7E551B55-A169-4FEB-8081-F84598480267}.Debug|ARM.ActiveCfg = Debug|Any CPU
		{7E551B55-A169-4FEB-8081-F84598480267}.Debug|ARM.Build.0 = Debug|Any CPU
		{7E551B55-A169-4FEB-8081-F84598480267}.Debug|ARM.Deploy.0 = Debug|Any CPU
		{7E551B55-A169-4FEB-8081-F84598480267}.Debug|iPhone.ActiveCfg = Debug|Any CPU
		{7E551B55-A169-4FEB-8081-F84598480267}.Debug|iPhone.Build.0 = Debug|Any CPU
		{7E551B55-A169-4FEB-8081-F84598480267}.Debug|iPhone.Deploy.0 = Debug|Any CPU
		{7E551B55-A169-4FEB-8081-F84598480267}.Debug|iPhoneSimulator.ActiveCfg = Debug|Any CPU
		{7E551B55-A169-4FEB-8081-F84598480267}.Debug|iPhoneSimulator.Build.0 = Debug|Any CPU
		{7E551B55-A169-4FEB-8081-F84598480267}.Debug|iPhoneSimulator.Deploy.0 = Debug|Any CPU
		{7E551B55-A169-4FEB-8081-F84598480267}.Debug|x64.ActiveCfg = Debug|Any CPU
		{7E551B55-A169-4FEB-8081-F84598480267}.Debug|x64.Build.0 = Debug|Any CPU
		{7E551B55-A169-4FEB-8081-F84598480267}.Debug|x64.Deploy.0 = Debug|Any CPU
		{7E551B55-A169-4FEB-8081-F84598480267}.Debug|x86.ActiveCfg = Debug|Any CPU
		{7E551B55-A169-4FEB-8081-F84598480267}.Debug|x86.Build.0 = Debug|Any CPU
		{7E551B55-A169-4FEB-8081-F84598480267}.Debug|x86.Deploy.0 = Debug|Any CPU
		{7E551B55-A169-4FEB-8081-F84598480267}.Release|Any CPU.ActiveCfg = Release|Any CPU
		{7E551B55-A169-4FEB-8081-F84598480267}.Release|Any CPU.Build.0 = Release|Any CPU
		{7E551B55-A169-4FEB-8081-F84598480267}.Release|Any CPU.Deploy.0 = Release|Any CPU
		{7E551B55-A169-4FEB-8081-F84598480267}.Release|ARM.ActiveCfg = Release|Any CPU
		{7E551B55-A169-4FEB-8081-F84598480267}.Release|ARM.Build.0 = Release|Any CPU
		{7E551B55-A169-4FEB-8081-F84598480267}.Release|ARM.Deploy.0 = Release|Any CPU
		{7E551B55-A169-4FEB-8081-F84598480267}.Release|iPhone.ActiveCfg = Release|Any CPU
		{7E551B55-A169-4FEB-8081-F84598480267}.Release|iPhone.Build.0 = Release|Any CPU
		{7E551B55-A169-4FEB-8081-F84598480267}.Release|iPhone.Deploy.0 = Release|Any CPU
		{7E551B55-A169-4FEB-8081-F84598480267}.Release|iPhoneSimulator.ActiveCfg = Release|Any CPU
		{7E551B55-A169-4FEB-8081-F84598480267}.Release|iPhoneSimulator.Build.0 = Release|Any CPU
		{7E551B55-A169-4FEB-8081-F84598480267}.Release|iPhoneSimulator.Deploy.0 = Release|Any CPU
		{7E551B55-A169-4FEB-8081-F84598480267}.Release|x64.ActiveCfg = Release|Any CPU
		{7E551B55-A169-4FEB-8081-F84598480267}.Release|x64.Build.0 = Release|Any CPU
		{7E551B55-A169-4FEB-8081-F84598480267}.Release|x64.Deploy.0 = Release|Any CPU
		{7E551B55-A169-4FEB-8081-F84598480267}.Release|x86.ActiveCfg = Release|Any CPU
		{7E551B55-A169-4FEB-8081-F84598480267}.Release|x86.Build.0 = Release|Any CPU
		{7E551B55-A169-4FEB-8081-F84598480267}.Release|x86.Deploy.0 = Release|Any CPU
		{455CDF65-5D1A-479D-86F5-9F12F1C6D477}.Ad-Hoc|Any CPU.ActiveCfg = Ad-Hoc|iPhoneSimulator
		{455CDF65-5D1A-479D-86F5-9F12F1C6D477}.Ad-Hoc|ARM.ActiveCfg = Ad-Hoc|iPhoneSimulator
		{455CDF65-5D1A-479D-86F5-9F12F1C6D477}.Ad-Hoc|iPhone.ActiveCfg = Ad-Hoc|iPhone
		{455CDF65-5D1A-479D-86F5-9F12F1C6D477}.Ad-Hoc|iPhone.Build.0 = Ad-Hoc|iPhone
		{455CDF65-5D1A-479D-86F5-9F12F1C6D477}.Ad-Hoc|iPhoneSimulator.ActiveCfg = Ad-Hoc|iPhoneSimulator
		{455CDF65-5D1A-479D-86F5-9F12F1C6D477}.Ad-Hoc|iPhoneSimulator.Build.0 = Ad-Hoc|iPhoneSimulator
		{455CDF65-5D1A-479D-86F5-9F12F1C6D477}.Ad-Hoc|x64.ActiveCfg = Ad-Hoc|iPhoneSimulator
		{455CDF65-5D1A-479D-86F5-9F12F1C6D477}.Ad-Hoc|x86.ActiveCfg = Ad-Hoc|iPhoneSimulator
		{455CDF65-5D1A-479D-86F5-9F12F1C6D477}.AppStore|Any CPU.ActiveCfg = AppStore|iPhoneSimulator
		{455CDF65-5D1A-479D-86F5-9F12F1C6D477}.AppStore|ARM.ActiveCfg = AppStore|iPhoneSimulator
		{455CDF65-5D1A-479D-86F5-9F12F1C6D477}.AppStore|iPhone.ActiveCfg = AppStore|iPhone
		{455CDF65-5D1A-479D-86F5-9F12F1C6D477}.AppStore|iPhone.Build.0 = AppStore|iPhone
		{455CDF65-5D1A-479D-86F5-9F12F1C6D477}.AppStore|iPhoneSimulator.ActiveCfg = AppStore|iPhoneSimulator
		{455CDF65-5D1A-479D-86F5-9F12F1C6D477}.AppStore|iPhoneSimulator.Build.0 = AppStore|iPhoneSimulator
		{455CDF65-5D1A-479D-86F5-9F12F1C6D477}.AppStore|x64.ActiveCfg = AppStore|iPhoneSimulator
		{455CDF65-5D1A-479D-86F5-9F12F1C6D477}.AppStore|x86.ActiveCfg = AppStore|iPhoneSimulator
		{455CDF65-5D1A-479D-86F5-9F12F1C6D477}.Debug|Any CPU.ActiveCfg = Debug|iPhoneSimulator
		{455CDF65-5D1A-479D-86F5-9F12F1C6D477}.Debug|ARM.ActiveCfg = Debug|iPhoneSimulator
		{455CDF65-5D1A-479D-86F5-9F12F1C6D477}.Debug|iPhone.ActiveCfg = Debug|iPhone
		{455CDF65-5D1A-479D-86F5-9F12F1C6D477}.Debug|iPhone.Build.0 = Debug|iPhone
		{455CDF65-5D1A-479D-86F5-9F12F1C6D477}.Debug|iPhoneSimulator.ActiveCfg = Debug|iPhoneSimulator
		{455CDF65-5D1A-479D-86F5-9F12F1C6D477}.Debug|iPhoneSimulator.Build.0 = Debug|iPhoneSimulator
		{455CDF65-5D1A-479D-86F5-9F12F1C6D477}.Debug|x64.ActiveCfg = Debug|iPhoneSimulator
		{455CDF65-5D1A-479D-86F5-9F12F1C6D477}.Debug|x86.ActiveCfg = Debug|iPhoneSimulator
		{455CDF65-5D1A-479D-86F5-9F12F1C6D477}.Release|Any CPU.ActiveCfg = Release|iPhoneSimulator
		{455CDF65-5D1A-479D-86F5-9F12F1C6D477}.Release|ARM.ActiveCfg = Release|iPhoneSimulator
		{455CDF65-5D1A-479D-86F5-9F12F1C6D477}.Release|iPhone.ActiveCfg = Release|iPhone
		{455CDF65-5D1A-479D-86F5-9F12F1C6D477}.Release|iPhone.Build.0 = Release|iPhone
		{455CDF65-5D1A-479D-86F5-9F12F1C6D477}.Release|iPhoneSimulator.ActiveCfg = Release|iPhoneSimulator
		{455CDF65-5D1A-479D-86F5-9F12F1C6D477}.Release|iPhoneSimulator.Build.0 = Release|iPhoneSimulator
		{455CDF65-5D1A-479D-86F5-9F12F1C6D477}.Release|x64.ActiveCfg = Release|iPhoneSimulator
		{455CDF65-5D1A-479D-86F5-9F12F1C6D477}.Release|x86.ActiveCfg = Release|iPhoneSimulator
		{18AA4AC7-1D52-47D3-A5EF-0DC9855080D6}.Ad-Hoc|Any CPU.ActiveCfg = Debug|ARM
		{18AA4AC7-1D52-47D3-A5EF-0DC9855080D6}.Ad-Hoc|Any CPU.Build.0 = Debug|ARM
		{18AA4AC7-1D52-47D3-A5EF-0DC9855080D6}.Ad-Hoc|Any CPU.Deploy.0 = Debug|ARM
		{18AA4AC7-1D52-47D3-A5EF-0DC9855080D6}.Ad-Hoc|ARM.ActiveCfg = Debug|ARM
		{18AA4AC7-1D52-47D3-A5EF-0DC9855080D6}.Ad-Hoc|ARM.Build.0 = Debug|ARM
		{18AA4AC7-1D52-47D3-A5EF-0DC9855080D6}.Ad-Hoc|ARM.Deploy.0 = Debug|ARM
		{18AA4AC7-1D52-47D3-A5EF-0DC9855080D6}.Ad-Hoc|iPhone.ActiveCfg = Debug|ARM
		{18AA4AC7-1D52-47D3-A5EF-0DC9855080D6}.Ad-Hoc|iPhone.Build.0 = Debug|ARM
		{18AA4AC7-1D52-47D3-A5EF-0DC9855080D6}.Ad-Hoc|iPhone.Deploy.0 = Debug|ARM
		{18AA4AC7-1D52-47D3-A5EF-0DC9855080D6}.Ad-Hoc|iPhoneSimulator.ActiveCfg = Debug|ARM
		{18AA4AC7-1D52-47D3-A5EF-0DC9855080D6}.Ad-Hoc|iPhoneSimulator.Build.0 = Debug|ARM
		{18AA4AC7-1D52-47D3-A5EF-0DC9855080D6}.Ad-Hoc|iPhoneSimulator.Deploy.0 = Debug|ARM
		{18AA4AC7-1D52-47D3-A5EF-0DC9855080D6}.Ad-Hoc|x64.ActiveCfg = Debug|x64
		{18AA4AC7-1D52-47D3-A5EF-0DC9855080D6}.Ad-Hoc|x64.Build.0 = Debug|x64
		{18AA4AC7-1D52-47D3-A5EF-0DC9855080D6}.Ad-Hoc|x64.Deploy.0 = Debug|x64
		{18AA4AC7-1D52-47D3-A5EF-0DC9855080D6}.Ad-Hoc|x86.ActiveCfg = Debug|x86
		{18AA4AC7-1D52-47D3-A5EF-0DC9855080D6}.Ad-Hoc|x86.Build.0 = Debug|x86
		{18AA4AC7-1D52-47D3-A5EF-0DC9855080D6}.Ad-Hoc|x86.Deploy.0 = Debug|x86
		{18AA4AC7-1D52-47D3-A5EF-0DC9855080D6}.AppStore|Any CPU.ActiveCfg = Debug|ARM
		{18AA4AC7-1D52-47D3-A5EF-0DC9855080D6}.AppStore|Any CPU.Build.0 = Debug|ARM
		{18AA4AC7-1D52-47D3-A5EF-0DC9855080D6}.AppStore|Any CPU.Deploy.0 = Debug|ARM
		{18AA4AC7-1D52-47D3-A5EF-0DC9855080D6}.AppStore|ARM.ActiveCfg = Debug|ARM
		{18AA4AC7-1D52-47D3-A5EF-0DC9855080D6}.AppStore|ARM.Build.0 = Debug|ARM
		{18AA4AC7-1D52-47D3-A5EF-0DC9855080D6}.AppStore|ARM.Deploy.0 = Debug|ARM
		{18AA4AC7-1D52-47D3-A5EF-0DC9855080D6}.AppStore|iPhone.ActiveCfg = Debug|ARM
		{18AA4AC7-1D52-47D3-A5EF-0DC9855080D6}.AppStore|iPhone.Build.0 = Debug|ARM
		{18AA4AC7-1D52-47D3-A5EF-0DC9855080D6}.AppStore|iPhone.Deploy.0 = Debug|ARM
		{18AA4AC7-1D52-47D3-A5EF-0DC9855080D6}.AppStore|iPhoneSimulator.ActiveCfg = Debug|ARM
		{18AA4AC7-1D52-47D3-A5EF-0DC9855080D6}.AppStore|iPhoneSimulator.Build.0 = Debug|ARM
		{18AA4AC7-1D52-47D3-A5EF-0DC9855080D6}.AppStore|iPhoneSimulator.Deploy.0 = Debug|ARM
		{18AA4AC7-1D52-47D3-A5EF-0DC9855080D6}.AppStore|x64.ActiveCfg = Debug|x64
		{18AA4AC7-1D52-47D3-A5EF-0DC9855080D6}.AppStore|x64.Build.0 = Debug|x64
		{18AA4AC7-1D52-47D3-A5EF-0DC9855080D6}.AppStore|x64.Deploy.0 = Debug|x64
		{18AA4AC7-1D52-47D3-A5EF-0DC9855080D6}.AppStore|x86.ActiveCfg = Debug|x86
		{18AA4AC7-1D52-47D3-A5EF-0DC9855080D6}.AppStore|x86.Build.0 = Debug|x86
		{18AA4AC7-1D52-47D3-A5EF-0DC9855080D6}.AppStore|x86.Deploy.0 = Debug|x86
		{18AA4AC7-1D52-47D3-A5EF-0DC9855080D6}.Debug|Any CPU.ActiveCfg = Debug|x86
		{18AA4AC7-1D52-47D3-A5EF-0DC9855080D6}.Debug|ARM.ActiveCfg = Debug|ARM
		{18AA4AC7-1D52-47D3-A5EF-0DC9855080D6}.Debug|ARM.Build.0 = Debug|ARM
		{18AA4AC7-1D52-47D3-A5EF-0DC9855080D6}.Debug|ARM.Deploy.0 = Debug|ARM
		{18AA4AC7-1D52-47D3-A5EF-0DC9855080D6}.Debug|iPhone.ActiveCfg = Debug|x86
		{18AA4AC7-1D52-47D3-A5EF-0DC9855080D6}.Debug|iPhoneSimulator.ActiveCfg = Debug|x86
		{18AA4AC7-1D52-47D3-A5EF-0DC9855080D6}.Debug|x64.ActiveCfg = Debug|x64
		{18AA4AC7-1D52-47D3-A5EF-0DC9855080D6}.Debug|x64.Build.0 = Debug|x64
		{18AA4AC7-1D52-47D3-A5EF-0DC9855080D6}.Debug|x64.Deploy.0 = Debug|x64
		{18AA4AC7-1D52-47D3-A5EF-0DC9855080D6}.Debug|x86.ActiveCfg = Debug|x86
		{18AA4AC7-1D52-47D3-A5EF-0DC9855080D6}.Debug|x86.Build.0 = Debug|x86
		{18AA4AC7-1D52-47D3-A5EF-0DC9855080D6}.Debug|x86.Deploy.0 = Debug|x86
		{18AA4AC7-1D52-47D3-A5EF-0DC9855080D6}.Release|Any CPU.ActiveCfg = Release|x86
		{18AA4AC7-1D52-47D3-A5EF-0DC9855080D6}.Release|ARM.ActiveCfg = Release|ARM
		{18AA4AC7-1D52-47D3-A5EF-0DC9855080D6}.Release|ARM.Build.0 = Release|ARM
		{18AA4AC7-1D52-47D3-A5EF-0DC9855080D6}.Release|ARM.Deploy.0 = Release|ARM
		{18AA4AC7-1D52-47D3-A5EF-0DC9855080D6}.Release|iPhone.ActiveCfg = Release|x86
		{18AA4AC7-1D52-47D3-A5EF-0DC9855080D6}.Release|iPhoneSimulator.ActiveCfg = Release|x86
		{18AA4AC7-1D52-47D3-A5EF-0DC9855080D6}.Release|x64.ActiveCfg = Release|x64
		{18AA4AC7-1D52-47D3-A5EF-0DC9855080D6}.Release|x64.Build.0 = Release|x64
		{18AA4AC7-1D52-47D3-A5EF-0DC9855080D6}.Release|x64.Deploy.0 = Release|x64
		{18AA4AC7-1D52-47D3-A5EF-0DC9855080D6}.Release|x86.ActiveCfg = Release|x86
		{18AA4AC7-1D52-47D3-A5EF-0DC9855080D6}.Release|x86.Build.0 = Release|x86
		{18AA4AC7-1D52-47D3-A5EF-0DC9855080D6}.Release|x86.Deploy.0 = Release|x86
		{A3F233B5-A40A-4B9E-B2A5-415EF9C2CDCC}.Ad-Hoc|Any CPU.ActiveCfg = Release|Any CPU
		{A3F233B5-A40A-4B9E-B2A5-415EF9C2CDCC}.Ad-Hoc|Any CPU.Build.0 = Release|Any CPU
		{A3F233B5-A40A-4B9E-B2A5-415EF9C2CDCC}.Ad-Hoc|ARM.ActiveCfg = Release|Any CPU
		{A3F233B5-A40A-4B9E-B2A5-415EF9C2CDCC}.Ad-Hoc|ARM.Build.0 = Release|Any CPU
		{A3F233B5-A40A-4B9E-B2A5-415EF9C2CDCC}.Ad-Hoc|iPhone.ActiveCfg = Release|Any CPU
		{A3F233B5-A40A-4B9E-B2A5-415EF9C2CDCC}.Ad-Hoc|iPhone.Build.0 = Release|Any CPU
		{A3F233B5-A40A-4B9E-B2A5-415EF9C2CDCC}.Ad-Hoc|iPhoneSimulator.ActiveCfg = Release|Any CPU
		{A3F233B5-A40A-4B9E-B2A5-415EF9C2CDCC}.Ad-Hoc|iPhoneSimulator.Build.0 = Release|Any CPU
		{A3F233B5-A40A-4B9E-B2A5-415EF9C2CDCC}.Ad-Hoc|x64.ActiveCfg = Release|Any CPU
		{A3F233B5-A40A-4B9E-B2A5-415EF9C2CDCC}.Ad-Hoc|x64.Build.0 = Release|Any CPU
		{A3F233B5-A40A-4B9E-B2A5-415EF9C2CDCC}.Ad-Hoc|x86.ActiveCfg = Release|Any CPU
		{A3F233B5-A40A-4B9E-B2A5-415EF9C2CDCC}.Ad-Hoc|x86.Build.0 = Release|Any CPU
		{A3F233B5-A40A-4B9E-B2A5-415EF9C2CDCC}.AppStore|Any CPU.ActiveCfg = Release|Any CPU
		{A3F233B5-A40A-4B9E-B2A5-415EF9C2CDCC}.AppStore|Any CPU.Build.0 = Release|Any CPU
		{A3F233B5-A40A-4B9E-B2A5-415EF9C2CDCC}.AppStore|ARM.ActiveCfg = Release|Any CPU
		{A3F233B5-A40A-4B9E-B2A5-415EF9C2CDCC}.AppStore|ARM.Build.0 = Release|Any CPU
		{A3F233B5-A40A-4B9E-B2A5-415EF9C2CDCC}.AppStore|iPhone.ActiveCfg = Release|Any CPU
		{A3F233B5-A40A-4B9E-B2A5-415EF9C2CDCC}.AppStore|iPhone.Build.0 = Release|Any CPU
		{A3F233B5-A40A-4B9E-B2A5-415EF9C2CDCC}.AppStore|iPhoneSimulator.ActiveCfg = Release|Any CPU
		{A3F233B5-A40A-4B9E-B2A5-415EF9C2CDCC}.AppStore|iPhoneSimulator.Build.0 = Release|Any CPU
		{A3F233B5-A40A-4B9E-B2A5-415EF9C2CDCC}.AppStore|x64.ActiveCfg = Release|Any CPU
		{A3F233B5-A40A-4B9E-B2A5-415EF9C2CDCC}.AppStore|x64.Build.0 = Release|Any CPU
		{A3F233B5-A40A-4B9E-B2A5-415EF9C2CDCC}.AppStore|x86.ActiveCfg = Release|Any CPU
		{A3F233B5-A40A-4B9E-B2A5-415EF9C2CDCC}.AppStore|x86.Build.0 = Release|Any CPU
		{A3F233B5-A40A-4B9E-B2A5-415EF9C2CDCC}.Debug|Any CPU.ActiveCfg = Debug|Any CPU
		{A3F233B5-A40A-4B9E-B2A5-415EF9C2CDCC}.Debug|Any CPU.Build.0 = Debug|Any CPU
		{A3F233B5-A40A-4B9E-B2A5-415EF9C2CDCC}.Debug|ARM.ActiveCfg = Debug|Any CPU
		{A3F233B5-A40A-4B9E-B2A5-415EF9C2CDCC}.Debug|ARM.Build.0 = Debug|Any CPU
		{A3F233B5-A40A-4B9E-B2A5-415EF9C2CDCC}.Debug|iPhone.ActiveCfg = Debug|Any CPU
		{A3F233B5-A40A-4B9E-B2A5-415EF9C2CDCC}.Debug|iPhone.Build.0 = Debug|Any CPU
		{A3F233B5-A40A-4B9E-B2A5-415EF9C2CDCC}.Debug|iPhoneSimulator.ActiveCfg = Debug|Any CPU
		{A3F233B5-A40A-4B9E-B2A5-415EF9C2CDCC}.Debug|iPhoneSimulator.Build.0 = Debug|Any CPU
		{A3F233B5-A40A-4B9E-B2A5-415EF9C2CDCC}.Debug|x64.ActiveCfg = Debug|Any CPU
		{A3F233B5-A40A-4B9E-B2A5-415EF9C2CDCC}.Debug|x64.Build.0 = Debug|Any CPU
		{A3F233B5-A40A-4B9E-B2A5-415EF9C2CDCC}.Debug|x86.ActiveCfg = Debug|Any CPU
		{A3F233B5-A40A-4B9E-B2A5-415EF9C2CDCC}.Debug|x86.Build.0 = Debug|Any CPU
		{A3F233B5-A40A-4B9E-B2A5-415EF9C2CDCC}.Release|Any CPU.ActiveCfg = Release|Any CPU
		{A3F233B5-A40A-4B9E-B2A5-415EF9C2CDCC}.Release|Any CPU.Build.0 = Release|Any CPU
		{A3F233B5-A40A-4B9E-B2A5-415EF9C2CDCC}.Release|ARM.ActiveCfg = Release|Any CPU
		{A3F233B5-A40A-4B9E-B2A5-415EF9C2CDCC}.Release|ARM.Build.0 = Release|Any CPU
		{A3F233B5-A40A-4B9E-B2A5-415EF9C2CDCC}.Release|iPhone.ActiveCfg = Release|Any CPU
		{A3F233B5-A40A-4B9E-B2A5-415EF9C2CDCC}.Release|iPhone.Build.0 = Release|Any CPU
		{A3F233B5-A40A-4B9E-B2A5-415EF9C2CDCC}.Release|iPhoneSimulator.ActiveCfg = Release|Any CPU
		{A3F233B5-A40A-4B9E-B2A5-415EF9C2CDCC}.Release|iPhoneSimulator.Build.0 = Release|Any CPU
		{A3F233B5-A40A-4B9E-B2A5-415EF9C2CDCC}.Release|x64.ActiveCfg = Release|Any CPU
		{A3F233B5-A40A-4B9E-B2A5-415EF9C2CDCC}.Release|x64.Build.0 = Release|Any CPU
		{A3F233B5-A40A-4B9E-B2A5-415EF9C2CDCC}.Release|x86.ActiveCfg = Release|Any CPU
		{A3F233B5-A40A-4B9E-B2A5-415EF9C2CDCC}.Release|x86.Build.0 = Release|Any CPU
	EndGlobalSection
	GlobalSection(SolutionProperties) = preSolution
		HideSolutionNode = FALSE
	EndGlobalSection
	GlobalSection(ExtensibilityGlobals) = postSolution
		SolutionGuid = {2736B131-12FC-42D5-B8E1-013232C8A3F2}
	EndGlobalSection
EndGlobal
