
Microsoft Visual Studio Solution File, Format Version 12.00
# Visual Studio Version 16
VisualStudioVersion = 16.0.29709.97
MinimumVisualStudioVersion = 10.0.40219.1
Project("{FAE04EC0-301F-11D3-BF4B-00C04F79EFBC}") = "RenderImage.Android", "RenderImage\Android\RenderImage.Android.csproj", "{ABC8C26C-2A61-4A74-8831-2C2B975CEA47}"
EndProject
Project("{FAE04EC0-301F-11D3-BF4B-00C04F79EFBC}") = "RenderImage.iOS", "RenderImage\iOS\RenderImage.iOS.csproj", "{32342D15-15D8-43CA-8B61-2E85DE748292}"
EndProject
Project("{FAE04EC0-301F-11D3-BF4B-00C04F79EFBC}") = "RenderImage.UWP", "RenderImage\UWP\RenderImage.UWP.csproj", "{B29633DE-E93A-40ED-9690-DA8ABBB321E2}"
EndProject
Project("{9A19103F-16F7-4668-BE54-9A1E7A4F7556}") = "RenderImage.Portable", "RenderImage\Portable\RenderImage.Portable.csproj", "{C981D387-EB58-4DAA-B2CA-790422D9E316}"
EndProject
Global
	GlobalSection(SolutionConfigurationPlatforms) = preSolution
		Ad-Hoc|Any CPU = Ad-Hoc|Any CPU
		Ad-Hoc|ARM = Ad-Hoc|ARM
		Ad-Hoc|iPhone = Ad-Hoc|iPhone
		Ad-Hoc|iPhoneSimulator = Ad-Hoc|iPhoneSimulator
		Ad-Hoc|x64 = Ad-Hoc|x64
		Ad-Hoc|x86 = Ad-Hoc|x86
		AppStore|Any CPU = AppStore|Any CPU
		AppStore|ARM = AppStore|ARM
		AppStore|iPhone = AppStore|iPhone
		AppStore|iPhoneSimulator = AppStore|iPhoneSimulator
		AppStore|x64 = AppStore|x64
		AppStore|x86 = AppStore|x86
		Debug|Any CPU = Debug|Any CPU
		Debug|ARM = Debug|ARM
		Debug|iPhone = Debug|iPhone
		Debug|iPhoneSimulator = Debug|iPhoneSimulator
		Debug|x64 = Debug|x64
		Debug|x86 = Debug|x86
		Release|Any CPU = Release|Any CPU
		Release|ARM = Release|ARM
		Release|iPhone = Release|iPhone
		Release|iPhoneSimulator = Release|iPhoneSimulator
		Release|x64 = Release|x64
		Release|x86 = Release|x86
	EndGlobalSection
	GlobalSection(ProjectConfigurationPlatforms) = postSolution
		{ABC8C26C-2A61-4A74-8831-2C2B975CEA47}.Ad-Hoc|Any CPU.ActiveCfg = Release|Any CPU
		{ABC8C26C-2A61-4A74-8831-2C2B975CEA47}.Ad-Hoc|Any CPU.Build.0 = Release|Any CPU
		{ABC8C26C-2A61-4A74-8831-2C2B975CEA47}.Ad-Hoc|Any CPU.Deploy.0 = Release|Any CPU
		{ABC8C26C-2A61-4A74-8831-2C2B975CEA47}.Ad-Hoc|ARM.ActiveCfg = Release|Any CPU
		{ABC8C26C-2A61-4A74-8831-2C2B975CEA47}.Ad-Hoc|ARM.Build.0 = Release|Any CPU
		{ABC8C26C-2A61-4A74-8831-2C2B975CEA47}.Ad-Hoc|ARM.Deploy.0 = Release|Any CPU
		{ABC8C26C-2A61-4A74-8831-2C2B975CEA47}.Ad-Hoc|iPhone.ActiveCfg = Release|Any CPU
		{ABC8C26C-2A61-4A74-8831-2C2B975CEA47}.Ad-Hoc|iPhone.Build.0 = Release|Any CPU
		{ABC8C26C-2A61-4A74-8831-2C2B975CEA47}.Ad-Hoc|iPhone.Deploy.0 = Release|Any CPU
		{ABC8C26C-2A61-4A74-8831-2C2B975CEA47}.Ad-Hoc|iPhoneSimulator.ActiveCfg = Release|Any CPU
		{ABC8C26C-2A61-4A74-8831-2C2B975CEA47}.Ad-Hoc|iPhoneSimulator.Build.0 = Release|Any CPU
		{ABC8C26C-2A61-4A74-8831-2C2B975CEA47}.Ad-Hoc|iPhoneSimulator.Deploy.0 = Release|Any CPU
		{ABC8C26C-2A61-4A74-8831-2C2B975CEA47}.Ad-Hoc|x64.ActiveCfg = Release|Any CPU
		{ABC8C26C-2A61-4A74-8831-2C2B975CEA47}.Ad-Hoc|x64.Build.0 = Release|Any CPU
		{ABC8C26C-2A61-4A74-8831-2C2B975CEA47}.Ad-Hoc|x64.Deploy.0 = Release|Any CPU
		{ABC8C26C-2A61-4A74-8831-2C2B975CEA47}.Ad-Hoc|x86.ActiveCfg = Release|Any CPU
		{ABC8C26C-2A61-4A74-8831-2C2B975CEA47}.Ad-Hoc|x86.Build.0 = Release|Any CPU
		{ABC8C26C-2A61-4A74-8831-2C2B975CEA47}.Ad-Hoc|x86.Deploy.0 = Release|Any CPU
		{ABC8C26C-2A61-4A74-8831-2C2B975CEA47}.AppStore|Any CPU.ActiveCfg = Release|Any CPU
		{ABC8C26C-2A61-4A74-8831-2C2B975CEA47}.AppStore|Any CPU.Build.0 = Release|Any CPU
		{ABC8C26C-2A61-4A74-8831-2C2B975CEA47}.AppStore|Any CPU.Deploy.0 = Release|Any CPU
		{ABC8C26C-2A61-4A74-8831-2C2B975CEA47}.AppStore|ARM.ActiveCfg = Release|Any CPU
		{ABC8C26C-2A61-4A74-8831-2C2B975CEA47}.AppStore|ARM.Build.0 = Release|Any CPU
		{ABC8C26C-2A61-4A74-8831-2C2B975CEA47}.AppStore|ARM.Deploy.0 = Release|Any CPU
		{ABC8C26C-2A61-4A74-8831-2C2B975CEA47}.AppStore|iPhone.ActiveCfg = Release|Any CPU
		{ABC8C26C-2A61-4A74-8831-2C2B975CEA47}.AppStore|iPhone.Build.0 = Release|Any CPU
		{ABC8C26C-2A61-4A74-8831-2C2B975CEA47}.AppStore|iPhone.Deploy.0 = Release|Any CPU
		{ABC8C26C-2A61-4A74-8831-2C2B975CEA47}.AppStore|iPhoneSimulator.ActiveCfg = Release|Any CPU
		{ABC8C26C-2A61-4A74-8831-2C2B975CEA47}.AppStore|iPhoneSimulator.Build.0 = Release|Any CPU
		{ABC8C26C-2A61-4A74-8831-2C2B975CEA47}.AppStore|iPhoneSimulator.Deploy.0 = Release|Any CPU
		{ABC8C26C-2A61-4A74-8831-2C2B975CEA47}.AppStore|x64.ActiveCfg = Release|Any CPU
		{ABC8C26C-2A61-4A74-8831-2C2B975CEA47}.AppStore|x64.Build.0 = Release|Any CPU
		{ABC8C26C-2A61-4A74-8831-2C2B975CEA47}.AppStore|x64.Deploy.0 = Release|Any CPU
		{ABC8C26C-2A61-4A74-8831-2C2B975CEA47}.AppStore|x86.ActiveCfg = Release|Any CPU
		{ABC8C26C-2A61-4A74-8831-2C2B975CEA47}.AppStore|x86.Build.0 = Release|Any CPU
		{ABC8C26C-2A61-4A74-8831-2C2B975CEA47}.AppStore|x86.Deploy.0 = Release|Any CPU
		{ABC8C26C-2A61-4A74-8831-2C2B975CEA47}.Debug|Any CPU.ActiveCfg = Debug|Any CPU
		{ABC8C26C-2A61-4A74-8831-2C2B975CEA47}.Debug|Any CPU.Build.0 = Debug|Any CPU
		{ABC8C26C-2A61-4A74-8831-2C2B975CEA47}.Debug|Any CPU.Deploy.0 = Debug|Any CPU
		{ABC8C26C-2A61-4A74-8831-2C2B975CEA47}.Debug|ARM.ActiveCfg = Debug|Any CPU
		{ABC8C26C-2A61-4A74-8831-2C2B975CEA47}.Debug|ARM.Build.0 = Debug|Any CPU
		{ABC8C26C-2A61-4A74-8831-2C2B975CEA47}.Debug|ARM.Deploy.0 = Debug|Any CPU
		{ABC8C26C-2A61-4A74-8831-2C2B975CEA47}.Debug|iPhone.ActiveCfg = Debug|Any CPU
		{ABC8C26C-2A61-4A74-8831-2C2B975CEA47}.Debug|iPhone.Build.0 = Debug|Any CPU
		{ABC8C26C-2A61-4A74-8831-2C2B975CEA47}.Debug|iPhone.Deploy.0 = Debug|Any CPU
		{ABC8C26C-2A61-4A74-8831-2C2B975CEA47}.Debug|iPhoneSimulator.ActiveCfg = Debug|Any CPU
		{ABC8C26C-2A61-4A74-8831-2C2B975CEA47}.Debug|iPhoneSimulator.Build.0 = Debug|Any CPU
		{ABC8C26C-2A61-4A74-8831-2C2B975CEA47}.Debug|iPhoneSimulator.Deploy.0 = Debug|Any CPU
		{ABC8C26C-2A61-4A74-8831-2C2B975CEA47}.Debug|x64.ActiveCfg = Debug|Any CPU
		{ABC8C26C-2A61-4A74-8831-2C2B975CEA47}.Debug|x64.Build.0 = Debug|Any CPU
		{ABC8C26C-2A61-4A74-8831-2C2B975CEA47}.Debug|x64.Deploy.0 = Debug|Any CPU
		{ABC8C26C-2A61-4A74-8831-2C2B975CEA47}.Debug|x86.ActiveCfg = Debug|Any CPU
		{ABC8C26C-2A61-4A74-8831-2C2B975CEA47}.Debug|x86.Build.0 = Debug|Any CPU
		{ABC8C26C-2A61-4A74-8831-2C2B975CEA47}.Debug|x86.Deploy.0 = Debug|Any CPU
		{ABC8C26C-2A61-4A74-8831-2C2B975CEA47}.Release|Any CPU.ActiveCfg = Release|Any CPU
		{ABC8C26C-2A61-4A74-8831-2C2B975CEA47}.Release|Any CPU.Build.0 = Release|Any CPU
		{ABC8C26C-2A61-4A74-8831-2C2B975CEA47}.Release|Any CPU.Deploy.0 = Release|Any CPU
		{ABC8C26C-2A61-4A74-8831-2C2B975CEA47}.Release|ARM.ActiveCfg = Release|Any CPU
		{ABC8C26C-2A61-4A74-8831-2C2B975CEA47}.Release|ARM.Build.0 = Release|Any CPU
		{ABC8C26C-2A61-4A74-8831-2C2B975CEA47}.Release|ARM.Deploy.0 = Release|Any CPU
		{ABC8C26C-2A61-4A74-8831-2C2B975CEA47}.Release|iPhone.ActiveCfg = Release|Any CPU
		{ABC8C26C-2A61-4A74-8831-2C2B975CEA47}.Release|iPhone.Build.0 = Release|Any CPU
		{ABC8C26C-2A61-4A74-8831-2C2B975CEA47}.Release|iPhone.Deploy.0 = Release|Any CPU
		{ABC8C26C-2A61-4A74-8831-2C2B975CEA47}.Release|iPhoneSimulator.ActiveCfg = Release|Any CPU
		{ABC8C26C-2A61-4A74-8831-2C2B975CEA47}.Release|iPhoneSimulator.Build.0 = Release|Any CPU
		{ABC8C26C-2A61-4A74-8831-2C2B975CEA47}.Release|iPhoneSimulator.Deploy.0 = Release|Any CPU
		{ABC8C26C-2A61-4A74-8831-2C2B975CEA47}.Release|x64.ActiveCfg = Release|Any CPU
		{ABC8C26C-2A61-4A74-8831-2C2B975CEA47}.Release|x64.Build.0 = Release|Any CPU
		{ABC8C26C-2A61-4A74-8831-2C2B975CEA47}.Release|x64.Deploy.0 = Release|Any CPU
		{ABC8C26C-2A61-4A74-8831-2C2B975CEA47}.Release|x86.ActiveCfg = Release|Any CPU
		{ABC8C26C-2A61-4A74-8831-2C2B975CEA47}.Release|x86.Build.0 = Release|Any CPU
		{ABC8C26C-2A61-4A74-8831-2C2B975CEA47}.Release|x86.Deploy.0 = Release|Any CPU
		{32342D15-15D8-43CA-8B61-2E85DE748292}.Ad-Hoc|Any CPU.ActiveCfg = Ad-Hoc|iPhone
		{32342D15-15D8-43CA-8B61-2E85DE748292}.Ad-Hoc|ARM.ActiveCfg = Ad-Hoc|iPhone
		{32342D15-15D8-43CA-8B61-2E85DE748292}.Ad-Hoc|iPhone.ActiveCfg = Ad-Hoc|iPhone
		{32342D15-15D8-43CA-8B61-2E85DE748292}.Ad-Hoc|iPhone.Build.0 = Ad-Hoc|iPhone
		{32342D15-15D8-43CA-8B61-2E85DE748292}.Ad-Hoc|iPhoneSimulator.ActiveCfg = Ad-Hoc|iPhoneSimulator
		{32342D15-15D8-43CA-8B61-2E85DE748292}.Ad-Hoc|iPhoneSimulator.Build.0 = Ad-Hoc|iPhoneSimulator
		{32342D15-15D8-43CA-8B61-2E85DE748292}.Ad-Hoc|x64.ActiveCfg = Ad-Hoc|iPhone
		{32342D15-15D8-43CA-8B61-2E85DE748292}.Ad-Hoc|x86.ActiveCfg = Ad-Hoc|iPhone
		{32342D15-15D8-43CA-8B61-2E85DE748292}.AppStore|Any CPU.ActiveCfg = AppStore|iPhone
		{32342D15-15D8-43CA-8B61-2E85DE748292}.AppStore|ARM.ActiveCfg = AppStore|iPhone
		{32342D15-15D8-43CA-8B61-2E85DE748292}.AppStore|iPhone.ActiveCfg = AppStore|iPhone
		{32342D15-15D8-43CA-8B61-2E85DE748292}.AppStore|iPhone.Build.0 = AppStore|iPhone
		{32342D15-15D8-43CA-8B61-2E85DE748292}.AppStore|iPhoneSimulator.ActiveCfg = AppStore|iPhoneSimulator
		{32342D15-15D8-43CA-8B61-2E85DE748292}.AppStore|iPhoneSimulator.Build.0 = AppStore|iPhoneSimulator
		{32342D15-15D8-43CA-8B61-2E85DE748292}.AppStore|x64.ActiveCfg = AppStore|iPhone
		{32342D15-15D8-43CA-8B61-2E85DE748292}.AppStore|x86.ActiveCfg = AppStore|iPhone
		{32342D15-15D8-43CA-8B61-2E85DE748292}.Debug|Any CPU.ActiveCfg = Debug|iPhoneSimulator
		{32342D15-15D8-43CA-8B61-2E85DE748292}.Debug|ARM.ActiveCfg = Debug|iPhone
		{32342D15-15D8-43CA-8B61-2E85DE748292}.Debug|iPhone.ActiveCfg = Debug|iPhone
		{32342D15-15D8-43CA-8B61-2E85DE748292}.Debug|iPhone.Build.0 = Debug|iPhone
		{32342D15-15D8-43CA-8B61-2E85DE748292}.Debug|iPhoneSimulator.ActiveCfg = Debug|iPhoneSimulator
		{32342D15-15D8-43CA-8B61-2E85DE748292}.Debug|iPhoneSimulator.Build.0 = Debug|iPhoneSimulator
		{32342D15-15D8-43CA-8B61-2E85DE748292}.Debug|x64.ActiveCfg = Debug|iPhone
		{32342D15-15D8-43CA-8B61-2E85DE748292}.Debug|x86.ActiveCfg = Debug|iPhone
		{32342D15-15D8-43CA-8B61-2E85DE748292}.Release|Any CPU.ActiveCfg = Release|iPhone
		{32342D15-15D8-43CA-8B61-2E85DE748292}.Release|ARM.ActiveCfg = Release|iPhone
		{32342D15-15D8-43CA-8B61-2E85DE748292}.Release|iPhone.ActiveCfg = Release|iPhone
		{32342D15-15D8-43CA-8B61-2E85DE748292}.Release|iPhone.Build.0 = Release|iPhone
		{32342D15-15D8-43CA-8B61-2E85DE748292}.Release|iPhoneSimulator.ActiveCfg = Release|iPhoneSimulator
		{32342D15-15D8-43CA-8B61-2E85DE748292}.Release|iPhoneSimulator.Build.0 = Release|iPhoneSimulator
		{32342D15-15D8-43CA-8B61-2E85DE748292}.Release|x64.ActiveCfg = Release|iPhone
		{32342D15-15D8-43CA-8B61-2E85DE748292}.Release|x86.ActiveCfg = Release|iPhone
		{B29633DE-E93A-40ED-9690-DA8ABBB321E2}.Ad-Hoc|Any CPU.ActiveCfg = Release|x86
		{B29633DE-E93A-40ED-9690-DA8ABBB321E2}.Ad-Hoc|Any CPU.Build.0 = Release|x86
		{B29633DE-E93A-40ED-9690-DA8ABBB321E2}.Ad-Hoc|Any CPU.Deploy.0 = Release|x86
		{B29633DE-E93A-40ED-9690-DA8ABBB321E2}.Ad-Hoc|ARM.ActiveCfg = Release|ARM
		{B29633DE-E93A-40ED-9690-DA8ABBB321E2}.Ad-Hoc|ARM.Build.0 = Release|ARM
		{B29633DE-E93A-40ED-9690-DA8ABBB321E2}.Ad-Hoc|ARM.Deploy.0 = Release|ARM
		{B29633DE-E93A-40ED-9690-DA8ABBB321E2}.Ad-Hoc|iPhone.ActiveCfg = Release|x86
		{B29633DE-E93A-40ED-9690-DA8ABBB321E2}.Ad-Hoc|iPhone.Build.0 = Release|x86
		{B29633DE-E93A-40ED-9690-DA8ABBB321E2}.Ad-Hoc|iPhone.Deploy.0 = Release|x86
		{B29633DE-E93A-40ED-9690-DA8ABBB321E2}.Ad-Hoc|iPhoneSimulator.ActiveCfg = Release|x86
		{B29633DE-E93A-40ED-9690-DA8ABBB321E2}.Ad-Hoc|iPhoneSimulator.Build.0 = Release|x86
		{B29633DE-E93A-40ED-9690-DA8ABBB321E2}.Ad-Hoc|iPhoneSimulator.Deploy.0 = Release|x86
		{B29633DE-E93A-40ED-9690-DA8ABBB321E2}.Ad-Hoc|x64.ActiveCfg = Release|x64
		{B29633DE-E93A-40ED-9690-DA8ABBB321E2}.Ad-Hoc|x64.Build.0 = Release|x64
		{B29633DE-E93A-40ED-9690-DA8ABBB321E2}.Ad-Hoc|x64.Deploy.0 = Release|x64
		{B29633DE-E93A-40ED-9690-DA8ABBB321E2}.Ad-Hoc|x86.ActiveCfg = Release|x86
		{B29633DE-E93A-40ED-9690-DA8ABBB321E2}.Ad-Hoc|x86.Build.0 = Release|x86
		{B29633DE-E93A-40ED-9690-DA8ABBB321E2}.Ad-Hoc|x86.Deploy.0 = Release|x86
		{B29633DE-E93A-40ED-9690-DA8ABBB321E2}.AppStore|Any CPU.ActiveCfg = Release|x86
		{B29633DE-E93A-40ED-9690-DA8ABBB321E2}.AppStore|Any CPU.Build.0 = Release|x86
		{B29633DE-E93A-40ED-9690-DA8ABBB321E2}.AppStore|Any CPU.Deploy.0 = Release|x86
		{B29633DE-E93A-40ED-9690-DA8ABBB321E2}.AppStore|ARM.ActiveCfg = Release|ARM
		{B29633DE-E93A-40ED-9690-DA8ABBB321E2}.AppStore|ARM.Build.0 = Release|ARM
		{B29633DE-E93A-40ED-9690-DA8ABBB321E2}.AppStore|ARM.Deploy.0 = Release|ARM
		{B29633DE-E93A-40ED-9690-DA8ABBB321E2}.AppStore|iPhone.ActiveCfg = Release|x86
		{B29633DE-E93A-40ED-9690-DA8ABBB321E2}.AppStore|iPhone.Build.0 = Release|x86
		{B29633DE-E93A-40ED-9690-DA8ABBB321E2}.AppStore|iPhone.Deploy.0 = Release|x86
		{B29633DE-E93A-40ED-9690-DA8ABBB321E2}.AppStore|iPhoneSimulator.ActiveCfg = Release|x86
		{B29633DE-E93A-40ED-9690-DA8ABBB321E2}.AppStore|iPhoneSimulator.Build.0 = Release|x86
		{B29633DE-E93A-40ED-9690-DA8ABBB321E2}.AppStore|iPhoneSimulator.Deploy.0 = Release|x86
		{B29633DE-E93A-40ED-9690-DA8ABBB321E2}.AppStore|x64.ActiveCfg = Release|x64
		{B29633DE-E93A-40ED-9690-DA8ABBB321E2}.AppStore|x64.Build.0 = Release|x64
		{B29633DE-E93A-40ED-9690-DA8ABBB321E2}.AppStore|x64.Deploy.0 = Release|x64
		{B29633DE-E93A-40ED-9690-DA8ABBB321E2}.AppStore|x86.ActiveCfg = Release|x86
		{B29633DE-E93A-40ED-9690-DA8ABBB321E2}.AppStore|x86.Build.0 = Release|x86
		{B29633DE-E93A-40ED-9690-DA8ABBB321E2}.AppStore|x86.Deploy.0 = Release|x86
		{B29633DE-E93A-40ED-9690-DA8ABBB321E2}.Debug|Any CPU.ActiveCfg = Debug|x86
		{B29633DE-E93A-40ED-9690-DA8ABBB321E2}.Debug|ARM.ActiveCfg = Debug|ARM
		{B29633DE-E93A-40ED-9690-DA8ABBB321E2}.Debug|ARM.Build.0 = Debug|ARM
		{B29633DE-E93A-40ED-9690-DA8ABBB321E2}.Debug|ARM.Deploy.0 = Debug|ARM
		{B29633DE-E93A-40ED-9690-DA8ABBB321E2}.Debug|iPhone.ActiveCfg = Debug|x86
		{B29633DE-E93A-40ED-9690-DA8ABBB321E2}.Debug|iPhoneSimulator.ActiveCfg = Debug|x86
		{B29633DE-E93A-40ED-9690-DA8ABBB321E2}.Debug|x64.ActiveCfg = Debug|x64
		{B29633DE-E93A-40ED-9690-DA8ABBB321E2}.Debug|x64.Build.0 = Debug|x64
		{B29633DE-E93A-40ED-9690-DA8ABBB321E2}.Debug|x64.Deploy.0 = Debug|x64
		{B29633DE-E93A-40ED-9690-DA8ABBB321E2}.Debug|x86.ActiveCfg = Debug|x86
		{B29633DE-E93A-40ED-9690-DA8ABBB321E2}.Debug|x86.Build.0 = Debug|x86
		{B29633DE-E93A-40ED-9690-DA8ABBB321E2}.Debug|x86.Deploy.0 = Debug|x86
		{B29633DE-E93A-40ED-9690-DA8ABBB321E2}.Release|Any CPU.ActiveCfg = Release|x86
		{B29633DE-E93A-40ED-9690-DA8ABBB321E2}.Release|ARM.ActiveCfg = Release|ARM
		{B29633DE-E93A-40ED-9690-DA8ABBB321E2}.Release|ARM.Build.0 = Release|ARM
		{B29633DE-E93A-40ED-9690-DA8ABBB321E2}.Release|ARM.Deploy.0 = Release|ARM
		{B29633DE-E93A-40ED-9690-DA8ABBB321E2}.Release|iPhone.ActiveCfg = Release|x86
		{B29633DE-E93A-40ED-9690-DA8ABBB321E2}.Release|iPhoneSimulator.ActiveCfg = Release|x86
		{B29633DE-E93A-40ED-9690-DA8ABBB321E2}.Release|x64.ActiveCfg = Release|x64
		{B29633DE-E93A-40ED-9690-DA8ABBB321E2}.Release|x64.Build.0 = Release|x64
		{B29633DE-E93A-40ED-9690-DA8ABBB321E2}.Release|x64.Deploy.0 = Release|x64
		{B29633DE-E93A-40ED-9690-DA8ABBB321E2}.Release|x86.ActiveCfg = Release|x86
		{B29633DE-E93A-40ED-9690-DA8ABBB321E2}.Release|x86.Build.0 = Release|x86
		{B29633DE-E93A-40ED-9690-DA8ABBB321E2}.Release|x86.Deploy.0 = Release|x86
		{C981D387-EB58-4DAA-B2CA-790422D9E316}.Ad-Hoc|Any CPU.ActiveCfg = Debug|Any CPU
		{C981D387-EB58-4DAA-B2CA-790422D9E316}.Ad-Hoc|Any CPU.Build.0 = Debug|Any CPU
		{C981D387-EB58-4DAA-B2CA-790422D9E316}.Ad-Hoc|ARM.ActiveCfg = Debug|Any CPU
		{C981D387-EB58-4DAA-B2CA-790422D9E316}.Ad-Hoc|ARM.Build.0 = Debug|Any CPU
		{C981D387-EB58-4DAA-B2CA-790422D9E316}.Ad-Hoc|iPhone.ActiveCfg = Debug|Any CPU
		{C981D387-EB58-4DAA-B2CA-790422D9E316}.Ad-Hoc|iPhone.Build.0 = Debug|Any CPU
		{C981D387-EB58-4DAA-B2CA-790422D9E316}.Ad-Hoc|iPhoneSimulator.ActiveCfg = Debug|Any CPU
		{C981D387-EB58-4DAA-B2CA-790422D9E316}.Ad-Hoc|iPhoneSimulator.Build.0 = Debug|Any CPU
		{C981D387-EB58-4DAA-B2CA-790422D9E316}.Ad-Hoc|x64.ActiveCfg = Debug|Any CPU
		{C981D387-EB58-4DAA-B2CA-790422D9E316}.Ad-Hoc|x64.Build.0 = Debug|Any CPU
		{C981D387-EB58-4DAA-B2CA-790422D9E316}.Ad-Hoc|x86.ActiveCfg = Debug|Any CPU
		{C981D387-EB58-4DAA-B2CA-790422D9E316}.Ad-Hoc|x86.Build.0 = Debug|Any CPU
		{C981D387-EB58-4DAA-B2CA-790422D9E316}.AppStore|Any CPU.ActiveCfg = Debug|Any CPU
		{C981D387-EB58-4DAA-B2CA-790422D9E316}.AppStore|Any CPU.Build.0 = Debug|Any CPU
		{C981D387-EB58-4DAA-B2CA-790422D9E316}.AppStore|ARM.ActiveCfg = Debug|Any CPU
		{C981D387-EB58-4DAA-B2CA-790422D9E316}.AppStore|ARM.Build.0 = Debug|Any CPU
		{C981D387-EB58-4DAA-B2CA-790422D9E316}.AppStore|iPhone.ActiveCfg = Debug|Any CPU
		{C981D387-EB58-4DAA-B2CA-790422D9E316}.AppStore|iPhone.Build.0 = Debug|Any CPU
		{C981D387-EB58-4DAA-B2CA-790422D9E316}.AppStore|iPhoneSimulator.ActiveCfg = Debug|Any CPU
		{C981D387-EB58-4DAA-B2CA-790422D9E316}.AppStore|iPhoneSimulator.Build.0 = Debug|Any CPU
		{C981D387-EB58-4DAA-B2CA-790422D9E316}.AppStore|x64.ActiveCfg = Debug|Any CPU
		{C981D387-EB58-4DAA-B2CA-790422D9E316}.AppStore|x64.Build.0 = Debug|Any CPU
		{C981D387-EB58-4DAA-B2CA-790422D9E316}.AppStore|x86.ActiveCfg = Debug|Any CPU
		{C981D387-EB58-4DAA-B2CA-790422D9E316}.AppStore|x86.Build.0 = Debug|Any CPU
		{C981D387-EB58-4DAA-B2CA-790422D9E316}.Debug|Any CPU.ActiveCfg = Debug|Any CPU
		{C981D387-EB58-4DAA-B2CA-790422D9E316}.Debug|Any CPU.Build.0 = Debug|Any CPU
		{C981D387-EB58-4DAA-B2CA-790422D9E316}.Debug|ARM.ActiveCfg = Debug|Any CPU
		{C981D387-EB58-4DAA-B2CA-790422D9E316}.Debug|ARM.Build.0 = Debug|Any CPU
		{C981D387-EB58-4DAA-B2CA-790422D9E316}.Debug|iPhone.ActiveCfg = Debug|Any CPU
		{C981D387-EB58-4DAA-B2CA-790422D9E316}.Debug|iPhone.Build.0 = Debug|Any CPU
		{C981D387-EB58-4DAA-B2CA-790422D9E316}.Debug|iPhoneSimulator.ActiveCfg = Debug|Any CPU
		{C981D387-EB58-4DAA-B2CA-790422D9E316}.Debug|iPhoneSimulator.Build.0 = Debug|Any CPU
		{C981D387-EB58-4DAA-B2CA-790422D9E316}.Debug|x64.ActiveCfg = Debug|Any CPU
		{C981D387-EB58-4DAA-B2CA-790422D9E316}.Debug|x64.Build.0 = Debug|Any CPU
		{C981D387-EB58-4DAA-B2CA-790422D9E316}.Debug|x86.ActiveCfg = Debug|Any CPU
		{C981D387-EB58-4DAA-B2CA-790422D9E316}.Debug|x86.Build.0 = Debug|Any CPU
		{C981D387-EB58-4DAA-B2CA-790422D9E316}.Release|Any CPU.ActiveCfg = Release|Any CPU
		{C981D387-EB58-4DAA-B2CA-790422D9E316}.Release|Any CPU.Build.0 = Release|Any CPU
		{C981D387-EB58-4DAA-B2CA-790422D9E316}.Release|ARM.ActiveCfg = Release|Any CPU
		{C981D387-EB58-4DAA-B2CA-790422D9E316}.Release|ARM.Build.0 = Release|Any CPU
		{C981D387-EB58-4DAA-B2CA-790422D9E316}.Release|iPhone.ActiveCfg = Release|Any CPU
		{C981D387-EB58-4DAA-B2CA-790422D9E316}.Release|iPhone.Build.0 = Release|Any CPU
		{C981D387-EB58-4DAA-B2CA-790422D9E316}.Release|iPhoneSimulator.ActiveCfg = Release|Any CPU
		{C981D387-EB58-4DAA-B2CA-790422D9E316}.Release|iPhoneSimulator.Build.0 = Release|Any CPU
		{C981D387-EB58-4DAA-B2CA-790422D9E316}.Release|x64.ActiveCfg = Release|Any CPU
		{C981D387-EB58-4DAA-B2CA-790422D9E316}.Release|x64.Build.0 = Release|Any CPU
		{C981D387-EB58-4DAA-B2CA-790422D9E316}.Release|x86.ActiveCfg = Release|Any CPU
		{C981D387-EB58-4DAA-B2CA-790422D9E316}.Release|x86.Build.0 = Release|Any CPU
	EndGlobalSection
	GlobalSection(SolutionProperties) = preSolution
		HideSolutionNode = FALSE
	EndGlobalSection
	GlobalSection(ExtensibilityGlobals) = postSolution
		SolutionGuid = {748FBD45-2762-447C-BB3F-5FEC7E44C14D}
	EndGlobalSection
EndGlobal
