
Microsoft Visual Studio Solution File, Format Version 12.00
# Visual Studio 15
VisualStudioVersion = 15.0.28307.106
MinimumVisualStudioVersion = 10.0.40219.1
Project("{FAE04EC0-301F-11D3-BF4B-00C04F79EFBC}") = "GhostFile.Android", "GhostFile\Android\GhostFile.Android.csproj", "{2D472AF7-B49C-40BE-B2A6-1FEA11250C5B}"
EndProject
Project("{FAE04EC0-301F-11D3-BF4B-00C04F79EFBC}") = "GhostFile.iOS", "GhostFile\iOS\GhostFile.iOS.csproj", "{CA7686A1-A41D-40B1-858F-7C13722DE826}"
EndProject
Project("{FAE04EC0-301F-11D3-BF4B-00C04F79EFBC}") = "GhostFile.UWP", "GhostFile\UWP\GhostFile.UWP.csproj", "{8C641B9E-7110-43AA-8627-D31978F69796}"
EndProject
Project("{FAE04EC0-301F-11D3-BF4B-00C04F79EFBC}") = "GhostFile.Portable", "GhostFile\Portable\GhostFile.Portable.csproj", "{32A50CFF-0365-42DA-BDC9-2A9CD10A9D87}"
EndProject
Project("{FAE04EC0-301F-11D3-BF4B-00C04F79EFBC}") = "GhostFile.Services", "GhostFile.Services\GhostFile.Services.csproj", "{70F14EF1-C7C9-4C75-981D-0D5470026B07}"
EndProject
Global
	GlobalSection(SolutionConfigurationPlatforms) = preSolution
		Ad-Hoc|Any CPU = Ad-Hoc|Any CPU
		Ad-Hoc|ARM = Ad-Hoc|ARM
		Ad-Hoc|iPhone = Ad-Hoc|iPhone
		Ad-Hoc|iPhoneSimulator = Ad-Hoc|iPhoneSimulator
		Ad-Hoc|x64 = Ad-Hoc|x64
		Ad-Hoc|x86 = Ad-Hoc|x86
		AppStore|Any CPU = AppStore|Any CPU
		AppStore|ARM = AppStore|ARM
		AppStore|iPhone = AppStore|iPhone
		AppStore|iPhoneSimulator = AppStore|iPhoneSimulator
		AppStore|x64 = AppStore|x64
		AppStore|x86 = AppStore|x86
		Debug|Any CPU = Debug|Any CPU
		Debug|ARM = Debug|ARM
		Debug|iPhone = Debug|iPhone
		Debug|iPhoneSimulator = Debug|iPhoneSimulator
		Debug|x64 = Debug|x64
		Debug|x86 = Debug|x86
		Release|Any CPU = Release|Any CPU
		Release|ARM = Release|ARM
		Release|iPhone = Release|iPhone
		Release|iPhoneSimulator = Release|iPhoneSimulator
		Release|x64 = Release|x64
		Release|x86 = Release|x86
	EndGlobalSection
	GlobalSection(ProjectConfigurationPlatforms) = postSolution
		{2D472AF7-B49C-40BE-B2A6-1FEA11250C5B}.Ad-Hoc|Any CPU.ActiveCfg = Release|Any CPU
		{2D472AF7-B49C-40BE-B2A6-1FEA11250C5B}.Ad-Hoc|Any CPU.Build.0 = Release|Any CPU
		{2D472AF7-B49C-40BE-B2A6-1FEA11250C5B}.Ad-Hoc|Any CPU.Deploy.0 = Release|Any CPU
		{2D472AF7-B49C-40BE-B2A6-1FEA11250C5B}.Ad-Hoc|ARM.ActiveCfg = Release|Any CPU
		{2D472AF7-B49C-40BE-B2A6-1FEA11250C5B}.Ad-Hoc|ARM.Build.0 = Release|Any CPU
		{2D472AF7-B49C-40BE-B2A6-1FEA11250C5B}.Ad-Hoc|ARM.Deploy.0 = Release|Any CPU
		{2D472AF7-B49C-40BE-B2A6-1FEA11250C5B}.Ad-Hoc|iPhone.ActiveCfg = Release|Any CPU
		{2D472AF7-B49C-40BE-B2A6-1FEA11250C5B}.Ad-Hoc|iPhone.Build.0 = Release|Any CPU
		{2D472AF7-B49C-40BE-B2A6-1FEA11250C5B}.Ad-Hoc|iPhone.Deploy.0 = Release|Any CPU
		{2D472AF7-B49C-40BE-B2A6-1FEA11250C5B}.Ad-Hoc|iPhoneSimulator.ActiveCfg = Release|Any CPU
		{2D472AF7-B49C-40BE-B2A6-1FEA11250C5B}.Ad-Hoc|iPhoneSimulator.Build.0 = Release|Any CPU
		{2D472AF7-B49C-40BE-B2A6-1FEA11250C5B}.Ad-Hoc|iPhoneSimulator.Deploy.0 = Release|Any CPU
		{2D472AF7-B49C-40BE-B2A6-1FEA11250C5B}.Ad-Hoc|x64.ActiveCfg = Release|Any CPU
		{2D472AF7-B49C-40BE-B2A6-1FEA11250C5B}.Ad-Hoc|x64.Build.0 = Release|Any CPU
		{2D472AF7-B49C-40BE-B2A6-1FEA11250C5B}.Ad-Hoc|x64.Deploy.0 = Release|Any CPU
		{2D472AF7-B49C-40BE-B2A6-1FEA11250C5B}.Ad-Hoc|x86.ActiveCfg = Release|Any CPU
		{2D472AF7-B49C-40BE-B2A6-1FEA11250C5B}.Ad-Hoc|x86.Build.0 = Release|Any CPU
		{2D472AF7-B49C-40BE-B2A6-1FEA11250C5B}.Ad-Hoc|x86.Deploy.0 = Release|Any CPU
		{2D472AF7-B49C-40BE-B2A6-1FEA11250C5B}.AppStore|Any CPU.ActiveCfg = Release|Any CPU
		{2D472AF7-B49C-40BE-B2A6-1FEA11250C5B}.AppStore|Any CPU.Build.0 = Release|Any CPU
		{2D472AF7-B49C-40BE-B2A6-1FEA11250C5B}.AppStore|Any CPU.Deploy.0 = Release|Any CPU
		{2D472AF7-B49C-40BE-B2A6-1FEA11250C5B}.AppStore|ARM.ActiveCfg = Release|Any CPU
		{2D472AF7-B49C-40BE-B2A6-1FEA11250C5B}.AppStore|ARM.Build.0 = Release|Any CPU
		{2D472AF7-B49C-40BE-B2A6-1FEA11250C5B}.AppStore|ARM.Deploy.0 = Release|Any CPU
		{2D472AF7-B49C-40BE-B2A6-1FEA11250C5B}.AppStore|iPhone.ActiveCfg = Release|Any CPU
		{2D472AF7-B49C-40BE-B2A6-1FEA11250C5B}.AppStore|iPhone.Build.0 = Release|Any CPU
		{2D472AF7-B49C-40BE-B2A6-1FEA11250C5B}.AppStore|iPhone.Deploy.0 = Release|Any CPU
		{2D472AF7-B49C-40BE-B2A6-1FEA11250C5B}.AppStore|iPhoneSimulator.ActiveCfg = Release|Any CPU
		{2D472AF7-B49C-40BE-B2A6-1FEA11250C5B}.AppStore|iPhoneSimulator.Build.0 = Release|Any CPU
		{2D472AF7-B49C-40BE-B2A6-1FEA11250C5B}.AppStore|iPhoneSimulator.Deploy.0 = Release|Any CPU
		{2D472AF7-B49C-40BE-B2A6-1FEA11250C5B}.AppStore|x64.ActiveCfg = Release|Any CPU
		{2D472AF7-B49C-40BE-B2A6-1FEA11250C5B}.AppStore|x64.Build.0 = Release|Any CPU
		{2D472AF7-B49C-40BE-B2A6-1FEA11250C5B}.AppStore|x64.Deploy.0 = Release|Any CPU
		{2D472AF7-B49C-40BE-B2A6-1FEA11250C5B}.AppStore|x86.ActiveCfg = Release|Any CPU
		{2D472AF7-B49C-40BE-B2A6-1FEA11250C5B}.AppStore|x86.Build.0 = Release|Any CPU
		{2D472AF7-B49C-40BE-B2A6-1FEA11250C5B}.AppStore|x86.Deploy.0 = Release|Any CPU
		{2D472AF7-B49C-40BE-B2A6-1FEA11250C5B}.Debug|Any CPU.ActiveCfg = Debug|Any CPU
		{2D472AF7-B49C-40BE-B2A6-1FEA11250C5B}.Debug|Any CPU.Build.0 = Debug|Any CPU
		{2D472AF7-B49C-40BE-B2A6-1FEA11250C5B}.Debug|Any CPU.Deploy.0 = Debug|Any CPU
		{2D472AF7-B49C-40BE-B2A6-1FEA11250C5B}.Debug|ARM.ActiveCfg = Debug|Any CPU
		{2D472AF7-B49C-40BE-B2A6-1FEA11250C5B}.Debug|ARM.Build.0 = Debug|Any CPU
		{2D472AF7-B49C-40BE-B2A6-1FEA11250C5B}.Debug|ARM.Deploy.0 = Debug|Any CPU
		{2D472AF7-B49C-40BE-B2A6-1FEA11250C5B}.Debug|iPhone.ActiveCfg = Debug|Any CPU
		{2D472AF7-B49C-40BE-B2A6-1FEA11250C5B}.Debug|iPhone.Build.0 = Debug|Any CPU
		{2D472AF7-B49C-40BE-B2A6-1FEA11250C5B}.Debug|iPhone.Deploy.0 = Debug|Any CPU
		{2D472AF7-B49C-40BE-B2A6-1FEA11250C5B}.Debug|iPhoneSimulator.ActiveCfg = Debug|Any CPU
		{2D472AF7-B49C-40BE-B2A6-1FEA11250C5B}.Debug|iPhoneSimulator.Build.0 = Debug|Any CPU
		{2D472AF7-B49C-40BE-B2A6-1FEA11250C5B}.Debug|iPhoneSimulator.Deploy.0 = Debug|Any CPU
		{2D472AF7-B49C-40BE-B2A6-1FEA11250C5B}.Debug|x64.ActiveCfg = Debug|Any CPU
		{2D472AF7-B49C-40BE-B2A6-1FEA11250C5B}.Debug|x64.Build.0 = Debug|Any CPU
		{2D472AF7-B49C-40BE-B2A6-1FEA11250C5B}.Debug|x64.Deploy.0 = Debug|Any CPU
		{2D472AF7-B49C-40BE-B2A6-1FEA11250C5B}.Debug|x86.ActiveCfg = Debug|Any CPU
		{2D472AF7-B49C-40BE-B2A6-1FEA11250C5B}.Debug|x86.Build.0 = Debug|Any CPU
		{2D472AF7-B49C-40BE-B2A6-1FEA11250C5B}.Debug|x86.Deploy.0 = Debug|Any CPU
		{2D472AF7-B49C-40BE-B2A6-1FEA11250C5B}.Release|Any CPU.ActiveCfg = Release|Any CPU
		{2D472AF7-B49C-40BE-B2A6-1FEA11250C5B}.Release|Any CPU.Build.0 = Release|Any CPU
		{2D472AF7-B49C-40BE-B2A6-1FEA11250C5B}.Release|Any CPU.Deploy.0 = Release|Any CPU
		{2D472AF7-B49C-40BE-B2A6-1FEA11250C5B}.Release|ARM.ActiveCfg = Release|Any CPU
		{2D472AF7-B49C-40BE-B2A6-1FEA11250C5B}.Release|ARM.Build.0 = Release|Any CPU
		{2D472AF7-B49C-40BE-B2A6-1FEA11250C5B}.Release|ARM.Deploy.0 = Release|Any CPU
		{2D472AF7-B49C-40BE-B2A6-1FEA11250C5B}.Release|iPhone.ActiveCfg = Release|Any CPU
		{2D472AF7-B49C-40BE-B2A6-1FEA11250C5B}.Release|iPhone.Build.0 = Release|Any CPU
		{2D472AF7-B49C-40BE-B2A6-1FEA11250C5B}.Release|iPhone.Deploy.0 = Release|Any CPU
		{2D472AF7-B49C-40BE-B2A6-1FEA11250C5B}.Release|iPhoneSimulator.ActiveCfg = Release|Any CPU
		{2D472AF7-B49C-40BE-B2A6-1FEA11250C5B}.Release|iPhoneSimulator.Build.0 = Release|Any CPU
		{2D472AF7-B49C-40BE-B2A6-1FEA11250C5B}.Release|iPhoneSimulator.Deploy.0 = Release|Any CPU
		{2D472AF7-B49C-40BE-B2A6-1FEA11250C5B}.Release|x64.ActiveCfg = Release|Any CPU
		{2D472AF7-B49C-40BE-B2A6-1FEA11250C5B}.Release|x64.Build.0 = Release|Any CPU
		{2D472AF7-B49C-40BE-B2A6-1FEA11250C5B}.Release|x64.Deploy.0 = Release|Any CPU
		{2D472AF7-B49C-40BE-B2A6-1FEA11250C5B}.Release|x86.ActiveCfg = Release|Any CPU
		{2D472AF7-B49C-40BE-B2A6-1FEA11250C5B}.Release|x86.Build.0 = Release|Any CPU
		{2D472AF7-B49C-40BE-B2A6-1FEA11250C5B}.Release|x86.Deploy.0 = Release|Any CPU
		{CA7686A1-A41D-40B1-858F-7C13722DE826}.Ad-Hoc|Any CPU.ActiveCfg = Ad-Hoc|iPhone
		{CA7686A1-A41D-40B1-858F-7C13722DE826}.Ad-Hoc|ARM.ActiveCfg = Ad-Hoc|iPhone
		{CA7686A1-A41D-40B1-858F-7C13722DE826}.Ad-Hoc|iPhone.ActiveCfg = Ad-Hoc|iPhone
		{CA7686A1-A41D-40B1-858F-7C13722DE826}.Ad-Hoc|iPhone.Build.0 = Ad-Hoc|iPhone
		{CA7686A1-A41D-40B1-858F-7C13722DE826}.Ad-Hoc|iPhoneSimulator.ActiveCfg = Ad-Hoc|iPhoneSimulator
		{CA7686A1-A41D-40B1-858F-7C13722DE826}.Ad-Hoc|iPhoneSimulator.Build.0 = Ad-Hoc|iPhoneSimulator
		{CA7686A1-A41D-40B1-858F-7C13722DE826}.Ad-Hoc|x64.ActiveCfg = Ad-Hoc|iPhone
		{CA7686A1-A41D-40B1-858F-7C13722DE826}.Ad-Hoc|x86.ActiveCfg = Ad-Hoc|iPhone
		{CA7686A1-A41D-40B1-858F-7C13722DE826}.AppStore|Any CPU.ActiveCfg = AppStore|iPhone
		{CA7686A1-A41D-40B1-858F-7C13722DE826}.AppStore|ARM.ActiveCfg = AppStore|iPhone
		{CA7686A1-A41D-40B1-858F-7C13722DE826}.AppStore|iPhone.ActiveCfg = AppStore|iPhone
		{CA7686A1-A41D-40B1-858F-7C13722DE826}.AppStore|iPhone.Build.0 = AppStore|iPhone
		{CA7686A1-A41D-40B1-858F-7C13722DE826}.AppStore|iPhoneSimulator.ActiveCfg = AppStore|iPhoneSimulator
		{CA7686A1-A41D-40B1-858F-7C13722DE826}.AppStore|iPhoneSimulator.Build.0 = AppStore|iPhoneSimulator
		{CA7686A1-A41D-40B1-858F-7C13722DE826}.AppStore|x64.ActiveCfg = AppStore|iPhone
		{CA7686A1-A41D-40B1-858F-7C13722DE826}.AppStore|x86.ActiveCfg = AppStore|iPhone
		{CA7686A1-A41D-40B1-858F-7C13722DE826}.Debug|Any CPU.ActiveCfg = Debug|iPhone
		{CA7686A1-A41D-40B1-858F-7C13722DE826}.Debug|ARM.ActiveCfg = Debug|iPhone
		{CA7686A1-A41D-40B1-858F-7C13722DE826}.Debug|iPhone.ActiveCfg = Debug|iPhone
		{CA7686A1-A41D-40B1-858F-7C13722DE826}.Debug|iPhone.Build.0 = Debug|iPhone
		{CA7686A1-A41D-40B1-858F-7C13722DE826}.Debug|iPhoneSimulator.ActiveCfg = Debug|iPhoneSimulator
		{CA7686A1-A41D-40B1-858F-7C13722DE826}.Debug|iPhoneSimulator.Build.0 = Debug|iPhoneSimulator
		{CA7686A1-A41D-40B1-858F-7C13722DE826}.Debug|x64.ActiveCfg = Debug|iPhone
		{CA7686A1-A41D-40B1-858F-7C13722DE826}.Debug|x86.ActiveCfg = Debug|iPhone
		{CA7686A1-A41D-40B1-858F-7C13722DE826}.Release|Any CPU.ActiveCfg = Release|iPhone
		{CA7686A1-A41D-40B1-858F-7C13722DE826}.Release|ARM.ActiveCfg = Release|iPhone
		{CA7686A1-A41D-40B1-858F-7C13722DE826}.Release|iPhone.ActiveCfg = Release|iPhone
		{CA7686A1-A41D-40B1-858F-7C13722DE826}.Release|iPhone.Build.0 = Release|iPhone
		{CA7686A1-A41D-40B1-858F-7C13722DE826}.Release|iPhoneSimulator.ActiveCfg = Release|iPhoneSimulator
		{CA7686A1-A41D-40B1-858F-7C13722DE826}.Release|iPhoneSimulator.Build.0 = Release|iPhoneSimulator
		{CA7686A1-A41D-40B1-858F-7C13722DE826}.Release|x64.ActiveCfg = Release|iPhone
		{CA7686A1-A41D-40B1-858F-7C13722DE826}.Release|x86.ActiveCfg = Release|iPhone
		{8C641B9E-7110-43AA-8627-D31978F69796}.Ad-Hoc|Any CPU.ActiveCfg = Release|x86
		{8C641B9E-7110-43AA-8627-D31978F69796}.Ad-Hoc|Any CPU.Build.0 = Release|x86
		{8C641B9E-7110-43AA-8627-D31978F69796}.Ad-Hoc|Any CPU.Deploy.0 = Release|x86
		{8C641B9E-7110-43AA-8627-D31978F69796}.Ad-Hoc|ARM.ActiveCfg = Release|ARM
		{8C641B9E-7110-43AA-8627-D31978F69796}.Ad-Hoc|ARM.Build.0 = Release|ARM
		{8C641B9E-7110-43AA-8627-D31978F69796}.Ad-Hoc|ARM.Deploy.0 = Release|ARM
		{8C641B9E-7110-43AA-8627-D31978F69796}.Ad-Hoc|iPhone.ActiveCfg = Release|x86
		{8C641B9E-7110-43AA-8627-D31978F69796}.Ad-Hoc|iPhone.Build.0 = Release|x86
		{8C641B9E-7110-43AA-8627-D31978F69796}.Ad-Hoc|iPhone.Deploy.0 = Release|x86
		{8C641B9E-7110-43AA-8627-D31978F69796}.Ad-Hoc|iPhoneSimulator.ActiveCfg = Release|x86
		{8C641B9E-7110-43AA-8627-D31978F69796}.Ad-Hoc|iPhoneSimulator.Build.0 = Release|x86
		{8C641B9E-7110-43AA-8627-D31978F69796}.Ad-Hoc|iPhoneSimulator.Deploy.0 = Release|x86
		{8C641B9E-7110-43AA-8627-D31978F69796}.Ad-Hoc|x64.ActiveCfg = Release|x64
		{8C641B9E-7110-43AA-8627-D31978F69796}.Ad-Hoc|x64.Build.0 = Release|x64
		{8C641B9E-7110-43AA-8627-D31978F69796}.Ad-Hoc|x64.Deploy.0 = Release|x64
		{8C641B9E-7110-43AA-8627-D31978F69796}.Ad-Hoc|x86.ActiveCfg = Release|x86
		{8C641B9E-7110-43AA-8627-D31978F69796}.Ad-Hoc|x86.Build.0 = Release|x86
		{8C641B9E-7110-43AA-8627-D31978F69796}.Ad-Hoc|x86.Deploy.0 = Release|x86
		{8C641B9E-7110-43AA-8627-D31978F69796}.AppStore|Any CPU.ActiveCfg = Release|x86
		{8C641B9E-7110-43AA-8627-D31978F69796}.AppStore|Any CPU.Build.0 = Release|x86
		{8C641B9E-7110-43AA-8627-D31978F69796}.AppStore|Any CPU.Deploy.0 = Release|x86
		{8C641B9E-7110-43AA-8627-D31978F69796}.AppStore|ARM.ActiveCfg = Release|ARM
		{8C641B9E-7110-43AA-8627-D31978F69796}.AppStore|ARM.Build.0 = Release|ARM
		{8C641B9E-7110-43AA-8627-D31978F69796}.AppStore|ARM.Deploy.0 = Release|ARM
		{8C641B9E-7110-43AA-8627-D31978F69796}.AppStore|iPhone.ActiveCfg = Release|x86
		{8C641B9E-7110-43AA-8627-D31978F69796}.AppStore|iPhone.Build.0 = Release|x86
		{8C641B9E-7110-43AA-8627-D31978F69796}.AppStore|iPhone.Deploy.0 = Release|x86
		{8C641B9E-7110-43AA-8627-D31978F69796}.AppStore|iPhoneSimulator.ActiveCfg = Release|x86
		{8C641B9E-7110-43AA-8627-D31978F69796}.AppStore|iPhoneSimulator.Build.0 = Release|x86
		{8C641B9E-7110-43AA-8627-D31978F69796}.AppStore|iPhoneSimulator.Deploy.0 = Release|x86
		{8C641B9E-7110-43AA-8627-D31978F69796}.AppStore|x64.ActiveCfg = Release|x64
		{8C641B9E-7110-43AA-8627-D31978F69796}.AppStore|x64.Build.0 = Release|x64
		{8C641B9E-7110-43AA-8627-D31978F69796}.AppStore|x64.Deploy.0 = Release|x64
		{8C641B9E-7110-43AA-8627-D31978F69796}.AppStore|x86.ActiveCfg = Release|x86
		{8C641B9E-7110-43AA-8627-D31978F69796}.AppStore|x86.Build.0 = Release|x86
		{8C641B9E-7110-43AA-8627-D31978F69796}.AppStore|x86.Deploy.0 = Release|x86
		{8C641B9E-7110-43AA-8627-D31978F69796}.Debug|Any CPU.ActiveCfg = Debug|x86
		{8C641B9E-7110-43AA-8627-D31978F69796}.Debug|ARM.ActiveCfg = Debug|ARM
		{8C641B9E-7110-43AA-8627-D31978F69796}.Debug|ARM.Build.0 = Debug|ARM
		{8C641B9E-7110-43AA-8627-D31978F69796}.Debug|ARM.Deploy.0 = Debug|ARM
		{8C641B9E-7110-43AA-8627-D31978F69796}.Debug|iPhone.ActiveCfg = Debug|x86
		{8C641B9E-7110-43AA-8627-D31978F69796}.Debug|iPhoneSimulator.ActiveCfg = Debug|x86
		{8C641B9E-7110-43AA-8627-D31978F69796}.Debug|x64.ActiveCfg = Debug|x64
		{8C641B9E-7110-43AA-8627-D31978F69796}.Debug|x64.Build.0 = Debug|x64
		{8C641B9E-7110-43AA-8627-D31978F69796}.Debug|x64.Deploy.0 = Debug|x64
		{8C641B9E-7110-43AA-8627-D31978F69796}.Debug|x86.ActiveCfg = Debug|x86
		{8C641B9E-7110-43AA-8627-D31978F69796}.Debug|x86.Build.0 = Debug|x86
		{8C641B9E-7110-43AA-8627-D31978F69796}.Debug|x86.Deploy.0 = Debug|x86
		{8C641B9E-7110-43AA-8627-D31978F69796}.Release|Any CPU.ActiveCfg = Release|x86
		{8C641B9E-7110-43AA-8627-D31978F69796}.Release|ARM.ActiveCfg = Release|ARM
		{8C641B9E-7110-43AA-8627-D31978F69796}.Release|ARM.Build.0 = Release|ARM
		{8C641B9E-7110-43AA-8627-D31978F69796}.Release|ARM.Deploy.0 = Release|ARM
		{8C641B9E-7110-43AA-8627-D31978F69796}.Release|iPhone.ActiveCfg = Release|x86
		{8C641B9E-7110-43AA-8627-D31978F69796}.Release|iPhoneSimulator.ActiveCfg = Release|x86
		{8C641B9E-7110-43AA-8627-D31978F69796}.Release|x64.ActiveCfg = Release|x64
		{8C641B9E-7110-43AA-8627-D31978F69796}.Release|x64.Build.0 = Release|x64
		{8C641B9E-7110-43AA-8627-D31978F69796}.Release|x64.Deploy.0 = Release|x64
		{8C641B9E-7110-43AA-8627-D31978F69796}.Release|x86.ActiveCfg = Release|x86
		{8C641B9E-7110-43AA-8627-D31978F69796}.Release|x86.Build.0 = Release|x86
		{8C641B9E-7110-43AA-8627-D31978F69796}.Release|x86.Deploy.0 = Release|x86
		{32A50CFF-0365-42DA-BDC9-2A9CD10A9D87}.Ad-Hoc|Any CPU.ActiveCfg = Debug|Any CPU
		{32A50CFF-0365-42DA-BDC9-2A9CD10A9D87}.Ad-Hoc|Any CPU.Build.0 = Debug|Any CPU
		{32A50CFF-0365-42DA-BDC9-2A9CD10A9D87}.Ad-Hoc|ARM.ActiveCfg = Debug|Any CPU
		{32A50CFF-0365-42DA-BDC9-2A9CD10A9D87}.Ad-Hoc|ARM.Build.0 = Debug|Any CPU
		{32A50CFF-0365-42DA-BDC9-2A9CD10A9D87}.Ad-Hoc|iPhone.ActiveCfg = Debug|Any CPU
		{32A50CFF-0365-42DA-BDC9-2A9CD10A9D87}.Ad-Hoc|iPhone.Build.0 = Debug|Any CPU
		{32A50CFF-0365-42DA-BDC9-2A9CD10A9D87}.Ad-Hoc|iPhoneSimulator.ActiveCfg = Debug|Any CPU
		{32A50CFF-0365-42DA-BDC9-2A9CD10A9D87}.Ad-Hoc|iPhoneSimulator.Build.0 = Debug|Any CPU
		{32A50CFF-0365-42DA-BDC9-2A9CD10A9D87}.Ad-Hoc|x64.ActiveCfg = Debug|Any CPU
		{32A50CFF-0365-42DA-BDC9-2A9CD10A9D87}.Ad-Hoc|x64.Build.0 = Debug|Any CPU
		{32A50CFF-0365-42DA-BDC9-2A9CD10A9D87}.Ad-Hoc|x86.ActiveCfg = Debug|Any CPU
		{32A50CFF-0365-42DA-BDC9-2A9CD10A9D87}.Ad-Hoc|x86.Build.0 = Debug|Any CPU
		{32A50CFF-0365-42DA-BDC9-2A9CD10A9D87}.AppStore|Any CPU.ActiveCfg = Debug|Any CPU
		{32A50CFF-0365-42DA-BDC9-2A9CD10A9D87}.AppStore|Any CPU.Build.0 = Debug|Any CPU
		{32A50CFF-0365-42DA-BDC9-2A9CD10A9D87}.AppStore|ARM.ActiveCfg = Debug|Any CPU
		{32A50CFF-0365-42DA-BDC9-2A9CD10A9D87}.AppStore|ARM.Build.0 = Debug|Any CPU
		{32A50CFF-0365-42DA-BDC9-2A9CD10A9D87}.AppStore|iPhone.ActiveCfg = Debug|Any CPU
		{32A50CFF-0365-42DA-BDC9-2A9CD10A9D87}.AppStore|iPhone.Build.0 = Debug|Any CPU
		{32A50CFF-0365-42DA-BDC9-2A9CD10A9D87}.AppStore|iPhoneSimulator.ActiveCfg = Debug|Any CPU
		{32A50CFF-0365-42DA-BDC9-2A9CD10A9D87}.AppStore|iPhoneSimulator.Build.0 = Debug|Any CPU
		{32A50CFF-0365-42DA-BDC9-2A9CD10A9D87}.AppStore|x64.ActiveCfg = Debug|Any CPU
		{32A50CFF-0365-42DA-BDC9-2A9CD10A9D87}.AppStore|x64.Build.0 = Debug|Any CPU
		{32A50CFF-0365-42DA-BDC9-2A9CD10A9D87}.AppStore|x86.ActiveCfg = Debug|Any CPU
		{32A50CFF-0365-42DA-BDC9-2A9CD10A9D87}.AppStore|x86.Build.0 = Debug|Any CPU
		{32A50CFF-0365-42DA-BDC9-2A9CD10A9D87}.Debug|Any CPU.ActiveCfg = Debug|Any CPU
		{32A50CFF-0365-42DA-BDC9-2A9CD10A9D87}.Debug|Any CPU.Build.0 = Debug|Any CPU
		{32A50CFF-0365-42DA-BDC9-2A9CD10A9D87}.Debug|ARM.ActiveCfg = Debug|Any CPU
		{32A50CFF-0365-42DA-BDC9-2A9CD10A9D87}.Debug|ARM.Build.0 = Debug|Any CPU
		{32A50CFF-0365-42DA-BDC9-2A9CD10A9D87}.Debug|iPhone.ActiveCfg = Debug|Any CPU
		{32A50CFF-0365-42DA-BDC9-2A9CD10A9D87}.Debug|iPhone.Build.0 = Debug|Any CPU
		{32A50CFF-0365-42DA-BDC9-2A9CD10A9D87}.Debug|iPhoneSimulator.ActiveCfg = Debug|Any CPU
		{32A50CFF-0365-42DA-BDC9-2A9CD10A9D87}.Debug|iPhoneSimulator.Build.0 = Debug|Any CPU
		{32A50CFF-0365-42DA-BDC9-2A9CD10A9D87}.Debug|x64.ActiveCfg = Debug|Any CPU
		{32A50CFF-0365-42DA-BDC9-2A9CD10A9D87}.Debug|x64.Build.0 = Debug|Any CPU
		{32A50CFF-0365-42DA-BDC9-2A9CD10A9D87}.Debug|x86.ActiveCfg = Debug|Any CPU
		{32A50CFF-0365-42DA-BDC9-2A9CD10A9D87}.Debug|x86.Build.0 = Debug|Any CPU
		{32A50CFF-0365-42DA-BDC9-2A9CD10A9D87}.Release|Any CPU.ActiveCfg = Release|Any CPU
		{32A50CFF-0365-42DA-BDC9-2A9CD10A9D87}.Release|Any CPU.Build.0 = Release|Any CPU
		{32A50CFF-0365-42DA-BDC9-2A9CD10A9D87}.Release|ARM.ActiveCfg = Release|Any CPU
		{32A50CFF-0365-42DA-BDC9-2A9CD10A9D87}.Release|ARM.Build.0 = Release|Any CPU
		{32A50CFF-0365-42DA-BDC9-2A9CD10A9D87}.Release|iPhone.ActiveCfg = Release|Any CPU
		{32A50CFF-0365-42DA-BDC9-2A9CD10A9D87}.Release|iPhone.Build.0 = Release|Any CPU
		{32A50CFF-0365-42DA-BDC9-2A9CD10A9D87}.Release|iPhoneSimulator.ActiveCfg = Release|Any CPU
		{32A50CFF-0365-42DA-BDC9-2A9CD10A9D87}.Release|iPhoneSimulator.Build.0 = Release|Any CPU
		{32A50CFF-0365-42DA-BDC9-2A9CD10A9D87}.Release|x64.ActiveCfg = Release|Any CPU
		{32A50CFF-0365-42DA-BDC9-2A9CD10A9D87}.Release|x64.Build.0 = Release|Any CPU
		{32A50CFF-0365-42DA-BDC9-2A9CD10A9D87}.Release|x86.ActiveCfg = Release|Any CPU
		{32A50CFF-0365-42DA-BDC9-2A9CD10A9D87}.Release|x86.Build.0 = Release|Any CPU
		{70F14EF1-C7C9-4C75-981D-0D5470026B07}.Ad-Hoc|Any CPU.ActiveCfg = Debug|Any CPU
		{70F14EF1-C7C9-4C75-981D-0D5470026B07}.Ad-Hoc|Any CPU.Build.0 = Debug|Any CPU
		{70F14EF1-C7C9-4C75-981D-0D5470026B07}.Ad-Hoc|ARM.ActiveCfg = Debug|Any CPU
		{70F14EF1-C7C9-4C75-981D-0D5470026B07}.Ad-Hoc|ARM.Build.0 = Debug|Any CPU
		{70F14EF1-C7C9-4C75-981D-0D5470026B07}.Ad-Hoc|iPhone.ActiveCfg = Debug|Any CPU
		{70F14EF1-C7C9-4C75-981D-0D5470026B07}.Ad-Hoc|iPhone.Build.0 = Debug|Any CPU
		{70F14EF1-C7C9-4C75-981D-0D5470026B07}.Ad-Hoc|iPhoneSimulator.ActiveCfg = Debug|Any CPU
		{70F14EF1-C7C9-4C75-981D-0D5470026B07}.Ad-Hoc|iPhoneSimulator.Build.0 = Debug|Any CPU
		{70F14EF1-C7C9-4C75-981D-0D5470026B07}.Ad-Hoc|x64.ActiveCfg = Debug|Any CPU
		{70F14EF1-C7C9-4C75-981D-0D5470026B07}.Ad-Hoc|x64.Build.0 = Debug|Any CPU
		{70F14EF1-C7C9-4C75-981D-0D5470026B07}.Ad-Hoc|x86.ActiveCfg = Debug|Any CPU
		{70F14EF1-C7C9-4C75-981D-0D5470026B07}.Ad-Hoc|x86.Build.0 = Debug|Any CPU
		{70F14EF1-C7C9-4C75-981D-0D5470026B07}.AppStore|Any CPU.ActiveCfg = Debug|Any CPU
		{70F14EF1-C7C9-4C75-981D-0D5470026B07}.AppStore|Any CPU.Build.0 = Debug|Any CPU
		{70F14EF1-C7C9-4C75-981D-0D5470026B07}.AppStore|ARM.ActiveCfg = Debug|Any CPU
		{70F14EF1-C7C9-4C75-981D-0D5470026B07}.AppStore|ARM.Build.0 = Debug|Any CPU
		{70F14EF1-C7C9-4C75-981D-0D5470026B07}.AppStore|iPhone.ActiveCfg = Debug|Any CPU
		{70F14EF1-C7C9-4C75-981D-0D5470026B07}.AppStore|iPhone.Build.0 = Debug|Any CPU
		{70F14EF1-C7C9-4C75-981D-0D5470026B07}.AppStore|iPhoneSimulator.ActiveCfg = Debug|Any CPU
		{70F14EF1-C7C9-4C75-981D-0D5470026B07}.AppStore|iPhoneSimulator.Build.0 = Debug|Any CPU
		{70F14EF1-C7C9-4C75-981D-0D5470026B07}.AppStore|x64.ActiveCfg = Debug|Any CPU
		{70F14EF1-C7C9-4C75-981D-0D5470026B07}.AppStore|x64.Build.0 = Debug|Any CPU
		{70F14EF1-C7C9-4C75-981D-0D5470026B07}.AppStore|x86.ActiveCfg = Debug|Any CPU
		{70F14EF1-C7C9-4C75-981D-0D5470026B07}.AppStore|x86.Build.0 = Debug|Any CPU
		{70F14EF1-C7C9-4C75-981D-0D5470026B07}.Debug|Any CPU.ActiveCfg = Debug|Any CPU
		{70F14EF1-C7C9-4C75-981D-0D5470026B07}.Debug|Any CPU.Build.0 = Debug|Any CPU
		{70F14EF1-C7C9-4C75-981D-0D5470026B07}.Debug|ARM.ActiveCfg = Debug|Any CPU
		{70F14EF1-C7C9-4C75-981D-0D5470026B07}.Debug|ARM.Build.0 = Debug|Any CPU
		{70F14EF1-C7C9-4C75-981D-0D5470026B07}.Debug|iPhone.ActiveCfg = Debug|Any CPU
		{70F14EF1-C7C9-4C75-981D-0D5470026B07}.Debug|iPhone.Build.0 = Debug|Any CPU
		{70F14EF1-C7C9-4C75-981D-0D5470026B07}.Debug|iPhoneSimulator.ActiveCfg = Debug|Any CPU
		{70F14EF1-C7C9-4C75-981D-0D5470026B07}.Debug|iPhoneSimulator.Build.0 = Debug|Any CPU
		{70F14EF1-C7C9-4C75-981D-0D5470026B07}.Debug|x64.ActiveCfg = Debug|Any CPU
		{70F14EF1-C7C9-4C75-981D-0D5470026B07}.Debug|x64.Build.0 = Debug|Any CPU
		{70F14EF1-C7C9-4C75-981D-0D5470026B07}.Debug|x86.ActiveCfg = Debug|Any CPU
		{70F14EF1-C7C9-4C75-981D-0D5470026B07}.Debug|x86.Build.0 = Debug|Any CPU
		{70F14EF1-C7C9-4C75-981D-0D5470026B07}.Release|Any CPU.ActiveCfg = Release|Any CPU
		{70F14EF1-C7C9-4C75-981D-0D5470026B07}.Release|Any CPU.Build.0 = Release|Any CPU
		{70F14EF1-C7C9-4C75-981D-0D5470026B07}.Release|ARM.ActiveCfg = Release|Any CPU
		{70F14EF1-C7C9-4C75-981D-0D5470026B07}.Release|ARM.Build.0 = Release|Any CPU
		{70F14EF1-C7C9-4C75-981D-0D5470026B07}.Release|iPhone.ActiveCfg = Release|Any CPU
		{70F14EF1-C7C9-4C75-981D-0D5470026B07}.Release|iPhone.Build.0 = Release|Any CPU
		{70F14EF1-C7C9-4C75-981D-0D5470026B07}.Release|iPhoneSimulator.ActiveCfg = Release|Any CPU
		{70F14EF1-C7C9-4C75-981D-0D5470026B07}.Release|iPhoneSimulator.Build.0 = Release|Any CPU
		{70F14EF1-C7C9-4C75-981D-0D5470026B07}.Release|x64.ActiveCfg = Release|Any CPU
		{70F14EF1-C7C9-4C75-981D-0D5470026B07}.Release|x64.Build.0 = Release|Any CPU
		{70F14EF1-C7C9-4C75-981D-0D5470026B07}.Release|x86.ActiveCfg = Release|Any CPU
		{70F14EF1-C7C9-4C75-981D-0D5470026B07}.Release|x86.Build.0 = Release|Any CPU
	EndGlobalSection
	GlobalSection(SolutionProperties) = preSolution
		HideSolutionNode = FALSE
	EndGlobalSection
	GlobalSection(ExtensibilityGlobals) = postSolution
		SolutionGuid = {354235F5-8C0E-44F0-8973-929F5CF25F54}
	EndGlobalSection
EndGlobal
