
Microsoft Visual Studio Solution File, Format Version 12.00
# Visual Studio 15
VisualStudioVersion = 15.0.28307.168
MinimumVisualStudioVersion = 10.0.40219.1
Project("{FAE04EC0-301F-11D3-BF4B-00C04F79EFBC}") = "DrawerDismissEffect.Android", "DrawerDismissEffect\Android\DrawerDismissEffect.Android.csproj", "{A54AC14E-713E-45D1-8785-BEAA44066E51}"
EndProject
Project("{FAE04EC0-301F-11D3-BF4B-00C04F79EFBC}") = "DrawerDismissEffect.iOS", "DrawerDismissEffect\iOS\DrawerDismissEffect.iOS.csproj", "{9972B6FB-B294-42F6-946E-70DF89919125}"
EndProject
Project("{FAE04EC0-301F-11D3-BF4B-00C04F79EFBC}") = "DrawerDismissEffect.UWP", "DrawerDismissEffect\UWP\DrawerDismissEffect.UWP.csproj", "{39A593BB-20AA-49D0-A951-0DD8AD6AF0F6}"
EndProject
Project("{FAE04EC0-301F-11D3-BF4B-00C04F79EFBC}") = "DrawerDismissEffect.Portable", "DrawerDismissEffect\Portable\DrawerDismissEffect.Portable.csproj", "{28005126-13DF-4894-92DB-FABD87975205}"
EndProject
Global
	GlobalSection(SolutionConfigurationPlatforms) = preSolution
		Ad-Hoc|Any CPU = Ad-Hoc|Any CPU
		Ad-Hoc|ARM = Ad-Hoc|ARM
		Ad-Hoc|iPhone = Ad-Hoc|iPhone
		Ad-Hoc|iPhoneSimulator = Ad-Hoc|iPhoneSimulator
		Ad-Hoc|x64 = Ad-Hoc|x64
		Ad-Hoc|x86 = Ad-Hoc|x86
		AppStore|Any CPU = AppStore|Any CPU
		AppStore|ARM = AppStore|ARM
		AppStore|iPhone = AppStore|iPhone
		AppStore|iPhoneSimulator = AppStore|iPhoneSimulator
		AppStore|x64 = AppStore|x64
		AppStore|x86 = AppStore|x86
		Debug|Any CPU = Debug|Any CPU
		Debug|ARM = Debug|ARM
		Debug|iPhone = Debug|iPhone
		Debug|iPhoneSimulator = Debug|iPhoneSimulator
		Debug|x64 = Debug|x64
		Debug|x86 = Debug|x86
		Release|Any CPU = Release|Any CPU
		Release|ARM = Release|ARM
		Release|iPhone = Release|iPhone
		Release|iPhoneSimulator = Release|iPhoneSimulator
		Release|x64 = Release|x64
		Release|x86 = Release|x86
	EndGlobalSection
	GlobalSection(ProjectConfigurationPlatforms) = postSolution
		{A54AC14E-713E-45D1-8785-BEAA44066E51}.Ad-Hoc|Any CPU.ActiveCfg = Release|Any CPU
		{A54AC14E-713E-45D1-8785-BEAA44066E51}.Ad-Hoc|Any CPU.Build.0 = Release|Any CPU
		{A54AC14E-713E-45D1-8785-BEAA44066E51}.Ad-Hoc|Any CPU.Deploy.0 = Release|Any CPU
		{A54AC14E-713E-45D1-8785-BEAA44066E51}.Ad-Hoc|ARM.ActiveCfg = Release|Any CPU
		{A54AC14E-713E-45D1-8785-BEAA44066E51}.Ad-Hoc|ARM.Build.0 = Release|Any CPU
		{A54AC14E-713E-45D1-8785-BEAA44066E51}.Ad-Hoc|ARM.Deploy.0 = Release|Any CPU
		{A54AC14E-713E-45D1-8785-BEAA44066E51}.Ad-Hoc|iPhone.ActiveCfg = Release|Any CPU
		{A54AC14E-713E-45D1-8785-BEAA44066E51}.Ad-Hoc|iPhone.Build.0 = Release|Any CPU
		{A54AC14E-713E-45D1-8785-BEAA44066E51}.Ad-Hoc|iPhone.Deploy.0 = Release|Any CPU
		{A54AC14E-713E-45D1-8785-BEAA44066E51}.Ad-Hoc|iPhoneSimulator.ActiveCfg = Release|Any CPU
		{A54AC14E-713E-45D1-8785-BEAA44066E51}.Ad-Hoc|iPhoneSimulator.Build.0 = Release|Any CPU
		{A54AC14E-713E-45D1-8785-BEAA44066E51}.Ad-Hoc|iPhoneSimulator.Deploy.0 = Release|Any CPU
		{A54AC14E-713E-45D1-8785-BEAA44066E51}.Ad-Hoc|x64.ActiveCfg = Release|Any CPU
		{A54AC14E-713E-45D1-8785-BEAA44066E51}.Ad-Hoc|x64.Build.0 = Release|Any CPU
		{A54AC14E-713E-45D1-8785-BEAA44066E51}.Ad-Hoc|x64.Deploy.0 = Release|Any CPU
		{A54AC14E-713E-45D1-8785-BEAA44066E51}.Ad-Hoc|x86.ActiveCfg = Release|Any CPU
		{A54AC14E-713E-45D1-8785-BEAA44066E51}.Ad-Hoc|x86.Build.0 = Release|Any CPU
		{A54AC14E-713E-45D1-8785-BEAA44066E51}.Ad-Hoc|x86.Deploy.0 = Release|Any CPU
		{A54AC14E-713E-45D1-8785-BEAA44066E51}.AppStore|Any CPU.ActiveCfg = Release|Any CPU
		{A54AC14E-713E-45D1-8785-BEAA44066E51}.AppStore|Any CPU.Build.0 = Release|Any CPU
		{A54AC14E-713E-45D1-8785-BEAA44066E51}.AppStore|Any CPU.Deploy.0 = Release|Any CPU
		{A54AC14E-713E-45D1-8785-BEAA44066E51}.AppStore|ARM.ActiveCfg = Release|Any CPU
		{A54AC14E-713E-45D1-8785-BEAA44066E51}.AppStore|ARM.Build.0 = Release|Any CPU
		{A54AC14E-713E-45D1-8785-BEAA44066E51}.AppStore|ARM.Deploy.0 = Release|Any CPU
		{A54AC14E-713E-45D1-8785-BEAA44066E51}.AppStore|iPhone.ActiveCfg = Release|Any CPU
		{A54AC14E-713E-45D1-8785-BEAA44066E51}.AppStore|iPhone.Build.0 = Release|Any CPU
		{A54AC14E-713E-45D1-8785-BEAA44066E51}.AppStore|iPhone.Deploy.0 = Release|Any CPU
		{A54AC14E-713E-45D1-8785-BEAA44066E51}.AppStore|iPhoneSimulator.ActiveCfg = Release|Any CPU
		{A54AC14E-713E-45D1-8785-BEAA44066E51}.AppStore|iPhoneSimulator.Build.0 = Release|Any CPU
		{A54AC14E-713E-45D1-8785-BEAA44066E51}.AppStore|iPhoneSimulator.Deploy.0 = Release|Any CPU
		{A54AC14E-713E-45D1-8785-BEAA44066E51}.AppStore|x64.ActiveCfg = Release|Any CPU
		{A54AC14E-713E-45D1-8785-BEAA44066E51}.AppStore|x64.Build.0 = Release|Any CPU
		{A54AC14E-713E-45D1-8785-BEAA44066E51}.AppStore|x64.Deploy.0 = Release|Any CPU
		{A54AC14E-713E-45D1-8785-BEAA44066E51}.AppStore|x86.ActiveCfg = Release|Any CPU
		{A54AC14E-713E-45D1-8785-BEAA44066E51}.AppStore|x86.Build.0 = Release|Any CPU
		{A54AC14E-713E-45D1-8785-BEAA44066E51}.AppStore|x86.Deploy.0 = Release|Any CPU
		{A54AC14E-713E-45D1-8785-BEAA44066E51}.Debug|Any CPU.ActiveCfg = Debug|Any CPU
		{A54AC14E-713E-45D1-8785-BEAA44066E51}.Debug|Any CPU.Build.0 = Debug|Any CPU
		{A54AC14E-713E-45D1-8785-BEAA44066E51}.Debug|Any CPU.Deploy.0 = Debug|Any CPU
		{A54AC14E-713E-45D1-8785-BEAA44066E51}.Debug|ARM.ActiveCfg = Debug|Any CPU
		{A54AC14E-713E-45D1-8785-BEAA44066E51}.Debug|ARM.Build.0 = Debug|Any CPU
		{A54AC14E-713E-45D1-8785-BEAA44066E51}.Debug|ARM.Deploy.0 = Debug|Any CPU
		{A54AC14E-713E-45D1-8785-BEAA44066E51}.Debug|iPhone.ActiveCfg = Debug|Any CPU
		{A54AC14E-713E-45D1-8785-BEAA44066E51}.Debug|iPhone.Build.0 = Debug|Any CPU
		{A54AC14E-713E-45D1-8785-BEAA44066E51}.Debug|iPhone.Deploy.0 = Debug|Any CPU
		{A54AC14E-713E-45D1-8785-BEAA44066E51}.Debug|iPhoneSimulator.ActiveCfg = Debug|Any CPU
		{A54AC14E-713E-45D1-8785-BEAA44066E51}.Debug|iPhoneSimulator.Build.0 = Debug|Any CPU
		{A54AC14E-713E-45D1-8785-BEAA44066E51}.Debug|iPhoneSimulator.Deploy.0 = Debug|Any CPU
		{A54AC14E-713E-45D1-8785-BEAA44066E51}.Debug|x64.ActiveCfg = Debug|Any CPU
		{A54AC14E-713E-45D1-8785-BEAA44066E51}.Debug|x64.Build.0 = Debug|Any CPU
		{A54AC14E-713E-45D1-8785-BEAA44066E51}.Debug|x64.Deploy.0 = Debug|Any CPU
		{A54AC14E-713E-45D1-8785-BEAA44066E51}.Debug|x86.ActiveCfg = Debug|Any CPU
		{A54AC14E-713E-45D1-8785-BEAA44066E51}.Debug|x86.Build.0 = Debug|Any CPU
		{A54AC14E-713E-45D1-8785-BEAA44066E51}.Debug|x86.Deploy.0 = Debug|Any CPU
		{A54AC14E-713E-45D1-8785-BEAA44066E51}.Release|Any CPU.ActiveCfg = Release|Any CPU
		{A54AC14E-713E-45D1-8785-BEAA44066E51}.Release|Any CPU.Build.0 = Release|Any CPU
		{A54AC14E-713E-45D1-8785-BEAA44066E51}.Release|Any CPU.Deploy.0 = Release|Any CPU
		{A54AC14E-713E-45D1-8785-BEAA44066E51}.Release|ARM.ActiveCfg = Release|Any CPU
		{A54AC14E-713E-45D1-8785-BEAA44066E51}.Release|ARM.Build.0 = Release|Any CPU
		{A54AC14E-713E-45D1-8785-BEAA44066E51}.Release|ARM.Deploy.0 = Release|Any CPU
		{A54AC14E-713E-45D1-8785-BEAA44066E51}.Release|iPhone.ActiveCfg = Release|Any CPU
		{A54AC14E-713E-45D1-8785-BEAA44066E51}.Release|iPhone.Build.0 = Release|Any CPU
		{A54AC14E-713E-45D1-8785-BEAA44066E51}.Release|iPhone.Deploy.0 = Release|Any CPU
		{A54AC14E-713E-45D1-8785-BEAA44066E51}.Release|iPhoneSimulator.ActiveCfg = Release|Any CPU
		{A54AC14E-713E-45D1-8785-BEAA44066E51}.Release|iPhoneSimulator.Build.0 = Release|Any CPU
		{A54AC14E-713E-45D1-8785-BEAA44066E51}.Release|iPhoneSimulator.Deploy.0 = Release|Any CPU
		{A54AC14E-713E-45D1-8785-BEAA44066E51}.Release|x64.ActiveCfg = Release|Any CPU
		{A54AC14E-713E-45D1-8785-BEAA44066E51}.Release|x64.Build.0 = Release|Any CPU
		{A54AC14E-713E-45D1-8785-BEAA44066E51}.Release|x64.Deploy.0 = Release|Any CPU
		{A54AC14E-713E-45D1-8785-BEAA44066E51}.Release|x86.ActiveCfg = Release|Any CPU
		{A54AC14E-713E-45D1-8785-BEAA44066E51}.Release|x86.Build.0 = Release|Any CPU
		{A54AC14E-713E-45D1-8785-BEAA44066E51}.Release|x86.Deploy.0 = Release|Any CPU
		{9972B6FB-B294-42F6-946E-70DF89919125}.Ad-Hoc|Any CPU.ActiveCfg = Ad-Hoc|iPhone
		{9972B6FB-B294-42F6-946E-70DF89919125}.Ad-Hoc|ARM.ActiveCfg = Ad-Hoc|iPhone
		{9972B6FB-B294-42F6-946E-70DF89919125}.Ad-Hoc|iPhone.ActiveCfg = Ad-Hoc|iPhone
		{9972B6FB-B294-42F6-946E-70DF89919125}.Ad-Hoc|iPhone.Build.0 = Ad-Hoc|iPhone
		{9972B6FB-B294-42F6-946E-70DF89919125}.Ad-Hoc|iPhoneSimulator.ActiveCfg = Ad-Hoc|iPhoneSimulator
		{9972B6FB-B294-42F6-946E-70DF89919125}.Ad-Hoc|iPhoneSimulator.Build.0 = Ad-Hoc|iPhoneSimulator
		{9972B6FB-B294-42F6-946E-70DF89919125}.Ad-Hoc|x64.ActiveCfg = Ad-Hoc|iPhone
		{9972B6FB-B294-42F6-946E-70DF89919125}.Ad-Hoc|x86.ActiveCfg = Ad-Hoc|iPhone
		{9972B6FB-B294-42F6-946E-70DF89919125}.AppStore|Any CPU.ActiveCfg = AppStore|iPhone
		{9972B6FB-B294-42F6-946E-70DF89919125}.AppStore|ARM.ActiveCfg = AppStore|iPhone
		{9972B6FB-B294-42F6-946E-70DF89919125}.AppStore|iPhone.ActiveCfg = AppStore|iPhone
		{9972B6FB-B294-42F6-946E-70DF89919125}.AppStore|iPhone.Build.0 = AppStore|iPhone
		{9972B6FB-B294-42F6-946E-70DF89919125}.AppStore|iPhoneSimulator.ActiveCfg = AppStore|iPhoneSimulator
		{9972B6FB-B294-42F6-946E-70DF89919125}.AppStore|iPhoneSimulator.Build.0 = AppStore|iPhoneSimulator
		{9972B6FB-B294-42F6-946E-70DF89919125}.AppStore|x64.ActiveCfg = AppStore|iPhone
		{9972B6FB-B294-42F6-946E-70DF89919125}.AppStore|x86.ActiveCfg = AppStore|iPhone
		{9972B6FB-B294-42F6-946E-70DF89919125}.Debug|Any CPU.ActiveCfg = Debug|iPhone
		{9972B6FB-B294-42F6-946E-70DF89919125}.Debug|ARM.ActiveCfg = Debug|iPhone
		{9972B6FB-B294-42F6-946E-70DF89919125}.Debug|iPhone.ActiveCfg = Debug|iPhone
		{9972B6FB-B294-42F6-946E-70DF89919125}.Debug|iPhone.Build.0 = Debug|iPhone
		{9972B6FB-B294-42F6-946E-70DF89919125}.Debug|iPhoneSimulator.ActiveCfg = Debug|iPhoneSimulator
		{9972B6FB-B294-42F6-946E-70DF89919125}.Debug|iPhoneSimulator.Build.0 = Debug|iPhoneSimulator
		{9972B6FB-B294-42F6-946E-70DF89919125}.Debug|x64.ActiveCfg = Debug|iPhone
		{9972B6FB-B294-42F6-946E-70DF89919125}.Debug|x86.ActiveCfg = Debug|iPhone
		{9972B6FB-B294-42F6-946E-70DF89919125}.Release|Any CPU.ActiveCfg = Release|iPhone
		{9972B6FB-B294-42F6-946E-70DF89919125}.Release|ARM.ActiveCfg = Release|iPhone
		{9972B6FB-B294-42F6-946E-70DF89919125}.Release|iPhone.ActiveCfg = Release|iPhone
		{9972B6FB-B294-42F6-946E-70DF89919125}.Release|iPhone.Build.0 = Release|iPhone
		{9972B6FB-B294-42F6-946E-70DF89919125}.Release|iPhoneSimulator.ActiveCfg = Release|iPhoneSimulator
		{9972B6FB-B294-42F6-946E-70DF89919125}.Release|iPhoneSimulator.Build.0 = Release|iPhoneSimulator
		{9972B6FB-B294-42F6-946E-70DF89919125}.Release|x64.ActiveCfg = Release|iPhone
		{9972B6FB-B294-42F6-946E-70DF89919125}.Release|x86.ActiveCfg = Release|iPhone
		{39A593BB-20AA-49D0-A951-0DD8AD6AF0F6}.Ad-Hoc|Any CPU.ActiveCfg = Release|x86
		{39A593BB-20AA-49D0-A951-0DD8AD6AF0F6}.Ad-Hoc|Any CPU.Build.0 = Release|x86
		{39A593BB-20AA-49D0-A951-0DD8AD6AF0F6}.Ad-Hoc|Any CPU.Deploy.0 = Release|x86
		{39A593BB-20AA-49D0-A951-0DD8AD6AF0F6}.Ad-Hoc|ARM.ActiveCfg = Release|ARM
		{39A593BB-20AA-49D0-A951-0DD8AD6AF0F6}.Ad-Hoc|ARM.Build.0 = Release|ARM
		{39A593BB-20AA-49D0-A951-0DD8AD6AF0F6}.Ad-Hoc|ARM.Deploy.0 = Release|ARM
		{39A593BB-20AA-49D0-A951-0DD8AD6AF0F6}.Ad-Hoc|iPhone.ActiveCfg = Release|x86
		{39A593BB-20AA-49D0-A951-0DD8AD6AF0F6}.Ad-Hoc|iPhone.Build.0 = Release|x86
		{39A593BB-20AA-49D0-A951-0DD8AD6AF0F6}.Ad-Hoc|iPhone.Deploy.0 = Release|x86
		{39A593BB-20AA-49D0-A951-0DD8AD6AF0F6}.Ad-Hoc|iPhoneSimulator.ActiveCfg = Release|x86
		{39A593BB-20AA-49D0-A951-0DD8AD6AF0F6}.Ad-Hoc|iPhoneSimulator.Build.0 = Release|x86
		{39A593BB-20AA-49D0-A951-0DD8AD6AF0F6}.Ad-Hoc|iPhoneSimulator.Deploy.0 = Release|x86
		{39A593BB-20AA-49D0-A951-0DD8AD6AF0F6}.Ad-Hoc|x64.ActiveCfg = Release|x64
		{39A593BB-20AA-49D0-A951-0DD8AD6AF0F6}.Ad-Hoc|x64.Build.0 = Release|x64
		{39A593BB-20AA-49D0-A951-0DD8AD6AF0F6}.Ad-Hoc|x64.Deploy.0 = Release|x64
		{39A593BB-20AA-49D0-A951-0DD8AD6AF0F6}.Ad-Hoc|x86.ActiveCfg = Release|x86
		{39A593BB-20AA-49D0-A951-0DD8AD6AF0F6}.Ad-Hoc|x86.Build.0 = Release|x86
		{39A593BB-20AA-49D0-A951-0DD8AD6AF0F6}.Ad-Hoc|x86.Deploy.0 = Release|x86
		{39A593BB-20AA-49D0-A951-0DD8AD6AF0F6}.AppStore|Any CPU.ActiveCfg = Release|x86
		{39A593BB-20AA-49D0-A951-0DD8AD6AF0F6}.AppStore|Any CPU.Build.0 = Release|x86
		{39A593BB-20AA-49D0-A951-0DD8AD6AF0F6}.AppStore|Any CPU.Deploy.0 = Release|x86
		{39A593BB-20AA-49D0-A951-0DD8AD6AF0F6}.AppStore|ARM.ActiveCfg = Release|ARM
		{39A593BB-20AA-49D0-A951-0DD8AD6AF0F6}.AppStore|ARM.Build.0 = Release|ARM
		{39A593BB-20AA-49D0-A951-0DD8AD6AF0F6}.AppStore|ARM.Deploy.0 = Release|ARM
		{39A593BB-20AA-49D0-A951-0DD8AD6AF0F6}.AppStore|iPhone.ActiveCfg = Release|x86
		{39A593BB-20AA-49D0-A951-0DD8AD6AF0F6}.AppStore|iPhone.Build.0 = Release|x86
		{39A593BB-20AA-49D0-A951-0DD8AD6AF0F6}.AppStore|iPhone.Deploy.0 = Release|x86
		{39A593BB-20AA-49D0-A951-0DD8AD6AF0F6}.AppStore|iPhoneSimulator.ActiveCfg = Release|x86
		{39A593BB-20AA-49D0-A951-0DD8AD6AF0F6}.AppStore|iPhoneSimulator.Build.0 = Release|x86
		{39A593BB-20AA-49D0-A951-0DD8AD6AF0F6}.AppStore|iPhoneSimulator.Deploy.0 = Release|x86
		{39A593BB-20AA-49D0-A951-0DD8AD6AF0F6}.AppStore|x64.ActiveCfg = Release|x64
		{39A593BB-20AA-49D0-A951-0DD8AD6AF0F6}.AppStore|x64.Build.0 = Release|x64
		{39A593BB-20AA-49D0-A951-0DD8AD6AF0F6}.AppStore|x64.Deploy.0 = Release|x64
		{39A593BB-20AA-49D0-A951-0DD8AD6AF0F6}.AppStore|x86.ActiveCfg = Release|x86
		{39A593BB-20AA-49D0-A951-0DD8AD6AF0F6}.AppStore|x86.Build.0 = Release|x86
		{39A593BB-20AA-49D0-A951-0DD8AD6AF0F6}.AppStore|x86.Deploy.0 = Release|x86
		{39A593BB-20AA-49D0-A951-0DD8AD6AF0F6}.Debug|Any CPU.ActiveCfg = Debug|x86
		{39A593BB-20AA-49D0-A951-0DD8AD6AF0F6}.Debug|ARM.ActiveCfg = Debug|ARM
		{39A593BB-20AA-49D0-A951-0DD8AD6AF0F6}.Debug|ARM.Build.0 = Debug|ARM
		{39A593BB-20AA-49D0-A951-0DD8AD6AF0F6}.Debug|ARM.Deploy.0 = Debug|ARM
		{39A593BB-20AA-49D0-A951-0DD8AD6AF0F6}.Debug|iPhone.ActiveCfg = Debug|x86
		{39A593BB-20AA-49D0-A951-0DD8AD6AF0F6}.Debug|iPhoneSimulator.ActiveCfg = Debug|x86
		{39A593BB-20AA-49D0-A951-0DD8AD6AF0F6}.Debug|x64.ActiveCfg = Debug|x64
		{39A593BB-20AA-49D0-A951-0DD8AD6AF0F6}.Debug|x64.Build.0 = Debug|x64
		{39A593BB-20AA-49D0-A951-0DD8AD6AF0F6}.Debug|x64.Deploy.0 = Debug|x64
		{39A593BB-20AA-49D0-A951-0DD8AD6AF0F6}.Debug|x86.ActiveCfg = Debug|x86
		{39A593BB-20AA-49D0-A951-0DD8AD6AF0F6}.Debug|x86.Build.0 = Debug|x86
		{39A593BB-20AA-49D0-A951-0DD8AD6AF0F6}.Debug|x86.Deploy.0 = Debug|x86
		{39A593BB-20AA-49D0-A951-0DD8AD6AF0F6}.Release|Any CPU.ActiveCfg = Release|x86
		{39A593BB-20AA-49D0-A951-0DD8AD6AF0F6}.Release|ARM.ActiveCfg = Release|ARM
		{39A593BB-20AA-49D0-A951-0DD8AD6AF0F6}.Release|ARM.Build.0 = Release|ARM
		{39A593BB-20AA-49D0-A951-0DD8AD6AF0F6}.Release|ARM.Deploy.0 = Release|ARM
		{39A593BB-20AA-49D0-A951-0DD8AD6AF0F6}.Release|iPhone.ActiveCfg = Release|x86
		{39A593BB-20AA-49D0-A951-0DD8AD6AF0F6}.Release|iPhoneSimulator.ActiveCfg = Release|x86
		{39A593BB-20AA-49D0-A951-0DD8AD6AF0F6}.Release|x64.ActiveCfg = Release|x64
		{39A593BB-20AA-49D0-A951-0DD8AD6AF0F6}.Release|x64.Build.0 = Release|x64
		{39A593BB-20AA-49D0-A951-0DD8AD6AF0F6}.Release|x64.Deploy.0 = Release|x64
		{39A593BB-20AA-49D0-A951-0DD8AD6AF0F6}.Release|x86.ActiveCfg = Release|x86
		{39A593BB-20AA-49D0-A951-0DD8AD6AF0F6}.Release|x86.Build.0 = Release|x86
		{39A593BB-20AA-49D0-A951-0DD8AD6AF0F6}.Release|x86.Deploy.0 = Release|x86
		{28005126-13DF-4894-92DB-FABD87975205}.Ad-Hoc|Any CPU.ActiveCfg = Debug|Any CPU
		{28005126-13DF-4894-92DB-FABD87975205}.Ad-Hoc|Any CPU.Build.0 = Debug|Any CPU
		{28005126-13DF-4894-92DB-FABD87975205}.Ad-Hoc|ARM.ActiveCfg = Debug|Any CPU
		{28005126-13DF-4894-92DB-FABD87975205}.Ad-Hoc|ARM.Build.0 = Debug|Any CPU
		{28005126-13DF-4894-92DB-FABD87975205}.Ad-Hoc|iPhone.ActiveCfg = Debug|Any CPU
		{28005126-13DF-4894-92DB-FABD87975205}.Ad-Hoc|iPhone.Build.0 = Debug|Any CPU
		{28005126-13DF-4894-92DB-FABD87975205}.Ad-Hoc|iPhoneSimulator.ActiveCfg = Debug|Any CPU
		{28005126-13DF-4894-92DB-FABD87975205}.Ad-Hoc|iPhoneSimulator.Build.0 = Debug|Any CPU
		{28005126-13DF-4894-92DB-FABD87975205}.Ad-Hoc|x64.ActiveCfg = Debug|Any CPU
		{28005126-13DF-4894-92DB-FABD87975205}.Ad-Hoc|x64.Build.0 = Debug|Any CPU
		{28005126-13DF-4894-92DB-FABD87975205}.Ad-Hoc|x86.ActiveCfg = Debug|Any CPU
		{28005126-13DF-4894-92DB-FABD87975205}.Ad-Hoc|x86.Build.0 = Debug|Any CPU
		{28005126-13DF-4894-92DB-FABD87975205}.AppStore|Any CPU.ActiveCfg = Debug|Any CPU
		{28005126-13DF-4894-92DB-FABD87975205}.AppStore|Any CPU.Build.0 = Debug|Any CPU
		{28005126-13DF-4894-92DB-FABD87975205}.AppStore|ARM.ActiveCfg = Debug|Any CPU
		{28005126-13DF-4894-92DB-FABD87975205}.AppStore|ARM.Build.0 = Debug|Any CPU
		{28005126-13DF-4894-92DB-FABD87975205}.AppStore|iPhone.ActiveCfg = Debug|Any CPU
		{28005126-13DF-4894-92DB-FABD87975205}.AppStore|iPhone.Build.0 = Debug|Any CPU
		{28005126-13DF-4894-92DB-FABD87975205}.AppStore|iPhoneSimulator.ActiveCfg = Debug|Any CPU
		{28005126-13DF-4894-92DB-FABD87975205}.AppStore|iPhoneSimulator.Build.0 = Debug|Any CPU
		{28005126-13DF-4894-92DB-FABD87975205}.AppStore|x64.ActiveCfg = Debug|Any CPU
		{28005126-13DF-4894-92DB-FABD87975205}.AppStore|x64.Build.0 = Debug|Any CPU
		{28005126-13DF-4894-92DB-FABD87975205}.AppStore|x86.ActiveCfg = Debug|Any CPU
		{28005126-13DF-4894-92DB-FABD87975205}.AppStore|x86.Build.0 = Debug|Any CPU
		{28005126-13DF-4894-92DB-FABD87975205}.Debug|Any CPU.ActiveCfg = Debug|Any CPU
		{28005126-13DF-4894-92DB-FABD87975205}.Debug|Any CPU.Build.0 = Debug|Any CPU
		{28005126-13DF-4894-92DB-FABD87975205}.Debug|ARM.ActiveCfg = Debug|Any CPU
		{28005126-13DF-4894-92DB-FABD87975205}.Debug|ARM.Build.0 = Debug|Any CPU
		{28005126-13DF-4894-92DB-FABD87975205}.Debug|iPhone.ActiveCfg = Debug|Any CPU
		{28005126-13DF-4894-92DB-FABD87975205}.Debug|iPhone.Build.0 = Debug|Any CPU
		{28005126-13DF-4894-92DB-FABD87975205}.Debug|iPhoneSimulator.ActiveCfg = Debug|Any CPU
		{28005126-13DF-4894-92DB-FABD87975205}.Debug|iPhoneSimulator.Build.0 = Debug|Any CPU
		{28005126-13DF-4894-92DB-FABD87975205}.Debug|x64.ActiveCfg = Debug|Any CPU
		{28005126-13DF-4894-92DB-FABD87975205}.Debug|x64.Build.0 = Debug|Any CPU
		{28005126-13DF-4894-92DB-FABD87975205}.Debug|x86.ActiveCfg = Debug|Any CPU
		{28005126-13DF-4894-92DB-FABD87975205}.Debug|x86.Build.0 = Debug|Any CPU
		{28005126-13DF-4894-92DB-FABD87975205}.Release|Any CPU.ActiveCfg = Release|Any CPU
		{28005126-13DF-4894-92DB-FABD87975205}.Release|Any CPU.Build.0 = Release|Any CPU
		{28005126-13DF-4894-92DB-FABD87975205}.Release|ARM.ActiveCfg = Release|Any CPU
		{28005126-13DF-4894-92DB-FABD87975205}.Release|ARM.Build.0 = Release|Any CPU
		{28005126-13DF-4894-92DB-FABD87975205}.Release|iPhone.ActiveCfg = Release|Any CPU
		{28005126-13DF-4894-92DB-FABD87975205}.Release|iPhone.Build.0 = Release|Any CPU
		{28005126-13DF-4894-92DB-FABD87975205}.Release|iPhoneSimulator.ActiveCfg = Release|Any CPU
		{28005126-13DF-4894-92DB-FABD87975205}.Release|iPhoneSimulator.Build.0 = Release|Any CPU
		{28005126-13DF-4894-92DB-FABD87975205}.Release|x64.ActiveCfg = Release|Any CPU
		{28005126-13DF-4894-92DB-FABD87975205}.Release|x64.Build.0 = Release|Any CPU
		{28005126-13DF-4894-92DB-FABD87975205}.Release|x86.ActiveCfg = Release|Any CPU
		{28005126-13DF-4894-92DB-FABD87975205}.Release|x86.Build.0 = Release|Any CPU
	EndGlobalSection
	GlobalSection(SolutionProperties) = preSolution
		HideSolutionNode = FALSE
	EndGlobalSection
	GlobalSection(ExtensibilityGlobals) = postSolution
		SolutionGuid = {D5A111E4-F748-4A71-ACF3-239E67EF26BD}
	EndGlobalSection
EndGlobal
