
Microsoft Visual Studio Solution File, Format Version 12.00
# Visual Studio 15
VisualStudioVersion = 15.0.27703.2042
MinimumVisualStudioVersion = 10.0.40219.1
Project("{FAE04EC0-301F-11D3-BF4B-00C04F79EFBC}") = "RangeSelectionTest.Android", "RangeSelectionTest\Android\RangeSelectionTest.Android.csproj", "{6C553B7B-651D-42AD-87EA-9C631041CC4F}"
EndProject
Project("{FAE04EC0-301F-11D3-BF4B-00C04F79EFBC}") = "RangeSelectionTest.iOS", "RangeSelectionTest\iOS\RangeSelectionTest.iOS.csproj", "{DD0FE71C-540C-4D91-9BF9-A258B8F943B0}"
EndProject
Project("{FAE04EC0-301F-11D3-BF4B-00C04F79EFBC}") = "RangeSelectionTest.UWP", "RangeSelectionTest\UWP\RangeSelectionTest.UWP.csproj", "{904342E8-64D9-4157-B21A-652B77F17422}"
EndProject
Project("{FAE04EC0-301F-11D3-BF4B-00C04F79EFBC}") = "RangeSelectionTest.Portable", "RangeSelectionTest\Portable\RangeSelectionTest.Portable.csproj", "{9FE7CC02-1EE3-47F6-9C1E-3B8E6A0004BA}"
EndProject
Global
	GlobalSection(SolutionConfigurationPlatforms) = preSolution
		Ad-Hoc|Any CPU = Ad-Hoc|Any CPU
		Ad-Hoc|ARM = Ad-Hoc|ARM
		Ad-Hoc|iPhone = Ad-Hoc|iPhone
		Ad-Hoc|iPhoneSimulator = Ad-Hoc|iPhoneSimulator
		Ad-Hoc|x64 = Ad-Hoc|x64
		Ad-Hoc|x86 = Ad-Hoc|x86
		AppStore|Any CPU = AppStore|Any CPU
		AppStore|ARM = AppStore|ARM
		AppStore|iPhone = AppStore|iPhone
		AppStore|iPhoneSimulator = AppStore|iPhoneSimulator
		AppStore|x64 = AppStore|x64
		AppStore|x86 = AppStore|x86
		Debug|Any CPU = Debug|Any CPU
		Debug|ARM = Debug|ARM
		Debug|iPhone = Debug|iPhone
		Debug|iPhoneSimulator = Debug|iPhoneSimulator
		Debug|x64 = Debug|x64
		Debug|x86 = Debug|x86
		Release|Any CPU = Release|Any CPU
		Release|ARM = Release|ARM
		Release|iPhone = Release|iPhone
		Release|iPhoneSimulator = Release|iPhoneSimulator
		Release|x64 = Release|x64
		Release|x86 = Release|x86
	EndGlobalSection
	GlobalSection(ProjectConfigurationPlatforms) = postSolution
		{6C553B7B-651D-42AD-87EA-9C631041CC4F}.Ad-Hoc|Any CPU.ActiveCfg = Release|Any CPU
		{6C553B7B-651D-42AD-87EA-9C631041CC4F}.Ad-Hoc|Any CPU.Build.0 = Release|Any CPU
		{6C553B7B-651D-42AD-87EA-9C631041CC4F}.Ad-Hoc|Any CPU.Deploy.0 = Release|Any CPU
		{6C553B7B-651D-42AD-87EA-9C631041CC4F}.Ad-Hoc|ARM.ActiveCfg = Release|Any CPU
		{6C553B7B-651D-42AD-87EA-9C631041CC4F}.Ad-Hoc|ARM.Build.0 = Release|Any CPU
		{6C553B7B-651D-42AD-87EA-9C631041CC4F}.Ad-Hoc|ARM.Deploy.0 = Release|Any CPU
		{6C553B7B-651D-42AD-87EA-9C631041CC4F}.Ad-Hoc|iPhone.ActiveCfg = Release|Any CPU
		{6C553B7B-651D-42AD-87EA-9C631041CC4F}.Ad-Hoc|iPhone.Build.0 = Release|Any CPU
		{6C553B7B-651D-42AD-87EA-9C631041CC4F}.Ad-Hoc|iPhone.Deploy.0 = Release|Any CPU
		{6C553B7B-651D-42AD-87EA-9C631041CC4F}.Ad-Hoc|iPhoneSimulator.ActiveCfg = Release|Any CPU
		{6C553B7B-651D-42AD-87EA-9C631041CC4F}.Ad-Hoc|iPhoneSimulator.Build.0 = Release|Any CPU
		{6C553B7B-651D-42AD-87EA-9C631041CC4F}.Ad-Hoc|iPhoneSimulator.Deploy.0 = Release|Any CPU
		{6C553B7B-651D-42AD-87EA-9C631041CC4F}.Ad-Hoc|x64.ActiveCfg = Release|Any CPU
		{6C553B7B-651D-42AD-87EA-9C631041CC4F}.Ad-Hoc|x64.Build.0 = Release|Any CPU
		{6C553B7B-651D-42AD-87EA-9C631041CC4F}.Ad-Hoc|x64.Deploy.0 = Release|Any CPU
		{6C553B7B-651D-42AD-87EA-9C631041CC4F}.Ad-Hoc|x86.ActiveCfg = Release|Any CPU
		{6C553B7B-651D-42AD-87EA-9C631041CC4F}.Ad-Hoc|x86.Build.0 = Release|Any CPU
		{6C553B7B-651D-42AD-87EA-9C631041CC4F}.Ad-Hoc|x86.Deploy.0 = Release|Any CPU
		{6C553B7B-651D-42AD-87EA-9C631041CC4F}.AppStore|Any CPU.ActiveCfg = Release|Any CPU
		{6C553B7B-651D-42AD-87EA-9C631041CC4F}.AppStore|Any CPU.Build.0 = Release|Any CPU
		{6C553B7B-651D-42AD-87EA-9C631041CC4F}.AppStore|Any CPU.Deploy.0 = Release|Any CPU
		{6C553B7B-651D-42AD-87EA-9C631041CC4F}.AppStore|ARM.ActiveCfg = Release|Any CPU
		{6C553B7B-651D-42AD-87EA-9C631041CC4F}.AppStore|ARM.Build.0 = Release|Any CPU
		{6C553B7B-651D-42AD-87EA-9C631041CC4F}.AppStore|ARM.Deploy.0 = Release|Any CPU
		{6C553B7B-651D-42AD-87EA-9C631041CC4F}.AppStore|iPhone.ActiveCfg = Release|Any CPU
		{6C553B7B-651D-42AD-87EA-9C631041CC4F}.AppStore|iPhone.Build.0 = Release|Any CPU
		{6C553B7B-651D-42AD-87EA-9C631041CC4F}.AppStore|iPhone.Deploy.0 = Release|Any CPU
		{6C553B7B-651D-42AD-87EA-9C631041CC4F}.AppStore|iPhoneSimulator.ActiveCfg = Release|Any CPU
		{6C553B7B-651D-42AD-87EA-9C631041CC4F}.AppStore|iPhoneSimulator.Build.0 = Release|Any CPU
		{6C553B7B-651D-42AD-87EA-9C631041CC4F}.AppStore|iPhoneSimulator.Deploy.0 = Release|Any CPU
		{6C553B7B-651D-42AD-87EA-9C631041CC4F}.AppStore|x64.ActiveCfg = Release|Any CPU
		{6C553B7B-651D-42AD-87EA-9C631041CC4F}.AppStore|x64.Build.0 = Release|Any CPU
		{6C553B7B-651D-42AD-87EA-9C631041CC4F}.AppStore|x64.Deploy.0 = Release|Any CPU
		{6C553B7B-651D-42AD-87EA-9C631041CC4F}.AppStore|x86.ActiveCfg = Release|Any CPU
		{6C553B7B-651D-42AD-87EA-9C631041CC4F}.AppStore|x86.Build.0 = Release|Any CPU
		{6C553B7B-651D-42AD-87EA-9C631041CC4F}.AppStore|x86.Deploy.0 = Release|Any CPU
		{6C553B7B-651D-42AD-87EA-9C631041CC4F}.Debug|Any CPU.ActiveCfg = Debug|Any CPU
		{6C553B7B-651D-42AD-87EA-9C631041CC4F}.Debug|Any CPU.Build.0 = Debug|Any CPU
		{6C553B7B-651D-42AD-87EA-9C631041CC4F}.Debug|Any CPU.Deploy.0 = Debug|Any CPU
		{6C553B7B-651D-42AD-87EA-9C631041CC4F}.Debug|ARM.ActiveCfg = Debug|Any CPU
		{6C553B7B-651D-42AD-87EA-9C631041CC4F}.Debug|ARM.Build.0 = Debug|Any CPU
		{6C553B7B-651D-42AD-87EA-9C631041CC4F}.Debug|ARM.Deploy.0 = Debug|Any CPU
		{6C553B7B-651D-42AD-87EA-9C631041CC4F}.Debug|iPhone.ActiveCfg = Debug|Any CPU
		{6C553B7B-651D-42AD-87EA-9C631041CC4F}.Debug|iPhone.Build.0 = Debug|Any CPU
		{6C553B7B-651D-42AD-87EA-9C631041CC4F}.Debug|iPhone.Deploy.0 = Debug|Any CPU
		{6C553B7B-651D-42AD-87EA-9C631041CC4F}.Debug|iPhoneSimulator.ActiveCfg = Debug|Any CPU
		{6C553B7B-651D-42AD-87EA-9C631041CC4F}.Debug|iPhoneSimulator.Build.0 = Debug|Any CPU
		{6C553B7B-651D-42AD-87EA-9C631041CC4F}.Debug|iPhoneSimulator.Deploy.0 = Debug|Any CPU
		{6C553B7B-651D-42AD-87EA-9C631041CC4F}.Debug|x64.ActiveCfg = Debug|Any CPU
		{6C553B7B-651D-42AD-87EA-9C631041CC4F}.Debug|x64.Build.0 = Debug|Any CPU
		{6C553B7B-651D-42AD-87EA-9C631041CC4F}.Debug|x64.Deploy.0 = Debug|Any CPU
		{6C553B7B-651D-42AD-87EA-9C631041CC4F}.Debug|x86.ActiveCfg = Debug|Any CPU
		{6C553B7B-651D-42AD-87EA-9C631041CC4F}.Debug|x86.Build.0 = Debug|Any CPU
		{6C553B7B-651D-42AD-87EA-9C631041CC4F}.Debug|x86.Deploy.0 = Debug|Any CPU
		{6C553B7B-651D-42AD-87EA-9C631041CC4F}.Release|Any CPU.ActiveCfg = Release|Any CPU
		{6C553B7B-651D-42AD-87EA-9C631041CC4F}.Release|Any CPU.Build.0 = Release|Any CPU
		{6C553B7B-651D-42AD-87EA-9C631041CC4F}.Release|Any CPU.Deploy.0 = Release|Any CPU
		{6C553B7B-651D-42AD-87EA-9C631041CC4F}.Release|ARM.ActiveCfg = Release|Any CPU
		{6C553B7B-651D-42AD-87EA-9C631041CC4F}.Release|ARM.Build.0 = Release|Any CPU
		{6C553B7B-651D-42AD-87EA-9C631041CC4F}.Release|ARM.Deploy.0 = Release|Any CPU
		{6C553B7B-651D-42AD-87EA-9C631041CC4F}.Release|iPhone.ActiveCfg = Release|Any CPU
		{6C553B7B-651D-42AD-87EA-9C631041CC4F}.Release|iPhone.Build.0 = Release|Any CPU
		{6C553B7B-651D-42AD-87EA-9C631041CC4F}.Release|iPhone.Deploy.0 = Release|Any CPU
		{6C553B7B-651D-42AD-87EA-9C631041CC4F}.Release|iPhoneSimulator.ActiveCfg = Release|Any CPU
		{6C553B7B-651D-42AD-87EA-9C631041CC4F}.Release|iPhoneSimulator.Build.0 = Release|Any CPU
		{6C553B7B-651D-42AD-87EA-9C631041CC4F}.Release|iPhoneSimulator.Deploy.0 = Release|Any CPU
		{6C553B7B-651D-42AD-87EA-9C631041CC4F}.Release|x64.ActiveCfg = Release|Any CPU
		{6C553B7B-651D-42AD-87EA-9C631041CC4F}.Release|x64.Build.0 = Release|Any CPU
		{6C553B7B-651D-42AD-87EA-9C631041CC4F}.Release|x64.Deploy.0 = Release|Any CPU
		{6C553B7B-651D-42AD-87EA-9C631041CC4F}.Release|x86.ActiveCfg = Release|Any CPU
		{6C553B7B-651D-42AD-87EA-9C631041CC4F}.Release|x86.Build.0 = Release|Any CPU
		{6C553B7B-651D-42AD-87EA-9C631041CC4F}.Release|x86.Deploy.0 = Release|Any CPU
		{DD0FE71C-540C-4D91-9BF9-A258B8F943B0}.Ad-Hoc|Any CPU.ActiveCfg = Ad-Hoc|iPhone
		{DD0FE71C-540C-4D91-9BF9-A258B8F943B0}.Ad-Hoc|ARM.ActiveCfg = Ad-Hoc|iPhone
		{DD0FE71C-540C-4D91-9BF9-A258B8F943B0}.Ad-Hoc|iPhone.ActiveCfg = Ad-Hoc|iPhone
		{DD0FE71C-540C-4D91-9BF9-A258B8F943B0}.Ad-Hoc|iPhone.Build.0 = Ad-Hoc|iPhone
		{DD0FE71C-540C-4D91-9BF9-A258B8F943B0}.Ad-Hoc|iPhoneSimulator.ActiveCfg = Ad-Hoc|iPhoneSimulator
		{DD0FE71C-540C-4D91-9BF9-A258B8F943B0}.Ad-Hoc|iPhoneSimulator.Build.0 = Ad-Hoc|iPhoneSimulator
		{DD0FE71C-540C-4D91-9BF9-A258B8F943B0}.Ad-Hoc|x64.ActiveCfg = Ad-Hoc|iPhone
		{DD0FE71C-540C-4D91-9BF9-A258B8F943B0}.Ad-Hoc|x86.ActiveCfg = Ad-Hoc|iPhone
		{DD0FE71C-540C-4D91-9BF9-A258B8F943B0}.AppStore|Any CPU.ActiveCfg = AppStore|iPhone
		{DD0FE71C-540C-4D91-9BF9-A258B8F943B0}.AppStore|ARM.ActiveCfg = AppStore|iPhone
		{DD0FE71C-540C-4D91-9BF9-A258B8F943B0}.AppStore|iPhone.ActiveCfg = AppStore|iPhone
		{DD0FE71C-540C-4D91-9BF9-A258B8F943B0}.AppStore|iPhone.Build.0 = AppStore|iPhone
		{DD0FE71C-540C-4D91-9BF9-A258B8F943B0}.AppStore|iPhoneSimulator.ActiveCfg = AppStore|iPhoneSimulator
		{DD0FE71C-540C-4D91-9BF9-A258B8F943B0}.AppStore|iPhoneSimulator.Build.0 = AppStore|iPhoneSimulator
		{DD0FE71C-540C-4D91-9BF9-A258B8F943B0}.AppStore|x64.ActiveCfg = AppStore|iPhone
		{DD0FE71C-540C-4D91-9BF9-A258B8F943B0}.AppStore|x86.ActiveCfg = AppStore|iPhone
		{DD0FE71C-540C-4D91-9BF9-A258B8F943B0}.Debug|Any CPU.ActiveCfg = Debug|iPhone
		{DD0FE71C-540C-4D91-9BF9-A258B8F943B0}.Debug|ARM.ActiveCfg = Debug|iPhone
		{DD0FE71C-540C-4D91-9BF9-A258B8F943B0}.Debug|iPhone.ActiveCfg = Debug|iPhone
		{DD0FE71C-540C-4D91-9BF9-A258B8F943B0}.Debug|iPhone.Build.0 = Debug|iPhone
		{DD0FE71C-540C-4D91-9BF9-A258B8F943B0}.Debug|iPhoneSimulator.ActiveCfg = Debug|iPhoneSimulator
		{DD0FE71C-540C-4D91-9BF9-A258B8F943B0}.Debug|iPhoneSimulator.Build.0 = Debug|iPhoneSimulator
		{DD0FE71C-540C-4D91-9BF9-A258B8F943B0}.Debug|x64.ActiveCfg = Debug|iPhone
		{DD0FE71C-540C-4D91-9BF9-A258B8F943B0}.Debug|x86.ActiveCfg = Debug|iPhone
		{DD0FE71C-540C-4D91-9BF9-A258B8F943B0}.Release|Any CPU.ActiveCfg = Release|iPhone
		{DD0FE71C-540C-4D91-9BF9-A258B8F943B0}.Release|ARM.ActiveCfg = Release|iPhone
		{DD0FE71C-540C-4D91-9BF9-A258B8F943B0}.Release|iPhone.ActiveCfg = Release|iPhone
		{DD0FE71C-540C-4D91-9BF9-A258B8F943B0}.Release|iPhone.Build.0 = Release|iPhone
		{DD0FE71C-540C-4D91-9BF9-A258B8F943B0}.Release|iPhoneSimulator.ActiveCfg = Release|iPhoneSimulator
		{DD0FE71C-540C-4D91-9BF9-A258B8F943B0}.Release|iPhoneSimulator.Build.0 = Release|iPhoneSimulator
		{DD0FE71C-540C-4D91-9BF9-A258B8F943B0}.Release|x64.ActiveCfg = Release|iPhone
		{DD0FE71C-540C-4D91-9BF9-A258B8F943B0}.Release|x86.ActiveCfg = Release|iPhone
		{904342E8-64D9-4157-B21A-652B77F17422}.Ad-Hoc|Any CPU.ActiveCfg = Release|x86
		{904342E8-64D9-4157-B21A-652B77F17422}.Ad-Hoc|Any CPU.Build.0 = Release|x86
		{904342E8-64D9-4157-B21A-652B77F17422}.Ad-Hoc|Any CPU.Deploy.0 = Release|x86
		{904342E8-64D9-4157-B21A-652B77F17422}.Ad-Hoc|ARM.ActiveCfg = Release|ARM
		{904342E8-64D9-4157-B21A-652B77F17422}.Ad-Hoc|ARM.Build.0 = Release|ARM
		{904342E8-64D9-4157-B21A-652B77F17422}.Ad-Hoc|ARM.Deploy.0 = Release|ARM
		{904342E8-64D9-4157-B21A-652B77F17422}.Ad-Hoc|iPhone.ActiveCfg = Release|x86
		{904342E8-64D9-4157-B21A-652B77F17422}.Ad-Hoc|iPhone.Build.0 = Release|x86
		{904342E8-64D9-4157-B21A-652B77F17422}.Ad-Hoc|iPhone.Deploy.0 = Release|x86
		{904342E8-64D9-4157-B21A-652B77F17422}.Ad-Hoc|iPhoneSimulator.ActiveCfg = Release|x86
		{904342E8-64D9-4157-B21A-652B77F17422}.Ad-Hoc|iPhoneSimulator.Build.0 = Release|x86
		{904342E8-64D9-4157-B21A-652B77F17422}.Ad-Hoc|iPhoneSimulator.Deploy.0 = Release|x86
		{904342E8-64D9-4157-B21A-652B77F17422}.Ad-Hoc|x64.ActiveCfg = Release|x64
		{904342E8-64D9-4157-B21A-652B77F17422}.Ad-Hoc|x64.Build.0 = Release|x64
		{904342E8-64D9-4157-B21A-652B77F17422}.Ad-Hoc|x64.Deploy.0 = Release|x64
		{904342E8-64D9-4157-B21A-652B77F17422}.Ad-Hoc|x86.ActiveCfg = Release|x86
		{904342E8-64D9-4157-B21A-652B77F17422}.Ad-Hoc|x86.Build.0 = Release|x86
		{904342E8-64D9-4157-B21A-652B77F17422}.Ad-Hoc|x86.Deploy.0 = Release|x86
		{904342E8-64D9-4157-B21A-652B77F17422}.AppStore|Any CPU.ActiveCfg = Release|x86
		{904342E8-64D9-4157-B21A-652B77F17422}.AppStore|Any CPU.Build.0 = Release|x86
		{904342E8-64D9-4157-B21A-652B77F17422}.AppStore|Any CPU.Deploy.0 = Release|x86
		{904342E8-64D9-4157-B21A-652B77F17422}.AppStore|ARM.ActiveCfg = Release|ARM
		{904342E8-64D9-4157-B21A-652B77F17422}.AppStore|ARM.Build.0 = Release|ARM
		{904342E8-64D9-4157-B21A-652B77F17422}.AppStore|ARM.Deploy.0 = Release|ARM
		{904342E8-64D9-4157-B21A-652B77F17422}.AppStore|iPhone.ActiveCfg = Release|x86
		{904342E8-64D9-4157-B21A-652B77F17422}.AppStore|iPhone.Build.0 = Release|x86
		{904342E8-64D9-4157-B21A-652B77F17422}.AppStore|iPhone.Deploy.0 = Release|x86
		{904342E8-64D9-4157-B21A-652B77F17422}.AppStore|iPhoneSimulator.ActiveCfg = Release|x86
		{904342E8-64D9-4157-B21A-652B77F17422}.AppStore|iPhoneSimulator.Build.0 = Release|x86
		{904342E8-64D9-4157-B21A-652B77F17422}.AppStore|iPhoneSimulator.Deploy.0 = Release|x86
		{904342E8-64D9-4157-B21A-652B77F17422}.AppStore|x64.ActiveCfg = Release|x64
		{904342E8-64D9-4157-B21A-652B77F17422}.AppStore|x64.Build.0 = Release|x64
		{904342E8-64D9-4157-B21A-652B77F17422}.AppStore|x64.Deploy.0 = Release|x64
		{904342E8-64D9-4157-B21A-652B77F17422}.AppStore|x86.ActiveCfg = Release|x86
		{904342E8-64D9-4157-B21A-652B77F17422}.AppStore|x86.Build.0 = Release|x86
		{904342E8-64D9-4157-B21A-652B77F17422}.AppStore|x86.Deploy.0 = Release|x86
		{904342E8-64D9-4157-B21A-652B77F17422}.Debug|Any CPU.ActiveCfg = Debug|x86
		{904342E8-64D9-4157-B21A-652B77F17422}.Debug|ARM.ActiveCfg = Debug|ARM
		{904342E8-64D9-4157-B21A-652B77F17422}.Debug|ARM.Build.0 = Debug|ARM
		{904342E8-64D9-4157-B21A-652B77F17422}.Debug|ARM.Deploy.0 = Debug|ARM
		{904342E8-64D9-4157-B21A-652B77F17422}.Debug|iPhone.ActiveCfg = Debug|x86
		{904342E8-64D9-4157-B21A-652B77F17422}.Debug|iPhoneSimulator.ActiveCfg = Debug|x86
		{904342E8-64D9-4157-B21A-652B77F17422}.Debug|x64.ActiveCfg = Debug|x64
		{904342E8-64D9-4157-B21A-652B77F17422}.Debug|x64.Build.0 = Debug|x64
		{904342E8-64D9-4157-B21A-652B77F17422}.Debug|x64.Deploy.0 = Debug|x64
		{904342E8-64D9-4157-B21A-652B77F17422}.Debug|x86.ActiveCfg = Debug|x86
		{904342E8-64D9-4157-B21A-652B77F17422}.Debug|x86.Build.0 = Debug|x86
		{904342E8-64D9-4157-B21A-652B77F17422}.Debug|x86.Deploy.0 = Debug|x86
		{904342E8-64D9-4157-B21A-652B77F17422}.Release|Any CPU.ActiveCfg = Release|x86
		{904342E8-64D9-4157-B21A-652B77F17422}.Release|ARM.ActiveCfg = Release|ARM
		{904342E8-64D9-4157-B21A-652B77F17422}.Release|ARM.Build.0 = Release|ARM
		{904342E8-64D9-4157-B21A-652B77F17422}.Release|ARM.Deploy.0 = Release|ARM
		{904342E8-64D9-4157-B21A-652B77F17422}.Release|iPhone.ActiveCfg = Release|x86
		{904342E8-64D9-4157-B21A-652B77F17422}.Release|iPhoneSimulator.ActiveCfg = Release|x86
		{904342E8-64D9-4157-B21A-652B77F17422}.Release|x64.ActiveCfg = Release|x64
		{904342E8-64D9-4157-B21A-652B77F17422}.Release|x64.Build.0 = Release|x64
		{904342E8-64D9-4157-B21A-652B77F17422}.Release|x64.Deploy.0 = Release|x64
		{904342E8-64D9-4157-B21A-652B77F17422}.Release|x86.ActiveCfg = Release|x86
		{904342E8-64D9-4157-B21A-652B77F17422}.Release|x86.Build.0 = Release|x86
		{904342E8-64D9-4157-B21A-652B77F17422}.Release|x86.Deploy.0 = Release|x86
		{9FE7CC02-1EE3-47F6-9C1E-3B8E6A0004BA}.Ad-Hoc|Any CPU.ActiveCfg = Debug|Any CPU
		{9FE7CC02-1EE3-47F6-9C1E-3B8E6A0004BA}.Ad-Hoc|Any CPU.Build.0 = Debug|Any CPU
		{9FE7CC02-1EE3-47F6-9C1E-3B8E6A0004BA}.Ad-Hoc|ARM.ActiveCfg = Debug|Any CPU
		{9FE7CC02-1EE3-47F6-9C1E-3B8E6A0004BA}.Ad-Hoc|ARM.Build.0 = Debug|Any CPU
		{9FE7CC02-1EE3-47F6-9C1E-3B8E6A0004BA}.Ad-Hoc|iPhone.ActiveCfg = Debug|Any CPU
		{9FE7CC02-1EE3-47F6-9C1E-3B8E6A0004BA}.Ad-Hoc|iPhone.Build.0 = Debug|Any CPU
		{9FE7CC02-1EE3-47F6-9C1E-3B8E6A0004BA}.Ad-Hoc|iPhoneSimulator.ActiveCfg = Debug|Any CPU
		{9FE7CC02-1EE3-47F6-9C1E-3B8E6A0004BA}.Ad-Hoc|iPhoneSimulator.Build.0 = Debug|Any CPU
		{9FE7CC02-1EE3-47F6-9C1E-3B8E6A0004BA}.Ad-Hoc|x64.ActiveCfg = Debug|Any CPU
		{9FE7CC02-1EE3-47F6-9C1E-3B8E6A0004BA}.Ad-Hoc|x64.Build.0 = Debug|Any CPU
		{9FE7CC02-1EE3-47F6-9C1E-3B8E6A0004BA}.Ad-Hoc|x86.ActiveCfg = Debug|Any CPU
		{9FE7CC02-1EE3-47F6-9C1E-3B8E6A0004BA}.Ad-Hoc|x86.Build.0 = Debug|Any CPU
		{9FE7CC02-1EE3-47F6-9C1E-3B8E6A0004BA}.AppStore|Any CPU.ActiveCfg = Debug|Any CPU
		{9FE7CC02-1EE3-47F6-9C1E-3B8E6A0004BA}.AppStore|Any CPU.Build.0 = Debug|Any CPU
		{9FE7CC02-1EE3-47F6-9C1E-3B8E6A0004BA}.AppStore|ARM.ActiveCfg = Debug|Any CPU
		{9FE7CC02-1EE3-47F6-9C1E-3B8E6A0004BA}.AppStore|ARM.Build.0 = Debug|Any CPU
		{9FE7CC02-1EE3-47F6-9C1E-3B8E6A0004BA}.AppStore|iPhone.ActiveCfg = Debug|Any CPU
		{9FE7CC02-1EE3-47F6-9C1E-3B8E6A0004BA}.AppStore|iPhone.Build.0 = Debug|Any CPU
		{9FE7CC02-1EE3-47F6-9C1E-3B8E6A0004BA}.AppStore|iPhoneSimulator.ActiveCfg = Debug|Any CPU
		{9FE7CC02-1EE3-47F6-9C1E-3B8E6A0004BA}.AppStore|iPhoneSimulator.Build.0 = Debug|Any CPU
		{9FE7CC02-1EE3-47F6-9C1E-3B8E6A0004BA}.AppStore|x64.ActiveCfg = Debug|Any CPU
		{9FE7CC02-1EE3-47F6-9C1E-3B8E6A0004BA}.AppStore|x64.Build.0 = Debug|Any CPU
		{9FE7CC02-1EE3-47F6-9C1E-3B8E6A0004BA}.AppStore|x86.ActiveCfg = Debug|Any CPU
		{9FE7CC02-1EE3-47F6-9C1E-3B8E6A0004BA}.AppStore|x86.Build.0 = Debug|Any CPU
		{9FE7CC02-1EE3-47F6-9C1E-3B8E6A0004BA}.Debug|Any CPU.ActiveCfg = Debug|Any CPU
		{9FE7CC02-1EE3-47F6-9C1E-3B8E6A0004BA}.Debug|Any CPU.Build.0 = Debug|Any CPU
		{9FE7CC02-1EE3-47F6-9C1E-3B8E6A0004BA}.Debug|ARM.ActiveCfg = Debug|Any CPU
		{9FE7CC02-1EE3-47F6-9C1E-3B8E6A0004BA}.Debug|ARM.Build.0 = Debug|Any CPU
		{9FE7CC02-1EE3-47F6-9C1E-3B8E6A0004BA}.Debug|iPhone.ActiveCfg = Debug|Any CPU
		{9FE7CC02-1EE3-47F6-9C1E-3B8E6A0004BA}.Debug|iPhone.Build.0 = Debug|Any CPU
		{9FE7CC02-1EE3-47F6-9C1E-3B8E6A0004BA}.Debug|iPhoneSimulator.ActiveCfg = Debug|Any CPU
		{9FE7CC02-1EE3-47F6-9C1E-3B8E6A0004BA}.Debug|iPhoneSimulator.Build.0 = Debug|Any CPU
		{9FE7CC02-1EE3-47F6-9C1E-3B8E6A0004BA}.Debug|x64.ActiveCfg = Debug|Any CPU
		{9FE7CC02-1EE3-47F6-9C1E-3B8E6A0004BA}.Debug|x64.Build.0 = Debug|Any CPU
		{9FE7CC02-1EE3-47F6-9C1E-3B8E6A0004BA}.Debug|x86.ActiveCfg = Debug|Any CPU
		{9FE7CC02-1EE3-47F6-9C1E-3B8E6A0004BA}.Debug|x86.Build.0 = Debug|Any CPU
		{9FE7CC02-1EE3-47F6-9C1E-3B8E6A0004BA}.Release|Any CPU.ActiveCfg = Release|Any CPU
		{9FE7CC02-1EE3-47F6-9C1E-3B8E6A0004BA}.Release|Any CPU.Build.0 = Release|Any CPU
		{9FE7CC02-1EE3-47F6-9C1E-3B8E6A0004BA}.Release|ARM.ActiveCfg = Release|Any CPU
		{9FE7CC02-1EE3-47F6-9C1E-3B8E6A0004BA}.Release|ARM.Build.0 = Release|Any CPU
		{9FE7CC02-1EE3-47F6-9C1E-3B8E6A0004BA}.Release|iPhone.ActiveCfg = Release|Any CPU
		{9FE7CC02-1EE3-47F6-9C1E-3B8E6A0004BA}.Release|iPhone.Build.0 = Release|Any CPU
		{9FE7CC02-1EE3-47F6-9C1E-3B8E6A0004BA}.Release|iPhoneSimulator.ActiveCfg = Release|Any CPU
		{9FE7CC02-1EE3-47F6-9C1E-3B8E6A0004BA}.Release|iPhoneSimulator.Build.0 = Release|Any CPU
		{9FE7CC02-1EE3-47F6-9C1E-3B8E6A0004BA}.Release|x64.ActiveCfg = Release|Any CPU
		{9FE7CC02-1EE3-47F6-9C1E-3B8E6A0004BA}.Release|x64.Build.0 = Release|Any CPU
		{9FE7CC02-1EE3-47F6-9C1E-3B8E6A0004BA}.Release|x86.ActiveCfg = Release|Any CPU
		{9FE7CC02-1EE3-47F6-9C1E-3B8E6A0004BA}.Release|x86.Build.0 = Release|Any CPU
	EndGlobalSection
	GlobalSection(SolutionProperties) = preSolution
		HideSolutionNode = FALSE
	EndGlobalSection
	GlobalSection(ExtensibilityGlobals) = postSolution
		SolutionGuid = {C6D09CD3-85C6-4740-8D74-8F3AD4CA9B1C}
	EndGlobalSection
EndGlobal
